C:\Projects\SimpleIdServer\samples\ProtectAPIFromUndesirableUsers\src\ProtectAPIFromUndesirableUsers.OpenId\DefaultConfiguration.cs.pp$yxbM7i5m1SsQCZQYa5OODJxOEdDDMDNvkBTeNJUIPnw=;C:\Projects\SimpleIdServer\samples\ProtectAPIFromUndesirableUsers\src\ProtectAPIFromUndesirableUsers.OpenId\Startup.cs.pp$F+lTRNEvuQHVdS96yL+0ZHOXLvfZ1Vq9SVokzecBFas=;C:\Projects\SimpleIdServer\samples\ProtectAPIFromUndesirableUsers\src\ProtectAPIFromUndesirableUsers.OpenId\Views\Accounts\Index.cshtml.pp$UXiQy4bDC6hXHu5EZIgemEqShd9Vrs6s1WyCPrH0Zqk=;C:\Projects\SimpleIdServer\samples\ProtectAPIFromUndesirableUsers\src\ProtectAPIFromUndesirableUsers.OpenId\Views\CheckSession\EndSession.cshtml.pp$4bbughUPZkig1BRV3+rFIvM7Xtn4yJ4pDEdvdv7XN/k=;C:\Projects\SimpleIdServer\samples\ProtectAPIFromUndesirableUsers\src\ProtectAPIFromUndesirableUsers.OpenId\Views\Consents\Index.cshtml.pp$wWncdDc7Ac0eIaeRFpZzE+G9LGP4gKUtTlU71kVJ63w=;C:\Projects\SimpleIdServer\samples\ProtectAPIFromUndesirableUsers\src\ProtectAPIFromUndesirableUsers.OpenId\Views\Errors\Index.cshtml.pp$GX+r1N/UxBhSeEnOp40lOE/rq6FDAZN/A0bx2Pk3S8c=;C:\Projects\SimpleIdServer\samples\ProtectAPIFromUndesirableUsers\src\ProtectAPIFromUndesirableUsers.OpenId\Views\Home\Index.cshtml.pp$hxKzYjtHESzMV17MZmXsukgvKOGoY0EfX/YlbodTKAM=;C:\Projects\SimpleIdServer\samples\ProtectAPIFromUndesirableUsers\src\ProtectAPIFromUndesirableUsers.OpenId\Views\Shared\_Layout.cshtml.pp$SsWABfW0caHhCjnICDk/IQp8M5Dv6StT4bsXuCVOXx8=;C:\Projects\SimpleIdServer\samples\ProtectAPIFromUndesirableUsers\src\ProtectAPIFromUndesirableUsers.OpenId\Areas\pwd\Views\Authenticate\Index.cshtml.pp$TDUgYWyE/uuTZqbV8wUfKqZJgajSdcAjHukivAPObYQ=;C:\Projects\SimpleIdServer\SimpleIdServer\samples\ProtectAPIFromUndesirableUsers\src\ProtectAPIFromUndesirableUsers.OpenId\DefaultConfiguration.cs.pp$NnFi0CeG0Zv/eG75TUB55R2vJLg08RKETG17tWl9yyk=;C:\Projects\SimpleIdServer\SimpleIdServer\samples\ProtectAPIFromUndesirableUsers\src\ProtectAPIFromUndesirableUsers.OpenId\Startup.cs.pp$SlhoEBkPvnqQNtmMvqDmFUJ+u1fg1ccgOoBJ26TehZM=;C:\Projects\SimpleIdServer\SimpleIdServer\samples\ProtectAPIFromUndesirableUsers\src\ProtectAPIFromUndesirableUsers.OpenId\Areas\pwd\Views\Authenticate\Index.cshtml.pp$ZsR5ftYizuuHC5/Z5PHZW9+7cAkGOO18OFo1JbX3hb0=;C:\Projects\SimpleIdServer\SimpleIdServer\samples\ProtectAPIFromUndesirableUsers\src\ProtectAPIFromUndesirableUsers.OpenId\Views\Accounts\Index.cshtml.pp$MvUXIr1o4H0joT+cgFajH73n+qynFzpjCkMdTMmWSoI=;C:\Projects\SimpleIdServer\SimpleIdServer\samples\ProtectAPIFromUndesirableUsers\src\ProtectAPIFromUndesirableUsers.OpenId\Views\CheckSession\EndSession.cshtml.pp$7Z3WrlJG5kmaeyK3mwTcF5/Dyq5smW11ErnEXKSdeDE=;C:\Projects\SimpleIdServer\SimpleIdServer\samples\ProtectAPIFromUndesirableUsers\src\ProtectAPIFromUndesirableUsers.OpenId\Views\Consents\Index.cshtml.pp$QlNjZVl3KRDhw9LGOQ+5ilqwLOhYOQvy+LEHQQ4P4+o=;C:\Projects\SimpleIdServer\SimpleIdServer\samples\ProtectAPIFromUndesirableUsers\src\ProtectAPIFromUndesirableUsers.OpenId\Views\Errors\Index.cshtml.pp$O8DOTOuAVVu4XVGy8D6IXeOXOyPcmLAeG/HRFkEp1zo=;C:\Projects\SimpleIdServer\SimpleIdServer\samples\ProtectAPIFromUndesirableUsers\src\ProtectAPIFromUndesirableUsers.OpenId\Views\Home\Index.cshtml.pp$tRj4RCI4g/LUO1+Tuip/fgzukeY+uyfXqSahtbII7jg=;C:\Projects\SimpleIdServer\SimpleIdServer\samples\ProtectAPIFromUndesirableUsers\src\ProtectAPIFromUndesirableUsers.OpenId\Views\Shared\_Layout.cshtml.pp$p8PtXt+0qyuQzlBCw4/GXMeLOLaAKqhFPizkfKBjAmA=