$;C:\Projects\SimpleIdServer\samples\UseUMAToProtectAPI\src\UseUMAToProtectAPI.Uma\DefaultConfiguration.cs.pp$YCFFcw8ClUadC+8IC9jQ/BrKLDUkI2V9WQDblosUlGQ=;C:\Projects\SimpleIdServer\samples\UseUMAToProtectAPI\src\UseUMAToProtectAPI.Uma\Startup.cs.pp$iu2jGvxDYSzQJPqOWgTzu9pE5LoFup4FjqohY/HonjU=;C:\Projects\SimpleIdServer\samples\UseUMAToProtectAPI\src\UseUMAToProtectAPI.Uma\Views\Home\Index.cshtml.pp$KbBfDrF+e0fRHTijDvdMqexiBY+PU7tf53q4w/xnMog=;C:\Projects\SimpleIdServer\samples\UseUMAToProtectAPI\src\UseUMAToProtectAPI.Uma\Views\Requests\Index.cshtml.pp$14oNCE0tu07cv2gErqut5iyK9op3+OczpTi2Jy9ZzQM=;C:\Projects\SimpleIdServer\samples\UseUMAToProtectAPI\src\UseUMAToProtectAPI.Uma\Views\Requests\Received.cshtml.pp$/7MYB8MTyBT/itlXskC0F2YksPCnBkrO5j0JfkN2d8I=;C:\Projects\SimpleIdServer\samples\UseUMAToProtectAPI\src\UseUMAToProtectAPI.Uma\Views\Resources\Edit.cshtml.pp$WvWGhvkLjI5l8SiNiaRD8C1ChJlShqr1wDGInlTY+U0=;C:\Projects\SimpleIdServer\samples\UseUMAToProtectAPI\src\UseUMAToProtectAPI.Uma\Views\Resources\Index.cshtml.pp$+H7KbAGvyL7W5wNwrgpGDLnxO3ntWSr6CJN4IvAh3CM=;C:\Projects\SimpleIdServer\samples\UseUMAToProtectAPI\src\UseUMAToProtectAPI.Uma\Views\Shared\_Layout.cshtml.pp$OCGFM3ROTpZMV1ye+BI4NxSMtw/WwM/esGTvmpUv18w=;C:\Projects\SimpleIdServer\samples\UseUMAToProtectAPI\src\UseUMAToProtectAPI.Uma\DefaultConfiguration.cs.$EsVWxyiRSyNVpx9pvbruIuPz6kdEhuJKIwUseva/fJo=;C:\Projects\SimpleIdServer\samples\UseUMAToProtectAPI\src\UseUMAToProtectAPI.Uma\Startup.cs.$bJ7G1fKSDBmnGvqQOUMw1VdnwxJEQFEDasQxgKtHhUI=;C:\Projects\SimpleIdServer\samples\UseUMAToProtectAPI\src\UseUMAToProtectAPI.Uma\Views\Home\Index.cshtml.$KbBfDrF+e0fRHTijDvdMqexiBY+PU7tf53q4w/xnMog=;C:\Projects\SimpleIdServer\samples\UseUMAToProtectAPI\src\UseUMAToProtectAPI.Uma\Views\Requests\Index.cshtml.$14oNCE0tu07cv2gErqut5iyK9op3+OczpTi2Jy9ZzQM=;C:\Projects\SimpleIdServer\samples\UseUMAToProtectAPI\src\UseUMAToProtectAPI.Uma\Views\Requests\Received.cshtml.$/7MYB8MTyBT/itlXskC0F2YksPCnBkrO5j0JfkN2d8I=;C:\Projects\SimpleIdServer\samples\UseUMAToProtectAPI\src\UseUMAToProtectAPI.Uma\Views\Resources\Edit.cshtml.$WvWGhvkLjI5l8SiNiaRD8C1ChJlShqr1wDGInlTY+U0=;C:\Projects\SimpleIdServer\samples\UseUMAToProtectAPI\src\UseUMAToProtectAPI.Uma\Views\Resources\Index.cshtml.$+H7KbAGvyL7W5wNwrgpGDLnxO3ntWSr6CJN4IvAh3CM=;C:\Projects\SimpleIdServer\samples\UseUMAToProtectAPI\src\UseUMAToProtectAPI.Uma\Views\Shared\_Layout.cshtml.$OCGFM3ROTpZMV1ye+BI4NxSMtw/WwM/esGTvmpUv18w=