C:\Projects\SimpleIdServer\samples\UseUMAToProtectAPI\src\UseUMAToProtectAPI.Uma\Startup.cs.$Uf0LtooJHA73yo8aXKCs6jJorCe1nQptWBelzjFPeGM=;C:\Projects\SimpleIdServer\samples\UseUMAToProtectAPI\src\UseUMAToProtectAPI.Uma\Views\Home\Index.cshtml.$ZvYhgwbodAmBgLy1I2cOkj4xC4IgJdE0k8/ClEQvkLg=;C:\Projects\SimpleIdServer\samples\UseUMAToProtectAPI\src\UseUMAToProtectAPI.Uma\Views\Requests\Index.cshtml.$X/str+xYyLVGG48WCr0faBgSohEhQmGKerRC6JtO8Q0=;C:\Projects\SimpleIdServer\samples\UseUMAToProtectAPI\src\UseUMAToProtectAPI.Uma\Views\Requests\Received.cshtml.$ng7LbEMn7WqEzpxhW/JK4P5dv6KPa0U3vdxFLiBhL10=;C:\Projects\SimpleIdServer\samples\UseUMAToProtectAPI\src\UseUMAToProtectAPI.Uma\Views\Resources\Edit.cshtml.$zFtW26RFvJoi2uR0dvSUwfTBe7Wn9fim8BS8pfM5wQk=;C:\Projects\SimpleIdServer\samples\UseUMAToProtectAPI\src\UseUMAToProtectAPI.Uma\Views\Resources\Index.cshtml.$N3Da8LCdOYVYcYjzAD/l+mfkBrw+t61QqYHfK7tOJLw=;C:\Projects\SimpleIdServer\samples\UseUMAToProtectAPI\src\UseUMAToProtectAPI.Uma\Views\Shared\_Layout.cshtml.$QCRaaNHal8sfvPoPIQgYp3zB8xaLed7RCmrw3zy5nZU=;C:\Projects\SimpleIdServer\samples\UseUMAToProtectAPI\src\UseUMAToProtectAPI.Uma\DefaultConfiguration.cs.$EsVWxyiRSyNVpx9pvbruIuPz6kdEhuJKIwUseva/fJo=