$;C:\Projects\SimpleIdServer\samples\UseUMAToProtectAPI\src\UseUMAToProtectAPI.Uma\DefaultConfiguration.cs.pp$10YCcRFyg6MpPtZCDEJ9GY68W3RQKbAxdL2v9gHLhO0=;C:\Projects\SimpleIdServer\samples\UseUMAToProtectAPI\src\UseUMAToProtectAPI.Uma\Startup.cs.pp$haRNYGsASexyzrOeV6b5PZjU1Xw3MiBxLrwhN+Grdnw=;C:\Projects\SimpleIdServer\samples\UseUMAToProtectAPI\src\UseUMAToProtectAPI.Uma\Views\Home\Index.cshtml.pp$ZvYhgwbodAmBgLy1I2cOkj4xC4IgJdE0k8/ClEQvkLg=;C:\Projects\SimpleIdServer\samples\UseUMAToProtectAPI\src\UseUMAToProtectAPI.Uma\Views\Requests\Index.cshtml.pp$X/str+xYyLVGG48WCr0faBgSohEhQmGKerRC6JtO8Q0=;C:\Projects\SimpleIdServer\samples\UseUMAToProtectAPI\src\UseUMAToProtectAPI.Uma\Views\Requests\Received.cshtml.pp$ng7LbEMn7WqEzpxhW/JK4P5dv6KPa0U3vdxFLiBhL10=;C:\Projects\SimpleIdServer\samples\UseUMAToProtectAPI\src\UseUMAToProtectAPI.Uma\Views\Resources\Edit.cshtml.pp$zFtW26RFvJoi2uR0dvSUwfTBe7Wn9fim8BS8pfM5wQk=;C:\Projects\SimpleIdServer\samples\UseUMAToProtectAPI\src\UseUMAToProtectAPI.Uma\Views\Resources\Index.cshtml.pp$N3Da8LCdOYVYcYjzAD/l+mfkBrw+t61QqYHfK7tOJLw=;C:\Projects\SimpleIdServer\samples\UseUMAToProtectAPI\src\UseUMAToProtectAPI.Uma\Views\Shared\_Layout.cshtml.pp$QCRaaNHal8sfvPoPIQgYp3zB8xaLed7RCmrw3zy5nZU=;C:\Projects\SimpleIdServer\samples\UseUMAToProtectAPI\src\UseUMAToProtectAPI.Uma\DefaultConfiguration.cs.$EsVWxyiRSyNVpx9pvbruIuPz6kdEhuJKIwUseva/fJo=;C:\Projects\SimpleIdServer\samples\UseUMAToProtectAPI\src\UseUMAToProtectAPI.Uma\Startup.cs.$bJ7G1fKSDBmnGvqQOUMw1VdnwxJEQFEDasQxgKtHhUI=;C:\Projects\SimpleIdServer\samples\UseUMAToProtectAPI\src\UseUMAToProtectAPI.Uma\Views\Home\Index.cshtml.$KbBfDrF+e0fRHTijDvdMqexiBY+PU7tf53q4w/xnMog=;C:\Projects\SimpleIdServer\samples\UseUMAToProtectAPI\src\UseUMAToProtectAPI.Uma\Views\Requests\Index.cshtml.$14oNCE0tu07cv2gErqut5iyK9op3+OczpTi2Jy9ZzQM=;C:\Projects\SimpleIdServer\samples\UseUMAToProtectAPI\src\UseUMAToProtectAPI.Uma\Views\Requests\Received.cshtml.$/7MYB8MTyBT/itlXskC0F2YksPCnBkrO5j0JfkN2d8I=;C:\Projects\SimpleIdServer\samples\UseUMAToProtectAPI\src\UseUMAToProtectAPI.Uma\Views\Resources\Edit.cshtml.$WvWGhvkLjI5l8SiNiaRD8C1ChJlShqr1wDGInlTY+U0=;C:\Projects\SimpleIdServer\samples\UseUMAToProtectAPI\src\UseUMAToProtectAPI.Uma\Views\Resources\Index.cshtml.$+H7KbAGvyL7W5wNwrgpGDLnxO3ntWSr6CJN4IvAh3CM=;C:\Projects\SimpleIdServer\samples\UseUMAToProtectAPI\src\UseUMAToProtectAPI.Uma\Views\Shared\_Layout.cshtml.$OCGFM3ROTpZMV1ye+BI4NxSMtw/WwM/esGTvmpUv18w=