
Microsoft Visual Studio Solution File, Format Version 12.00
# Visual Studio Version 16
VisualStudioVersion = 16.0.29418.71
MinimumVisualStudioVersion = 10.0.40219.1
Project("{2150E333-8FDC-42A3-9474-1A3956D46DE8}") = "01. Startup Layer", "01. Startup Layer", "{C5717B29-F51F-406A-A398-D10054FCA9A3}"
EndProject
Project("{9A19103F-16F7-4668-BE54-9A1E7A4F7556}") = "CaseManagement.BPMN.Host", "src\CaseManagement\CaseManagement.BPMN.Host\CaseManagement.BPMN.Host.csproj", "{3A7DD6BF-B7FD-424A-BD39-502BFA36AD74}"
EndProject
Project("{9A19103F-16F7-4668-BE54-9A1E7A4F7556}") = "CaseManagement.HumanTask.Host", "src\CaseManagement\CaseManagement.HumanTask.Host\CaseManagement.HumanTask.Host.csproj", "{C98ADD46-8C3F-4E7B-84BB-474FEB53FB4D}"
EndProject
Global
	GlobalSection(SolutionConfigurationPlatforms) = preSolution
		Debug|Any CPU = Debug|Any CPU
		Release|Any CPU = Release|Any CPU
	EndGlobalSection
	GlobalSection(ProjectConfigurationPlatforms) = postSolution
		{3A7DD6BF-B7FD-424A-BD39-502BFA36AD74}.Debug|Any CPU.ActiveCfg = Debug|Any CPU
		{3A7DD6BF-B7FD-424A-BD39-502BFA36AD74}.Debug|Any CPU.Build.0 = Debug|Any CPU
		{3A7DD6BF-B7FD-424A-BD39-502BFA36AD74}.Release|Any CPU.ActiveCfg = Release|Any CPU
		{3A7DD6BF-B7FD-424A-BD39-502BFA36AD74}.Release|Any CPU.Build.0 = Release|Any CPU
		{C98ADD46-8C3F-4E7B-84BB-474FEB53FB4D}.Debug|Any CPU.ActiveCfg = Debug|Any CPU
		{C98ADD46-8C3F-4E7B-84BB-474FEB53FB4D}.Debug|Any CPU.Build.0 = Debug|Any CPU
		{C98ADD46-8C3F-4E7B-84BB-474FEB53FB4D}.Release|Any CPU.ActiveCfg = Release|Any CPU
		{C98ADD46-8C3F-4E7B-84BB-474FEB53FB4D}.Release|Any CPU.Build.0 = Release|Any CPU
	EndGlobalSection
	GlobalSection(SolutionProperties) = preSolution
		HideSolutionNode = FALSE
	EndGlobalSection
	GlobalSection(NestedProjects) = preSolution
		{3A7DD6BF-B7FD-424A-BD39-502BFA36AD74} = {C5717B29-F51F-406A-A398-D10054FCA9A3}
		{C98ADD46-8C3F-4E7B-84BB-474FEB53FB4D} = {C5717B29-F51F-406A-A398-D10054FCA9A3}
	EndGlobalSection
	GlobalSection(ExtensibilityGlobals) = postSolution
		SolutionGuid = {DFA051B4-EB1D-477A-B0E4-7C11EC4AAAD4}
	EndGlobalSection
EndGlobal
