
Microsoft Visual Studio Solution File, Format Version 12.00
# Visual Studio Version 16
VisualStudioVersion = 16.0.31019.35
MinimumVisualStudioVersion = 10.0.40219.1
Project("{9A19103F-16F7-4668-BE54-9A1E7A4F7556}") = "SimpleIdServer.Templates", "src\Templates\SimpleIdServer.Templates.csproj", "{9C86F161-135C-42C5-B65B-464ABFC88BD6}"
EndProject
Global
	GlobalSection(SolutionConfigurationPlatforms) = preSolution
		Debug|Any CPU = Debug|Any CPU
		Release|Any CPU = Release|Any CPU
	EndGlobalSection
	GlobalSection(ProjectConfigurationPlatforms) = postSolution
		{9C86F161-135C-42C5-B65B-464ABFC88BD6}.Debug|Any CPU.ActiveCfg = Debug|Any CPU
		{9C86F161-135C-42C5-B65B-464ABFC88BD6}.Debug|Any CPU.Build.0 = Debug|Any CPU
		{9C86F161-135C-42C5-B65B-464ABFC88BD6}.Release|Any CPU.ActiveCfg = Release|Any CPU
		{9C86F161-135C-42C5-B65B-464ABFC88BD6}.Release|Any CPU.Build.0 = Release|Any CPU
	EndGlobalSection
	GlobalSection(SolutionProperties) = preSolution
		HideSolutionNode = FALSE
	EndGlobalSection
	GlobalSection(ExtensibilityGlobals) = postSolution
		SolutionGuid = {3C22C9E1-480B-4EA4-895A-4E27C3AE1EB4}
	EndGlobalSection
EndGlobal
