
Microsoft Visual Studio Solution File, Format Version 12.00
# Visual Studio Version 16
VisualStudioVersion = 16.0.29503.13
MinimumVisualStudioVersion = 10.0.40219.1
Project("{2150E333-8FDC-42A3-9474-1A3956D46DE8}") = "04. Startup Layer", "04. Startup Layer", "{68306EFF-55D9-497B-9482-FEB81C485914}"
EndProject
Project("{2150E333-8FDC-42A3-9474-1A3956D46DE8}") = "01. Core Layer", "01. Core Layer", "{4796A22B-91A9-42AF-87CA-F69392696B0A}"
EndProject
Project("{9A19103F-16F7-4668-BE54-9A1E7A4F7556}") = "SimpleIdServer.Jwt", "src\OAuth\SimpleIdServer.Jwt\SimpleIdServer.Jwt.csproj", "{0AD6A1C2-CA06-4811-B66D-9011CC78E4CE}"
EndProject
Project("{9A19103F-16F7-4668-BE54-9A1E7A4F7556}") = "SimpleIdServer.OAuth.Startup", "src\OAuth\SimpleIdServer.OAuth.Startup\SimpleIdServer.OAuth.Startup.csproj", "{1FCE1C15-6706-4047-86B5-E4BCA8552687}"
EndProject
Project("{2150E333-8FDC-42A3-9474-1A3956D46DE8}") = "03. UI", "03. UI", "{21DEE52A-3A14-46CE-A9DE-C0C9F5E9E9D1}"
EndProject
Project("{9A19103F-16F7-4668-BE54-9A1E7A4F7556}") = "SimpleIdServer.UI.Authenticate.LoginPassword", "src\UI\SimpleIdServer.UI.Authenticate.LoginPassword\SimpleIdServer.UI.Authenticate.LoginPassword.csproj", "{3C3EA9D0-1631-4508-A48C-E05096557A03}"
EndProject
Project("{2150E333-8FDC-42A3-9474-1A3956D46DE8}") = "05. Testing Layer", "05. Testing Layer", "{033E4EF3-2FB5-450A-9B35-616D9B0D6EAA}"
EndProject
Project("{9A19103F-16F7-4668-BE54-9A1E7A4F7556}") = "SimpleIdServer.OpenID.Startup", "src\OpenID\SimpleIdServer.OpenID.Startup\SimpleIdServer.OpenID.Startup.csproj", "{42696AFD-6DFF-4360-B36D-7FAB6DE8ACEB}"
EndProject
Project("{9A19103F-16F7-4668-BE54-9A1E7A4F7556}") = "SimpleIdServer.OpenID.Host.Acceptance.Tests", "tests\SimpleIdServer.OpenID.Host.Acceptance.Tests\SimpleIdServer.OpenID.Host.Acceptance.Tests.csproj", "{3943A6A5-84A2-4086-A558-CDBB11910F76}"
EndProject
Project("{9A19103F-16F7-4668-BE54-9A1E7A4F7556}") = "SimpleIdServer.OAuth.Host.Acceptance.Tests", "tests\SimpleIdServer.OAuth.Host.Acceptance.Tests\SimpleIdServer.OAuth.Host.Acceptance.Tests.csproj", "{8C884225-D844-4686-84BA-2C9D2E81E503}"
EndProject
Project("{9A19103F-16F7-4668-BE54-9A1E7A4F7556}") = "SimpleIdServer.UI.Authenticate.Sms", "src\UI\SimpleIdServer.UI.Authenticate.Sms\SimpleIdServer.UI.Authenticate.Sms.csproj", "{C819B155-EF16-4544-AB52-510B8C242752}"
EndProject
Project("{9A19103F-16F7-4668-BE54-9A1E7A4F7556}") = "SimpleIdServer.OAuth", "src\OAuth\SimpleIdServer.OAuth\SimpleIdServer.OAuth.csproj", "{3C5630B4-E4A5-4D88-B415-C478305DEA60}"
EndProject
Project("{9A19103F-16F7-4668-BE54-9A1E7A4F7556}") = "SimpleIdServer.OpenID", "src\OpenID\SimpleIdServer.OpenID\SimpleIdServer.OpenID.csproj", "{0A8EC22B-112D-4D14-9208-E9D47433A4AD}"
EndProject
Project("{9A19103F-16F7-4668-BE54-9A1E7A4F7556}") = "SimpleIdServer.UI.Authenticate.LoginPassword.Bootstrap4", "src\UI\SimpleIdServer.UI.Authenticate.LoginPassword.Bootstrap4\SimpleIdServer.UI.Authenticate.LoginPassword.Bootstrap4.csproj", "{A6C88D0A-9BAD-4C1F-9124-BFD5C6268193}"
EndProject
Project("{9A19103F-16F7-4668-BE54-9A1E7A4F7556}") = "SimpleIdServer.OpenID.Bootstrap4", "src\OpenID\SimpleIdServer.OpenID.Bootstrap4\SimpleIdServer.OpenID.Bootstrap4.csproj", "{A48D4BDA-B3AF-479E-B399-05861C806816}"
EndProject
Project("{2150E333-8FDC-42A3-9474-1A3956D46DE8}") = "Solution Items", "Solution Items", "{4FDC2869-C584-4B40-B269-938630A72D03}"
	ProjectSection(SolutionItems) = preProject
		Directory.Build.props = Directory.Build.props
	EndProjectSection
EndProject
Project("{9A19103F-16F7-4668-BE54-9A1E7A4F7556}") = "SimpleIdServer.OpenID.Tests", "tests\SimpleIdServer.OpenID.Tests\SimpleIdServer.OpenID.Tests.csproj", "{F873763B-693B-438A-9FC5-5DB63FA4FB17}"
EndProject
Project("{9A19103F-16F7-4668-BE54-9A1E7A4F7556}") = "SimpleIdServer.OpenID.EF", "src\OpenID\SimpleIdServer.OpenID.EF\SimpleIdServer.OpenID.EF.csproj", "{128FB369-C4A1-4F96-9248-3464FB0006B5}"
EndProject
Project("{9A19103F-16F7-4668-BE54-9A1E7A4F7556}") = "SimpleIdServer.OpenID.SqlServer.Startup", "src\OpenID\SimpleIdServer.OpenID.SqlServer.Startup\SimpleIdServer.OpenID.SqlServer.Startup.csproj", "{DC33D501-FCFD-428C-99FB-F07B159FB9B6}"
EndProject
Project("{2150E333-8FDC-42A3-9474-1A3956D46DE8}") = "02. OpenID", "02. OpenID", "{D6C9DEBA-6E65-47FC-903E-69AA1FCAD54E}"
EndProject
Project("{2150E333-8FDC-42A3-9474-1A3956D46DE8}") = "01. OAuth", "01. OAuth", "{A2DD8EA1-4E20-4F50-A729-BC6DF6448601}"
EndProject
Project("{9A19103F-16F7-4668-BE54-9A1E7A4F7556}") = "SimpleIdServer.OAuth.EF", "src\OAuth\SimpleIdServer.OAuth.EF\SimpleIdServer.OAuth.EF.csproj", "{C1CA53A8-63BE-40F2-AAD1-E3EA1D734457}"
EndProject
Project("{9A19103F-16F7-4668-BE54-9A1E7A4F7556}") = "SimpleIdServer.OAuth.SqlServer.Startup", "src\OAuth\SimpleIdServer.OAuth.SqlServer.Startup\SimpleIdServer.OAuth.SqlServer.Startup.csproj", "{0C6744E3-FECD-43C0-B296-8B644A4FC2A5}"
EndProject
Project("{9A19103F-16F7-4668-BE54-9A1E7A4F7556}") = "SimpleIdServer.UI.Authenticate.Email", "src\UI\SimpleIdServer.UI.Authenticate.Email\SimpleIdServer.UI.Authenticate.Email.csproj", "{8D9FB825-40F2-40A2-8896-64D620C0C5B4}"
EndProject
Project("{9A19103F-16F7-4668-BE54-9A1E7A4F7556}") = "SimpleIdServer.Common", "src\OAuth\SimpleIdServer.Common\SimpleIdServer.Common.csproj", "{EE5D7775-E49C-4E7A-9D93-33F37BA987D1}"
EndProject
Project("{9A19103F-16F7-4668-BE54-9A1E7A4F7556}") = "SimpleIdServer.UI.Bootstrap4", "src\UI\SimpleIdServer.UI.Bootstrap4\SimpleIdServer.UI.Bootstrap4.csproj", "{A4D51F56-8697-4603-BA94-F03B77859195}"
EndProject
Project("{2150E333-8FDC-42A3-9474-1A3956D46DE8}") = "Bootstrap4", "Bootstrap4", "{24EE74E6-D9F6-4262-BBF0-BEDE66FB48EE}"
EndProject
Project("{9A19103F-16F7-4668-BE54-9A1E7A4F7556}") = "SimpleIdServer.Saml", "src\Saml\SimpleIdServer.Saml\SimpleIdServer.Saml.csproj", "{4D126057-0C17-48CF-9CA9-C2F361DBAC71}"
EndProject
Project("{9A19103F-16F7-4668-BE54-9A1E7A4F7556}") = "SimpleIdServer.Saml.Sp", "src\Saml\SimpleIdServer.Saml.Sp\SimpleIdServer.Saml.Sp.csproj", "{1C3C3D45-AE11-4530-BD9D-976A08E25719}"
EndProject
Project("{9A19103F-16F7-4668-BE54-9A1E7A4F7556}") = "SimpleIdServer.UI.Authenticate.Sms.Bootstrap4", "src\UI\SimpleIdServer.UI.Authenticate.Sms.Bootstrap4\SimpleIdServer.UI.Authenticate.Sms.Bootstrap4.csproj", "{1B463988-8680-44E5-889E-89E02CB4CB5F}"
EndProject
Project("{9A19103F-16F7-4668-BE54-9A1E7A4F7556}") = "SimpleIdServer.UI.Authenticate.Email.Bootstrap4", "src\UI\SimpleIdServer.UI.Authenticate.Email.Bootstrap4\SimpleIdServer.UI.Authenticate.Email.Bootstrap4.csproj", "{A4FA57A2-B9C5-430E-9CE0-834AA1FC5226}"
EndProject
Global
	GlobalSection(SolutionConfigurationPlatforms) = preSolution
		Debug|Any CPU = Debug|Any CPU
		Debug|iPhone = Debug|iPhone
		Debug|iPhoneSimulator = Debug|iPhoneSimulator
		Release|Any CPU = Release|Any CPU
		Release|iPhone = Release|iPhone
		Release|iPhoneSimulator = Release|iPhoneSimulator
	EndGlobalSection
	GlobalSection(ProjectConfigurationPlatforms) = postSolution
		{0AD6A1C2-CA06-4811-B66D-9011CC78E4CE}.Debug|Any CPU.ActiveCfg = Debug|Any CPU
		{0AD6A1C2-CA06-4811-B66D-9011CC78E4CE}.Debug|Any CPU.Build.0 = Debug|Any CPU
		{0AD6A1C2-CA06-4811-B66D-9011CC78E4CE}.Debug|iPhone.ActiveCfg = Debug|Any CPU
		{0AD6A1C2-CA06-4811-B66D-9011CC78E4CE}.Debug|iPhone.Build.0 = Debug|Any CPU
		{0AD6A1C2-CA06-4811-B66D-9011CC78E4CE}.Debug|iPhoneSimulator.ActiveCfg = Debug|Any CPU
		{0AD6A1C2-CA06-4811-B66D-9011CC78E4CE}.Debug|iPhoneSimulator.Build.0 = Debug|Any CPU
		{0AD6A1C2-CA06-4811-B66D-9011CC78E4CE}.Release|Any CPU.ActiveCfg = Release|Any CPU
		{0AD6A1C2-CA06-4811-B66D-9011CC78E4CE}.Release|Any CPU.Build.0 = Release|Any CPU
		{0AD6A1C2-CA06-4811-B66D-9011CC78E4CE}.Release|iPhone.ActiveCfg = Release|Any CPU
		{0AD6A1C2-CA06-4811-B66D-9011CC78E4CE}.Release|iPhone.Build.0 = Release|Any CPU
		{0AD6A1C2-CA06-4811-B66D-9011CC78E4CE}.Release|iPhoneSimulator.ActiveCfg = Release|Any CPU
		{0AD6A1C2-CA06-4811-B66D-9011CC78E4CE}.Release|iPhoneSimulator.Build.0 = Release|Any CPU
		{1FCE1C15-6706-4047-86B5-E4BCA8552687}.Debug|Any CPU.ActiveCfg = Debug|Any CPU
		{1FCE1C15-6706-4047-86B5-E4BCA8552687}.Debug|Any CPU.Build.0 = Debug|Any CPU
		{1FCE1C15-6706-4047-86B5-E4BCA8552687}.Debug|iPhone.ActiveCfg = Debug|Any CPU
		{1FCE1C15-6706-4047-86B5-E4BCA8552687}.Debug|iPhone.Build.0 = Debug|Any CPU
		{1FCE1C15-6706-4047-86B5-E4BCA8552687}.Debug|iPhoneSimulator.ActiveCfg = Debug|Any CPU
		{1FCE1C15-6706-4047-86B5-E4BCA8552687}.Debug|iPhoneSimulator.Build.0 = Debug|Any CPU
		{1FCE1C15-6706-4047-86B5-E4BCA8552687}.Release|Any CPU.ActiveCfg = Release|Any CPU
		{1FCE1C15-6706-4047-86B5-E4BCA8552687}.Release|Any CPU.Build.0 = Release|Any CPU
		{1FCE1C15-6706-4047-86B5-E4BCA8552687}.Release|iPhone.ActiveCfg = Release|Any CPU
		{1FCE1C15-6706-4047-86B5-E4BCA8552687}.Release|iPhone.Build.0 = Release|Any CPU
		{1FCE1C15-6706-4047-86B5-E4BCA8552687}.Release|iPhoneSimulator.ActiveCfg = Release|Any CPU
		{1FCE1C15-6706-4047-86B5-E4BCA8552687}.Release|iPhoneSimulator.Build.0 = Release|Any CPU
		{3C3EA9D0-1631-4508-A48C-E05096557A03}.Debug|Any CPU.ActiveCfg = Debug|Any CPU
		{3C3EA9D0-1631-4508-A48C-E05096557A03}.Debug|Any CPU.Build.0 = Debug|Any CPU
		{3C3EA9D0-1631-4508-A48C-E05096557A03}.Debug|iPhone.ActiveCfg = Debug|Any CPU
		{3C3EA9D0-1631-4508-A48C-E05096557A03}.Debug|iPhone.Build.0 = Debug|Any CPU
		{3C3EA9D0-1631-4508-A48C-E05096557A03}.Debug|iPhoneSimulator.ActiveCfg = Debug|Any CPU
		{3C3EA9D0-1631-4508-A48C-E05096557A03}.Debug|iPhoneSimulator.Build.0 = Debug|Any CPU
		{3C3EA9D0-1631-4508-A48C-E05096557A03}.Release|Any CPU.ActiveCfg = Release|Any CPU
		{3C3EA9D0-1631-4508-A48C-E05096557A03}.Release|Any CPU.Build.0 = Release|Any CPU
		{3C3EA9D0-1631-4508-A48C-E05096557A03}.Release|iPhone.ActiveCfg = Release|Any CPU
		{3C3EA9D0-1631-4508-A48C-E05096557A03}.Release|iPhone.Build.0 = Release|Any CPU
		{3C3EA9D0-1631-4508-A48C-E05096557A03}.Release|iPhoneSimulator.ActiveCfg = Release|Any CPU
		{3C3EA9D0-1631-4508-A48C-E05096557A03}.Release|iPhoneSimulator.Build.0 = Release|Any CPU
		{42696AFD-6DFF-4360-B36D-7FAB6DE8ACEB}.Debug|Any CPU.ActiveCfg = Debug|Any CPU
		{42696AFD-6DFF-4360-B36D-7FAB6DE8ACEB}.Debug|Any CPU.Build.0 = Debug|Any CPU
		{42696AFD-6DFF-4360-B36D-7FAB6DE8ACEB}.Debug|iPhone.ActiveCfg = Debug|Any CPU
		{42696AFD-6DFF-4360-B36D-7FAB6DE8ACEB}.Debug|iPhone.Build.0 = Debug|Any CPU
		{42696AFD-6DFF-4360-B36D-7FAB6DE8ACEB}.Debug|iPhoneSimulator.ActiveCfg = Debug|Any CPU
		{42696AFD-6DFF-4360-B36D-7FAB6DE8ACEB}.Debug|iPhoneSimulator.Build.0 = Debug|Any CPU
		{42696AFD-6DFF-4360-B36D-7FAB6DE8ACEB}.Release|Any CPU.ActiveCfg = Release|Any CPU
		{42696AFD-6DFF-4360-B36D-7FAB6DE8ACEB}.Release|Any CPU.Build.0 = Release|Any CPU
		{42696AFD-6DFF-4360-B36D-7FAB6DE8ACEB}.Release|iPhone.ActiveCfg = Release|Any CPU
		{42696AFD-6DFF-4360-B36D-7FAB6DE8ACEB}.Release|iPhone.Build.0 = Release|Any CPU
		{42696AFD-6DFF-4360-B36D-7FAB6DE8ACEB}.Release|iPhoneSimulator.ActiveCfg = Release|Any CPU
		{42696AFD-6DFF-4360-B36D-7FAB6DE8ACEB}.Release|iPhoneSimulator.Build.0 = Release|Any CPU
		{3943A6A5-84A2-4086-A558-CDBB11910F76}.Debug|Any CPU.ActiveCfg = Debug|Any CPU
		{3943A6A5-84A2-4086-A558-CDBB11910F76}.Debug|Any CPU.Build.0 = Debug|Any CPU
		{3943A6A5-84A2-4086-A558-CDBB11910F76}.Debug|iPhone.ActiveCfg = Debug|Any CPU
		{3943A6A5-84A2-4086-A558-CDBB11910F76}.Debug|iPhone.Build.0 = Debug|Any CPU
		{3943A6A5-84A2-4086-A558-CDBB11910F76}.Debug|iPhoneSimulator.ActiveCfg = Debug|Any CPU
		{3943A6A5-84A2-4086-A558-CDBB11910F76}.Debug|iPhoneSimulator.Build.0 = Debug|Any CPU
		{3943A6A5-84A2-4086-A558-CDBB11910F76}.Release|Any CPU.ActiveCfg = Release|Any CPU
		{3943A6A5-84A2-4086-A558-CDBB11910F76}.Release|Any CPU.Build.0 = Release|Any CPU
		{3943A6A5-84A2-4086-A558-CDBB11910F76}.Release|iPhone.ActiveCfg = Release|Any CPU
		{3943A6A5-84A2-4086-A558-CDBB11910F76}.Release|iPhone.Build.0 = Release|Any CPU
		{3943A6A5-84A2-4086-A558-CDBB11910F76}.Release|iPhoneSimulator.ActiveCfg = Release|Any CPU
		{3943A6A5-84A2-4086-A558-CDBB11910F76}.Release|iPhoneSimulator.Build.0 = Release|Any CPU
		{8C884225-D844-4686-84BA-2C9D2E81E503}.Debug|Any CPU.ActiveCfg = Debug|Any CPU
		{8C884225-D844-4686-84BA-2C9D2E81E503}.Debug|Any CPU.Build.0 = Debug|Any CPU
		{8C884225-D844-4686-84BA-2C9D2E81E503}.Debug|iPhone.ActiveCfg = Debug|Any CPU
		{8C884225-D844-4686-84BA-2C9D2E81E503}.Debug|iPhone.Build.0 = Debug|Any CPU
		{8C884225-D844-4686-84BA-2C9D2E81E503}.Debug|iPhoneSimulator.ActiveCfg = Debug|Any CPU
		{8C884225-D844-4686-84BA-2C9D2E81E503}.Debug|iPhoneSimulator.Build.0 = Debug|Any CPU
		{8C884225-D844-4686-84BA-2C9D2E81E503}.Release|Any CPU.ActiveCfg = Release|Any CPU
		{8C884225-D844-4686-84BA-2C9D2E81E503}.Release|Any CPU.Build.0 = Release|Any CPU
		{8C884225-D844-4686-84BA-2C9D2E81E503}.Release|iPhone.ActiveCfg = Release|Any CPU
		{8C884225-D844-4686-84BA-2C9D2E81E503}.Release|iPhone.Build.0 = Release|Any CPU
		{8C884225-D844-4686-84BA-2C9D2E81E503}.Release|iPhoneSimulator.ActiveCfg = Release|Any CPU
		{8C884225-D844-4686-84BA-2C9D2E81E503}.Release|iPhoneSimulator.Build.0 = Release|Any CPU
		{C819B155-EF16-4544-AB52-510B8C242752}.Debug|Any CPU.ActiveCfg = Debug|Any CPU
		{C819B155-EF16-4544-AB52-510B8C242752}.Debug|Any CPU.Build.0 = Debug|Any CPU
		{C819B155-EF16-4544-AB52-510B8C242752}.Debug|iPhone.ActiveCfg = Debug|Any CPU
		{C819B155-EF16-4544-AB52-510B8C242752}.Debug|iPhone.Build.0 = Debug|Any CPU
		{C819B155-EF16-4544-AB52-510B8C242752}.Debug|iPhoneSimulator.ActiveCfg = Debug|Any CPU
		{C819B155-EF16-4544-AB52-510B8C242752}.Debug|iPhoneSimulator.Build.0 = Debug|Any CPU
		{C819B155-EF16-4544-AB52-510B8C242752}.Release|Any CPU.ActiveCfg = Release|Any CPU
		{C819B155-EF16-4544-AB52-510B8C242752}.Release|Any CPU.Build.0 = Release|Any CPU
		{C819B155-EF16-4544-AB52-510B8C242752}.Release|iPhone.ActiveCfg = Release|Any CPU
		{C819B155-EF16-4544-AB52-510B8C242752}.Release|iPhone.Build.0 = Release|Any CPU
		{C819B155-EF16-4544-AB52-510B8C242752}.Release|iPhoneSimulator.ActiveCfg = Release|Any CPU
		{C819B155-EF16-4544-AB52-510B8C242752}.Release|iPhoneSimulator.Build.0 = Release|Any CPU
		{3C5630B4-E4A5-4D88-B415-C478305DEA60}.Debug|Any CPU.ActiveCfg = Debug|Any CPU
		{3C5630B4-E4A5-4D88-B415-C478305DEA60}.Debug|Any CPU.Build.0 = Debug|Any CPU
		{3C5630B4-E4A5-4D88-B415-C478305DEA60}.Debug|iPhone.ActiveCfg = Debug|Any CPU
		{3C5630B4-E4A5-4D88-B415-C478305DEA60}.Debug|iPhone.Build.0 = Debug|Any CPU
		{3C5630B4-E4A5-4D88-B415-C478305DEA60}.Debug|iPhoneSimulator.ActiveCfg = Debug|Any CPU
		{3C5630B4-E4A5-4D88-B415-C478305DEA60}.Debug|iPhoneSimulator.Build.0 = Debug|Any CPU
		{3C5630B4-E4A5-4D88-B415-C478305DEA60}.Release|Any CPU.ActiveCfg = Release|Any CPU
		{3C5630B4-E4A5-4D88-B415-C478305DEA60}.Release|Any CPU.Build.0 = Release|Any CPU
		{3C5630B4-E4A5-4D88-B415-C478305DEA60}.Release|iPhone.ActiveCfg = Release|Any CPU
		{3C5630B4-E4A5-4D88-B415-C478305DEA60}.Release|iPhone.Build.0 = Release|Any CPU
		{3C5630B4-E4A5-4D88-B415-C478305DEA60}.Release|iPhoneSimulator.ActiveCfg = Release|Any CPU
		{3C5630B4-E4A5-4D88-B415-C478305DEA60}.Release|iPhoneSimulator.Build.0 = Release|Any CPU
		{0A8EC22B-112D-4D14-9208-E9D47433A4AD}.Debug|Any CPU.ActiveCfg = Debug|Any CPU
		{0A8EC22B-112D-4D14-9208-E9D47433A4AD}.Debug|Any CPU.Build.0 = Debug|Any CPU
		{0A8EC22B-112D-4D14-9208-E9D47433A4AD}.Debug|iPhone.ActiveCfg = Debug|Any CPU
		{0A8EC22B-112D-4D14-9208-E9D47433A4AD}.Debug|iPhone.Build.0 = Debug|Any CPU
		{0A8EC22B-112D-4D14-9208-E9D47433A4AD}.Debug|iPhoneSimulator.ActiveCfg = Debug|Any CPU
		{0A8EC22B-112D-4D14-9208-E9D47433A4AD}.Debug|iPhoneSimulator.Build.0 = Debug|Any CPU
		{0A8EC22B-112D-4D14-9208-E9D47433A4AD}.Release|Any CPU.ActiveCfg = Release|Any CPU
		{0A8EC22B-112D-4D14-9208-E9D47433A4AD}.Release|Any CPU.Build.0 = Release|Any CPU
		{0A8EC22B-112D-4D14-9208-E9D47433A4AD}.Release|iPhone.ActiveCfg = Release|Any CPU
		{0A8EC22B-112D-4D14-9208-E9D47433A4AD}.Release|iPhone.Build.0 = Release|Any CPU
		{0A8EC22B-112D-4D14-9208-E9D47433A4AD}.Release|iPhoneSimulator.ActiveCfg = Release|Any CPU
		{0A8EC22B-112D-4D14-9208-E9D47433A4AD}.Release|iPhoneSimulator.Build.0 = Release|Any CPU
		{A6C88D0A-9BAD-4C1F-9124-BFD5C6268193}.Debug|Any CPU.ActiveCfg = Debug|Any CPU
		{A6C88D0A-9BAD-4C1F-9124-BFD5C6268193}.Debug|Any CPU.Build.0 = Debug|Any CPU
		{A6C88D0A-9BAD-4C1F-9124-BFD5C6268193}.Debug|iPhone.ActiveCfg = Debug|Any CPU
		{A6C88D0A-9BAD-4C1F-9124-BFD5C6268193}.Debug|iPhone.Build.0 = Debug|Any CPU
		{A6C88D0A-9BAD-4C1F-9124-BFD5C6268193}.Debug|iPhoneSimulator.ActiveCfg = Debug|Any CPU
		{A6C88D0A-9BAD-4C1F-9124-BFD5C6268193}.Debug|iPhoneSimulator.Build.0 = Debug|Any CPU
		{A6C88D0A-9BAD-4C1F-9124-BFD5C6268193}.Release|Any CPU.ActiveCfg = Release|Any CPU
		{A6C88D0A-9BAD-4C1F-9124-BFD5C6268193}.Release|Any CPU.Build.0 = Release|Any CPU
		{A6C88D0A-9BAD-4C1F-9124-BFD5C6268193}.Release|iPhone.ActiveCfg = Release|Any CPU
		{A6C88D0A-9BAD-4C1F-9124-BFD5C6268193}.Release|iPhone.Build.0 = Release|Any CPU
		{A6C88D0A-9BAD-4C1F-9124-BFD5C6268193}.Release|iPhoneSimulator.ActiveCfg = Release|Any CPU
		{A6C88D0A-9BAD-4C1F-9124-BFD5C6268193}.Release|iPhoneSimulator.Build.0 = Release|Any CPU
		{A48D4BDA-B3AF-479E-B399-05861C806816}.Debug|Any CPU.ActiveCfg = Debug|Any CPU
		{A48D4BDA-B3AF-479E-B399-05861C806816}.Debug|Any CPU.Build.0 = Debug|Any CPU
		{A48D4BDA-B3AF-479E-B399-05861C806816}.Debug|iPhone.ActiveCfg = Debug|Any CPU
		{A48D4BDA-B3AF-479E-B399-05861C806816}.Debug|iPhone.Build.0 = Debug|Any CPU
		{A48D4BDA-B3AF-479E-B399-05861C806816}.Debug|iPhoneSimulator.ActiveCfg = Debug|Any CPU
		{A48D4BDA-B3AF-479E-B399-05861C806816}.Debug|iPhoneSimulator.Build.0 = Debug|Any CPU
		{A48D4BDA-B3AF-479E-B399-05861C806816}.Release|Any CPU.ActiveCfg = Release|Any CPU
		{A48D4BDA-B3AF-479E-B399-05861C806816}.Release|Any CPU.Build.0 = Release|Any CPU
		{A48D4BDA-B3AF-479E-B399-05861C806816}.Release|iPhone.ActiveCfg = Release|Any CPU
		{A48D4BDA-B3AF-479E-B399-05861C806816}.Release|iPhone.Build.0 = Release|Any CPU
		{A48D4BDA-B3AF-479E-B399-05861C806816}.Release|iPhoneSimulator.ActiveCfg = Release|Any CPU
		{A48D4BDA-B3AF-479E-B399-05861C806816}.Release|iPhoneSimulator.Build.0 = Release|Any CPU
		{F873763B-693B-438A-9FC5-5DB63FA4FB17}.Debug|Any CPU.ActiveCfg = Debug|Any CPU
		{F873763B-693B-438A-9FC5-5DB63FA4FB17}.Debug|Any CPU.Build.0 = Debug|Any CPU
		{F873763B-693B-438A-9FC5-5DB63FA4FB17}.Debug|iPhone.ActiveCfg = Debug|Any CPU
		{F873763B-693B-438A-9FC5-5DB63FA4FB17}.Debug|iPhone.Build.0 = Debug|Any CPU
		{F873763B-693B-438A-9FC5-5DB63FA4FB17}.Debug|iPhoneSimulator.ActiveCfg = Debug|Any CPU
		{F873763B-693B-438A-9FC5-5DB63FA4FB17}.Debug|iPhoneSimulator.Build.0 = Debug|Any CPU
		{F873763B-693B-438A-9FC5-5DB63FA4FB17}.Release|Any CPU.ActiveCfg = Release|Any CPU
		{F873763B-693B-438A-9FC5-5DB63FA4FB17}.Release|Any CPU.Build.0 = Release|Any CPU
		{F873763B-693B-438A-9FC5-5DB63FA4FB17}.Release|iPhone.ActiveCfg = Release|Any CPU
		{F873763B-693B-438A-9FC5-5DB63FA4FB17}.Release|iPhone.Build.0 = Release|Any CPU
		{F873763B-693B-438A-9FC5-5DB63FA4FB17}.Release|iPhoneSimulator.ActiveCfg = Release|Any CPU
		{F873763B-693B-438A-9FC5-5DB63FA4FB17}.Release|iPhoneSimulator.Build.0 = Release|Any CPU
		{128FB369-C4A1-4F96-9248-3464FB0006B5}.Debug|Any CPU.ActiveCfg = Debug|Any CPU
		{128FB369-C4A1-4F96-9248-3464FB0006B5}.Debug|Any CPU.Build.0 = Debug|Any CPU
		{128FB369-C4A1-4F96-9248-3464FB0006B5}.Debug|iPhone.ActiveCfg = Debug|Any CPU
		{128FB369-C4A1-4F96-9248-3464FB0006B5}.Debug|iPhone.Build.0 = Debug|Any CPU
		{128FB369-C4A1-4F96-9248-3464FB0006B5}.Debug|iPhoneSimulator.ActiveCfg = Debug|Any CPU
		{128FB369-C4A1-4F96-9248-3464FB0006B5}.Debug|iPhoneSimulator.Build.0 = Debug|Any CPU
		{128FB369-C4A1-4F96-9248-3464FB0006B5}.Release|Any CPU.ActiveCfg = Release|Any CPU
		{128FB369-C4A1-4F96-9248-3464FB0006B5}.Release|Any CPU.Build.0 = Release|Any CPU
		{128FB369-C4A1-4F96-9248-3464FB0006B5}.Release|iPhone.ActiveCfg = Release|Any CPU
		{128FB369-C4A1-4F96-9248-3464FB0006B5}.Release|iPhone.Build.0 = Release|Any CPU
		{128FB369-C4A1-4F96-9248-3464FB0006B5}.Release|iPhoneSimulator.ActiveCfg = Release|Any CPU
		{128FB369-C4A1-4F96-9248-3464FB0006B5}.Release|iPhoneSimulator.Build.0 = Release|Any CPU
		{DC33D501-FCFD-428C-99FB-F07B159FB9B6}.Debug|Any CPU.ActiveCfg = Debug|Any CPU
		{DC33D501-FCFD-428C-99FB-F07B159FB9B6}.Debug|Any CPU.Build.0 = Debug|Any CPU
		{DC33D501-FCFD-428C-99FB-F07B159FB9B6}.Debug|iPhone.ActiveCfg = Debug|Any CPU
		{DC33D501-FCFD-428C-99FB-F07B159FB9B6}.Debug|iPhone.Build.0 = Debug|Any CPU
		{DC33D501-FCFD-428C-99FB-F07B159FB9B6}.Debug|iPhoneSimulator.ActiveCfg = Debug|Any CPU
		{DC33D501-FCFD-428C-99FB-F07B159FB9B6}.Debug|iPhoneSimulator.Build.0 = Debug|Any CPU
		{DC33D501-FCFD-428C-99FB-F07B159FB9B6}.Release|Any CPU.ActiveCfg = Release|Any CPU
		{DC33D501-FCFD-428C-99FB-F07B159FB9B6}.Release|Any CPU.Build.0 = Release|Any CPU
		{DC33D501-FCFD-428C-99FB-F07B159FB9B6}.Release|iPhone.ActiveCfg = Release|Any CPU
		{DC33D501-FCFD-428C-99FB-F07B159FB9B6}.Release|iPhone.Build.0 = Release|Any CPU
		{DC33D501-FCFD-428C-99FB-F07B159FB9B6}.Release|iPhoneSimulator.ActiveCfg = Release|Any CPU
		{DC33D501-FCFD-428C-99FB-F07B159FB9B6}.Release|iPhoneSimulator.Build.0 = Release|Any CPU
		{C1CA53A8-63BE-40F2-AAD1-E3EA1D734457}.Debug|Any CPU.ActiveCfg = Debug|Any CPU
		{C1CA53A8-63BE-40F2-AAD1-E3EA1D734457}.Debug|Any CPU.Build.0 = Debug|Any CPU
		{C1CA53A8-63BE-40F2-AAD1-E3EA1D734457}.Debug|iPhone.ActiveCfg = Debug|Any CPU
		{C1CA53A8-63BE-40F2-AAD1-E3EA1D734457}.Debug|iPhone.Build.0 = Debug|Any CPU
		{C1CA53A8-63BE-40F2-AAD1-E3EA1D734457}.Debug|iPhoneSimulator.ActiveCfg = Debug|Any CPU
		{C1CA53A8-63BE-40F2-AAD1-E3EA1D734457}.Debug|iPhoneSimulator.Build.0 = Debug|Any CPU
		{C1CA53A8-63BE-40F2-AAD1-E3EA1D734457}.Release|Any CPU.ActiveCfg = Release|Any CPU
		{C1CA53A8-63BE-40F2-AAD1-E3EA1D734457}.Release|Any CPU.Build.0 = Release|Any CPU
		{C1CA53A8-63BE-40F2-AAD1-E3EA1D734457}.Release|iPhone.ActiveCfg = Release|Any CPU
		{C1CA53A8-63BE-40F2-AAD1-E3EA1D734457}.Release|iPhone.Build.0 = Release|Any CPU
		{C1CA53A8-63BE-40F2-AAD1-E3EA1D734457}.Release|iPhoneSimulator.ActiveCfg = Release|Any CPU
		{C1CA53A8-63BE-40F2-AAD1-E3EA1D734457}.Release|iPhoneSimulator.Build.0 = Release|Any CPU
		{0C6744E3-FECD-43C0-B296-8B644A4FC2A5}.Debug|Any CPU.ActiveCfg = Debug|Any CPU
		{0C6744E3-FECD-43C0-B296-8B644A4FC2A5}.Debug|Any CPU.Build.0 = Debug|Any CPU
		{0C6744E3-FECD-43C0-B296-8B644A4FC2A5}.Debug|iPhone.ActiveCfg = Debug|Any CPU
		{0C6744E3-FECD-43C0-B296-8B644A4FC2A5}.Debug|iPhone.Build.0 = Debug|Any CPU
		{0C6744E3-FECD-43C0-B296-8B644A4FC2A5}.Debug|iPhoneSimulator.ActiveCfg = Debug|Any CPU
		{0C6744E3-FECD-43C0-B296-8B644A4FC2A5}.Debug|iPhoneSimulator.Build.0 = Debug|Any CPU
		{0C6744E3-FECD-43C0-B296-8B644A4FC2A5}.Release|Any CPU.ActiveCfg = Release|Any CPU
		{0C6744E3-FECD-43C0-B296-8B644A4FC2A5}.Release|Any CPU.Build.0 = Release|Any CPU
		{0C6744E3-FECD-43C0-B296-8B644A4FC2A5}.Release|iPhone.ActiveCfg = Release|Any CPU
		{0C6744E3-FECD-43C0-B296-8B644A4FC2A5}.Release|iPhone.Build.0 = Release|Any CPU
		{0C6744E3-FECD-43C0-B296-8B644A4FC2A5}.Release|iPhoneSimulator.ActiveCfg = Release|Any CPU
		{0C6744E3-FECD-43C0-B296-8B644A4FC2A5}.Release|iPhoneSimulator.Build.0 = Release|Any CPU
		{8D9FB825-40F2-40A2-8896-64D620C0C5B4}.Debug|Any CPU.ActiveCfg = Debug|Any CPU
		{8D9FB825-40F2-40A2-8896-64D620C0C5B4}.Debug|Any CPU.Build.0 = Debug|Any CPU
		{8D9FB825-40F2-40A2-8896-64D620C0C5B4}.Debug|iPhone.ActiveCfg = Debug|Any CPU
		{8D9FB825-40F2-40A2-8896-64D620C0C5B4}.Debug|iPhone.Build.0 = Debug|Any CPU
		{8D9FB825-40F2-40A2-8896-64D620C0C5B4}.Debug|iPhoneSimulator.ActiveCfg = Debug|Any CPU
		{8D9FB825-40F2-40A2-8896-64D620C0C5B4}.Debug|iPhoneSimulator.Build.0 = Debug|Any CPU
		{8D9FB825-40F2-40A2-8896-64D620C0C5B4}.Release|Any CPU.ActiveCfg = Release|Any CPU
		{8D9FB825-40F2-40A2-8896-64D620C0C5B4}.Release|Any CPU.Build.0 = Release|Any CPU
		{8D9FB825-40F2-40A2-8896-64D620C0C5B4}.Release|iPhone.ActiveCfg = Release|Any CPU
		{8D9FB825-40F2-40A2-8896-64D620C0C5B4}.Release|iPhone.Build.0 = Release|Any CPU
		{8D9FB825-40F2-40A2-8896-64D620C0C5B4}.Release|iPhoneSimulator.ActiveCfg = Release|Any CPU
		{8D9FB825-40F2-40A2-8896-64D620C0C5B4}.Release|iPhoneSimulator.Build.0 = Release|Any CPU
		{EE5D7775-E49C-4E7A-9D93-33F37BA987D1}.Debug|Any CPU.ActiveCfg = Debug|Any CPU
		{EE5D7775-E49C-4E7A-9D93-33F37BA987D1}.Debug|Any CPU.Build.0 = Debug|Any CPU
		{EE5D7775-E49C-4E7A-9D93-33F37BA987D1}.Debug|iPhone.ActiveCfg = Debug|Any CPU
		{EE5D7775-E49C-4E7A-9D93-33F37BA987D1}.Debug|iPhone.Build.0 = Debug|Any CPU
		{EE5D7775-E49C-4E7A-9D93-33F37BA987D1}.Debug|iPhoneSimulator.ActiveCfg = Debug|Any CPU
		{EE5D7775-E49C-4E7A-9D93-33F37BA987D1}.Debug|iPhoneSimulator.Build.0 = Debug|Any CPU
		{EE5D7775-E49C-4E7A-9D93-33F37BA987D1}.Release|Any CPU.ActiveCfg = Release|Any CPU
		{EE5D7775-E49C-4E7A-9D93-33F37BA987D1}.Release|Any CPU.Build.0 = Release|Any CPU
		{EE5D7775-E49C-4E7A-9D93-33F37BA987D1}.Release|iPhone.ActiveCfg = Release|Any CPU
		{EE5D7775-E49C-4E7A-9D93-33F37BA987D1}.Release|iPhone.Build.0 = Release|Any CPU
		{EE5D7775-E49C-4E7A-9D93-33F37BA987D1}.Release|iPhoneSimulator.ActiveCfg = Release|Any CPU
		{EE5D7775-E49C-4E7A-9D93-33F37BA987D1}.Release|iPhoneSimulator.Build.0 = Release|Any CPU
		{A4D51F56-8697-4603-BA94-F03B77859195}.Debug|Any CPU.ActiveCfg = Debug|Any CPU
		{A4D51F56-8697-4603-BA94-F03B77859195}.Debug|Any CPU.Build.0 = Debug|Any CPU
		{A4D51F56-8697-4603-BA94-F03B77859195}.Debug|iPhone.ActiveCfg = Debug|Any CPU
		{A4D51F56-8697-4603-BA94-F03B77859195}.Debug|iPhone.Build.0 = Debug|Any CPU
		{A4D51F56-8697-4603-BA94-F03B77859195}.Debug|iPhoneSimulator.ActiveCfg = Debug|Any CPU
		{A4D51F56-8697-4603-BA94-F03B77859195}.Debug|iPhoneSimulator.Build.0 = Debug|Any CPU
		{A4D51F56-8697-4603-BA94-F03B77859195}.Release|Any CPU.ActiveCfg = Release|Any CPU
		{A4D51F56-8697-4603-BA94-F03B77859195}.Release|Any CPU.Build.0 = Release|Any CPU
		{A4D51F56-8697-4603-BA94-F03B77859195}.Release|iPhone.ActiveCfg = Release|Any CPU
		{A4D51F56-8697-4603-BA94-F03B77859195}.Release|iPhone.Build.0 = Release|Any CPU
		{A4D51F56-8697-4603-BA94-F03B77859195}.Release|iPhoneSimulator.ActiveCfg = Release|Any CPU
		{A4D51F56-8697-4603-BA94-F03B77859195}.Release|iPhoneSimulator.Build.0 = Release|Any CPU
		{4D126057-0C17-48CF-9CA9-C2F361DBAC71}.Debug|Any CPU.ActiveCfg = Debug|Any CPU
		{4D126057-0C17-48CF-9CA9-C2F361DBAC71}.Debug|Any CPU.Build.0 = Debug|Any CPU
		{4D126057-0C17-48CF-9CA9-C2F361DBAC71}.Debug|iPhone.ActiveCfg = Debug|Any CPU
		{4D126057-0C17-48CF-9CA9-C2F361DBAC71}.Debug|iPhone.Build.0 = Debug|Any CPU
		{4D126057-0C17-48CF-9CA9-C2F361DBAC71}.Debug|iPhoneSimulator.ActiveCfg = Debug|Any CPU
		{4D126057-0C17-48CF-9CA9-C2F361DBAC71}.Debug|iPhoneSimulator.Build.0 = Debug|Any CPU
		{4D126057-0C17-48CF-9CA9-C2F361DBAC71}.Release|Any CPU.ActiveCfg = Release|Any CPU
		{4D126057-0C17-48CF-9CA9-C2F361DBAC71}.Release|Any CPU.Build.0 = Release|Any CPU
		{4D126057-0C17-48CF-9CA9-C2F361DBAC71}.Release|iPhone.ActiveCfg = Release|Any CPU
		{4D126057-0C17-48CF-9CA9-C2F361DBAC71}.Release|iPhone.Build.0 = Release|Any CPU
		{4D126057-0C17-48CF-9CA9-C2F361DBAC71}.Release|iPhoneSimulator.ActiveCfg = Release|Any CPU
		{4D126057-0C17-48CF-9CA9-C2F361DBAC71}.Release|iPhoneSimulator.Build.0 = Release|Any CPU
		{1C3C3D45-AE11-4530-BD9D-976A08E25719}.Debug|Any CPU.ActiveCfg = Debug|Any CPU
		{1C3C3D45-AE11-4530-BD9D-976A08E25719}.Debug|Any CPU.Build.0 = Debug|Any CPU
		{1C3C3D45-AE11-4530-BD9D-976A08E25719}.Debug|iPhone.ActiveCfg = Debug|Any CPU
		{1C3C3D45-AE11-4530-BD9D-976A08E25719}.Debug|iPhone.Build.0 = Debug|Any CPU
		{1C3C3D45-AE11-4530-BD9D-976A08E25719}.Debug|iPhoneSimulator.ActiveCfg = Debug|Any CPU
		{1C3C3D45-AE11-4530-BD9D-976A08E25719}.Debug|iPhoneSimulator.Build.0 = Debug|Any CPU
		{1C3C3D45-AE11-4530-BD9D-976A08E25719}.Release|Any CPU.ActiveCfg = Release|Any CPU
		{1C3C3D45-AE11-4530-BD9D-976A08E25719}.Release|Any CPU.Build.0 = Release|Any CPU
		{1C3C3D45-AE11-4530-BD9D-976A08E25719}.Release|iPhone.ActiveCfg = Release|Any CPU
		{1C3C3D45-AE11-4530-BD9D-976A08E25719}.Release|iPhone.Build.0 = Release|Any CPU
		{1C3C3D45-AE11-4530-BD9D-976A08E25719}.Release|iPhoneSimulator.ActiveCfg = Release|Any CPU
		{1C3C3D45-AE11-4530-BD9D-976A08E25719}.Release|iPhoneSimulator.Build.0 = Release|Any CPU
		{1B463988-8680-44E5-889E-89E02CB4CB5F}.Debug|Any CPU.ActiveCfg = Debug|Any CPU
		{1B463988-8680-44E5-889E-89E02CB4CB5F}.Debug|Any CPU.Build.0 = Debug|Any CPU
		{1B463988-8680-44E5-889E-89E02CB4CB5F}.Debug|iPhone.ActiveCfg = Debug|Any CPU
		{1B463988-8680-44E5-889E-89E02CB4CB5F}.Debug|iPhone.Build.0 = Debug|Any CPU
		{1B463988-8680-44E5-889E-89E02CB4CB5F}.Debug|iPhoneSimulator.ActiveCfg = Debug|Any CPU
		{1B463988-8680-44E5-889E-89E02CB4CB5F}.Debug|iPhoneSimulator.Build.0 = Debug|Any CPU
		{1B463988-8680-44E5-889E-89E02CB4CB5F}.Release|Any CPU.ActiveCfg = Release|Any CPU
		{1B463988-8680-44E5-889E-89E02CB4CB5F}.Release|Any CPU.Build.0 = Release|Any CPU
		{1B463988-8680-44E5-889E-89E02CB4CB5F}.Release|iPhone.ActiveCfg = Release|Any CPU
		{1B463988-8680-44E5-889E-89E02CB4CB5F}.Release|iPhone.Build.0 = Release|Any CPU
		{1B463988-8680-44E5-889E-89E02CB4CB5F}.Release|iPhoneSimulator.ActiveCfg = Release|Any CPU
		{1B463988-8680-44E5-889E-89E02CB4CB5F}.Release|iPhoneSimulator.Build.0 = Release|Any CPU
		{A4FA57A2-B9C5-430E-9CE0-834AA1FC5226}.Debug|Any CPU.ActiveCfg = Debug|Any CPU
		{A4FA57A2-B9C5-430E-9CE0-834AA1FC5226}.Debug|Any CPU.Build.0 = Debug|Any CPU
		{A4FA57A2-B9C5-430E-9CE0-834AA1FC5226}.Debug|iPhone.ActiveCfg = Debug|Any CPU
		{A4FA57A2-B9C5-430E-9CE0-834AA1FC5226}.Debug|iPhone.Build.0 = Debug|Any CPU
		{A4FA57A2-B9C5-430E-9CE0-834AA1FC5226}.Debug|iPhoneSimulator.ActiveCfg = Debug|Any CPU
		{A4FA57A2-B9C5-430E-9CE0-834AA1FC5226}.Debug|iPhoneSimulator.Build.0 = Debug|Any CPU
		{A4FA57A2-B9C5-430E-9CE0-834AA1FC5226}.Release|Any CPU.ActiveCfg = Release|Any CPU
		{A4FA57A2-B9C5-430E-9CE0-834AA1FC5226}.Release|Any CPU.Build.0 = Release|Any CPU
		{A4FA57A2-B9C5-430E-9CE0-834AA1FC5226}.Release|iPhone.ActiveCfg = Release|Any CPU
		{A4FA57A2-B9C5-430E-9CE0-834AA1FC5226}.Release|iPhone.Build.0 = Release|Any CPU
		{A4FA57A2-B9C5-430E-9CE0-834AA1FC5226}.Release|iPhoneSimulator.ActiveCfg = Release|Any CPU
		{A4FA57A2-B9C5-430E-9CE0-834AA1FC5226}.Release|iPhoneSimulator.Build.0 = Release|Any CPU
	EndGlobalSection
	GlobalSection(SolutionProperties) = preSolution
		HideSolutionNode = FALSE
	EndGlobalSection
	GlobalSection(NestedProjects) = preSolution
		{0AD6A1C2-CA06-4811-B66D-9011CC78E4CE} = {4796A22B-91A9-42AF-87CA-F69392696B0A}
		{1FCE1C15-6706-4047-86B5-E4BCA8552687} = {A2DD8EA1-4E20-4F50-A729-BC6DF6448601}
		{3C3EA9D0-1631-4508-A48C-E05096557A03} = {21DEE52A-3A14-46CE-A9DE-C0C9F5E9E9D1}
		{42696AFD-6DFF-4360-B36D-7FAB6DE8ACEB} = {D6C9DEBA-6E65-47FC-903E-69AA1FCAD54E}
		{3943A6A5-84A2-4086-A558-CDBB11910F76} = {033E4EF3-2FB5-450A-9B35-616D9B0D6EAA}
		{8C884225-D844-4686-84BA-2C9D2E81E503} = {033E4EF3-2FB5-450A-9B35-616D9B0D6EAA}
		{C819B155-EF16-4544-AB52-510B8C242752} = {21DEE52A-3A14-46CE-A9DE-C0C9F5E9E9D1}
		{3C5630B4-E4A5-4D88-B415-C478305DEA60} = {4796A22B-91A9-42AF-87CA-F69392696B0A}
		{0A8EC22B-112D-4D14-9208-E9D47433A4AD} = {4796A22B-91A9-42AF-87CA-F69392696B0A}
		{A6C88D0A-9BAD-4C1F-9124-BFD5C6268193} = {24EE74E6-D9F6-4262-BBF0-BEDE66FB48EE}
		{A48D4BDA-B3AF-479E-B399-05861C806816} = {24EE74E6-D9F6-4262-BBF0-BEDE66FB48EE}
		{4FDC2869-C584-4B40-B269-938630A72D03} = {033E4EF3-2FB5-450A-9B35-616D9B0D6EAA}
		{F873763B-693B-438A-9FC5-5DB63FA4FB17} = {033E4EF3-2FB5-450A-9B35-616D9B0D6EAA}
		{128FB369-C4A1-4F96-9248-3464FB0006B5} = {4796A22B-91A9-42AF-87CA-F69392696B0A}
		{DC33D501-FCFD-428C-99FB-F07B159FB9B6} = {D6C9DEBA-6E65-47FC-903E-69AA1FCAD54E}
		{D6C9DEBA-6E65-47FC-903E-69AA1FCAD54E} = {68306EFF-55D9-497B-9482-FEB81C485914}
		{A2DD8EA1-4E20-4F50-A729-BC6DF6448601} = {68306EFF-55D9-497B-9482-FEB81C485914}
		{C1CA53A8-63BE-40F2-AAD1-E3EA1D734457} = {4796A22B-91A9-42AF-87CA-F69392696B0A}
		{0C6744E3-FECD-43C0-B296-8B644A4FC2A5} = {A2DD8EA1-4E20-4F50-A729-BC6DF6448601}
		{8D9FB825-40F2-40A2-8896-64D620C0C5B4} = {21DEE52A-3A14-46CE-A9DE-C0C9F5E9E9D1}
		{EE5D7775-E49C-4E7A-9D93-33F37BA987D1} = {4796A22B-91A9-42AF-87CA-F69392696B0A}
		{A4D51F56-8697-4603-BA94-F03B77859195} = {24EE74E6-D9F6-4262-BBF0-BEDE66FB48EE}
		{24EE74E6-D9F6-4262-BBF0-BEDE66FB48EE} = {21DEE52A-3A14-46CE-A9DE-C0C9F5E9E9D1}
		{4D126057-0C17-48CF-9CA9-C2F361DBAC71} = {4796A22B-91A9-42AF-87CA-F69392696B0A}
		{1C3C3D45-AE11-4530-BD9D-976A08E25719} = {4796A22B-91A9-42AF-87CA-F69392696B0A}
		{1B463988-8680-44E5-889E-89E02CB4CB5F} = {24EE74E6-D9F6-4262-BBF0-BEDE66FB48EE}
		{A4FA57A2-B9C5-430E-9CE0-834AA1FC5226} = {24EE74E6-D9F6-4262-BBF0-BEDE66FB48EE}
	EndGlobalSection
	GlobalSection(ExtensibilityGlobals) = postSolution
		SolutionGuid = {1FE1E2C8-475E-4592-8609-D331B1D01730}
	EndGlobalSection
EndGlobal
