
Microsoft Visual Studio Solution File, Format Version 12.00
# Visual Studio Version 17
VisualStudioVersion = 17.4.33122.133
MinimumVisualStudioVersion = 10.0.40219.1
Project("{9A19103F-16F7-4668-BE54-9A1E7A4F7556}") = "SimpleIdServer.Mobile", "src\Mobile\SimpleIdServer.Mobile\SimpleIdServer.Mobile.csproj", "{DAA5D83F-0A10-4532-BFAD-AC321D9E9D07}"
EndProject
Project("{9A19103F-16F7-4668-BE54-9A1E7A4F7556}") = "SimpleIdServer.IdServer.U2FClient", "src\IdServer\SimpleIdServer.IdServer.U2FClient\SimpleIdServer.IdServer.U2FClient.csproj", "{E82B46A3-287A-4E03-81E4-AF3EE9CB1600}"
EndProject
Project("{9A19103F-16F7-4668-BE54-9A1E7A4F7556}") = "SimpleIdServer.Vp", "src\Did\SimpleIdServer.Vp\SimpleIdServer.Vp.csproj", "{D71EF65F-B0C6-4B59-843E-43CD17CA9D84}"
EndProject
Project("{9A19103F-16F7-4668-BE54-9A1E7A4F7556}") = "SimpleIdServer.Vc", "src\Did\SimpleIdServer.Vc\SimpleIdServer.Vc.csproj", "{8B528076-816A-4894-AA36-20659EF06CBD}"
EndProject
Project("{9A19103F-16F7-4668-BE54-9A1E7A4F7556}") = "SimpleIdServer.Did", "src\Did\SimpleIdServer.Did\SimpleIdServer.Did.csproj", "{89ADD8B4-38C3-4EB9-BA80-F692B7133CF5}"
EndProject
Project("{2150E333-8FDC-42A3-9474-1A3956D46DE8}") = "01. Libs", "01. Libs", "{2F88CE6F-3C21-4259-B47F-DEAF4006130B}"
EndProject
Project("{9A19103F-16F7-4668-BE54-9A1E7A4F7556}") = "json-ld.net", "json-ld.net\src\json-ld.net\json-ld.net.csproj", "{19D9138C-E158-43C1-9B2F-ABD302DFFD5F}"
EndProject
Project("{9A19103F-16F7-4668-BE54-9A1E7A4F7556}") = "SimpleIdServer.Did.Key", "src\Did\SimpleIdServer.Did.Key\SimpleIdServer.Did.Key.csproj", "{43EDFEED-30D9-49B2-8605-051365D76727}"
EndProject
Project("{9A19103F-16F7-4668-BE54-9A1E7A4F7556}") = "SimpleIdServer.WalletClient", "src\CredentialIssuer\SimpleIdServer.WalletClient\SimpleIdServer.WalletClient.csproj", "{8A95913B-06F9-4622-8E70-4ACE9691E5C8}"
EndProject
Global
	GlobalSection(SolutionConfigurationPlatforms) = preSolution
		Debug|Any CPU = Debug|Any CPU
		Release|Any CPU = Release|Any CPU
	EndGlobalSection
	GlobalSection(ProjectConfigurationPlatforms) = postSolution
		{DAA5D83F-0A10-4532-BFAD-AC321D9E9D07}.Debug|Any CPU.ActiveCfg = Debug|Any CPU
		{DAA5D83F-0A10-4532-BFAD-AC321D9E9D07}.Debug|Any CPU.Build.0 = Debug|Any CPU
		{DAA5D83F-0A10-4532-BFAD-AC321D9E9D07}.Debug|Any CPU.Deploy.0 = Debug|Any CPU
		{DAA5D83F-0A10-4532-BFAD-AC321D9E9D07}.Release|Any CPU.ActiveCfg = Release|Any CPU
		{DAA5D83F-0A10-4532-BFAD-AC321D9E9D07}.Release|Any CPU.Build.0 = Release|Any CPU
		{DAA5D83F-0A10-4532-BFAD-AC321D9E9D07}.Release|Any CPU.Deploy.0 = Release|Any CPU
		{E82B46A3-287A-4E03-81E4-AF3EE9CB1600}.Debug|Any CPU.ActiveCfg = Debug|Any CPU
		{E82B46A3-287A-4E03-81E4-AF3EE9CB1600}.Debug|Any CPU.Build.0 = Debug|Any CPU
		{E82B46A3-287A-4E03-81E4-AF3EE9CB1600}.Release|Any CPU.ActiveCfg = Release|Any CPU
		{E82B46A3-287A-4E03-81E4-AF3EE9CB1600}.Release|Any CPU.Build.0 = Release|Any CPU
		{D71EF65F-B0C6-4B59-843E-43CD17CA9D84}.Debug|Any CPU.ActiveCfg = Debug|Any CPU
		{D71EF65F-B0C6-4B59-843E-43CD17CA9D84}.Debug|Any CPU.Build.0 = Debug|Any CPU
		{D71EF65F-B0C6-4B59-843E-43CD17CA9D84}.Release|Any CPU.ActiveCfg = Release|Any CPU
		{D71EF65F-B0C6-4B59-843E-43CD17CA9D84}.Release|Any CPU.Build.0 = Release|Any CPU
		{8B528076-816A-4894-AA36-20659EF06CBD}.Debug|Any CPU.ActiveCfg = Debug|Any CPU
		{8B528076-816A-4894-AA36-20659EF06CBD}.Debug|Any CPU.Build.0 = Debug|Any CPU
		{8B528076-816A-4894-AA36-20659EF06CBD}.Release|Any CPU.ActiveCfg = Release|Any CPU
		{8B528076-816A-4894-AA36-20659EF06CBD}.Release|Any CPU.Build.0 = Release|Any CPU
		{89ADD8B4-38C3-4EB9-BA80-F692B7133CF5}.Debug|Any CPU.ActiveCfg = Debug|Any CPU
		{89ADD8B4-38C3-4EB9-BA80-F692B7133CF5}.Debug|Any CPU.Build.0 = Debug|Any CPU
		{89ADD8B4-38C3-4EB9-BA80-F692B7133CF5}.Release|Any CPU.ActiveCfg = Release|Any CPU
		{89ADD8B4-38C3-4EB9-BA80-F692B7133CF5}.Release|Any CPU.Build.0 = Release|Any CPU
		{19D9138C-E158-43C1-9B2F-ABD302DFFD5F}.Debug|Any CPU.ActiveCfg = Debug|Any CPU
		{19D9138C-E158-43C1-9B2F-ABD302DFFD5F}.Debug|Any CPU.Build.0 = Debug|Any CPU
		{19D9138C-E158-43C1-9B2F-ABD302DFFD5F}.Release|Any CPU.ActiveCfg = Release|Any CPU
		{19D9138C-E158-43C1-9B2F-ABD302DFFD5F}.Release|Any CPU.Build.0 = Release|Any CPU
		{43EDFEED-30D9-49B2-8605-051365D76727}.Debug|Any CPU.ActiveCfg = Debug|Any CPU
		{43EDFEED-30D9-49B2-8605-051365D76727}.Debug|Any CPU.Build.0 = Debug|Any CPU
		{43EDFEED-30D9-49B2-8605-051365D76727}.Release|Any CPU.ActiveCfg = Release|Any CPU
		{43EDFEED-30D9-49B2-8605-051365D76727}.Release|Any CPU.Build.0 = Release|Any CPU
		{8A95913B-06F9-4622-8E70-4ACE9691E5C8}.Debug|Any CPU.ActiveCfg = Debug|Any CPU
		{8A95913B-06F9-4622-8E70-4ACE9691E5C8}.Debug|Any CPU.Build.0 = Debug|Any CPU
		{8A95913B-06F9-4622-8E70-4ACE9691E5C8}.Release|Any CPU.ActiveCfg = Release|Any CPU
		{8A95913B-06F9-4622-8E70-4ACE9691E5C8}.Release|Any CPU.Build.0 = Release|Any CPU
	EndGlobalSection
	GlobalSection(SolutionProperties) = preSolution
		HideSolutionNode = FALSE
	EndGlobalSection
	GlobalSection(NestedProjects) = preSolution
		{D71EF65F-B0C6-4B59-843E-43CD17CA9D84} = {2F88CE6F-3C21-4259-B47F-DEAF4006130B}
		{8B528076-816A-4894-AA36-20659EF06CBD} = {2F88CE6F-3C21-4259-B47F-DEAF4006130B}
		{89ADD8B4-38C3-4EB9-BA80-F692B7133CF5} = {2F88CE6F-3C21-4259-B47F-DEAF4006130B}
		{19D9138C-E158-43C1-9B2F-ABD302DFFD5F} = {2F88CE6F-3C21-4259-B47F-DEAF4006130B}
		{43EDFEED-30D9-49B2-8605-051365D76727} = {2F88CE6F-3C21-4259-B47F-DEAF4006130B}
		{8A95913B-06F9-4622-8E70-4ACE9691E5C8} = {2F88CE6F-3C21-4259-B47F-DEAF4006130B}
	EndGlobalSection
	GlobalSection(ExtensibilityGlobals) = postSolution
		SolutionGuid = {D6309DCA-4D0E-4F6B-9BD5-C9517B205984}
	EndGlobalSection
EndGlobal
