
Microsoft Visual Studio Solution File, Format Version 12.00
# Visual Studio Version 17
VisualStudioVersion = 17.3.32825.248
MinimumVisualStudioVersion = 10.0.40219.1
Project("{2150E333-8FDC-42A3-9474-1A3956D46DE8}") = "01. Core Layer", "01. Core Layer", "{D2D15E4F-4C66-43DA-B7F6-D8FE40353958}"
EndProject
Project("{9A19103F-16F7-4668-BE54-9A1E7A4F7556}") = "SimpleIdServer.WsFederation", "src\WsFederation\SimpleIdServer.WsFederation\SimpleIdServer.WsFederation.csproj", "{74167A3E-9A9C-4A79-822E-9C89ED483CB7}"
EndProject
Project("{2150E333-8FDC-42A3-9474-1A3956D46DE8}") = "02. Startup Layer", "02. Startup Layer", "{A8155281-FF7C-4A14-9C0A-CDBAEB242351}"
EndProject
Project("{9A19103F-16F7-4668-BE54-9A1E7A4F7556}") = "SimpleIdServer.WsFederation.Host", "src\WsFederation\SimpleIdServer.WsFederation.Host\SimpleIdServer.WsFederation.Host.csproj", "{27AABECC-930D-4A8D-998A-AADF4080674E}"
EndProject
Project("{9A19103F-16F7-4668-BE54-9A1E7A4F7556}") = "SimpleIdServer.WsFederation.ClientHost", "src\WsFederation\SimpleIdServer.WsFederation.ClientHost\SimpleIdServer.WsFederation.ClientHost.csproj", "{2D2A00C0-1437-4E2F-B5DB-67C23F708351}"
EndProject
Global
	GlobalSection(SolutionConfigurationPlatforms) = preSolution
		Debug|Any CPU = Debug|Any CPU
		Release|Any CPU = Release|Any CPU
	EndGlobalSection
	GlobalSection(ProjectConfigurationPlatforms) = postSolution
		{74167A3E-9A9C-4A79-822E-9C89ED483CB7}.Debug|Any CPU.ActiveCfg = Debug|Any CPU
		{74167A3E-9A9C-4A79-822E-9C89ED483CB7}.Debug|Any CPU.Build.0 = Debug|Any CPU
		{74167A3E-9A9C-4A79-822E-9C89ED483CB7}.Release|Any CPU.ActiveCfg = Release|Any CPU
		{74167A3E-9A9C-4A79-822E-9C89ED483CB7}.Release|Any CPU.Build.0 = Release|Any CPU
		{27AABECC-930D-4A8D-998A-AADF4080674E}.Debug|Any CPU.ActiveCfg = Debug|Any CPU
		{27AABECC-930D-4A8D-998A-AADF4080674E}.Debug|Any CPU.Build.0 = Debug|Any CPU
		{27AABECC-930D-4A8D-998A-AADF4080674E}.Release|Any CPU.ActiveCfg = Release|Any CPU
		{27AABECC-930D-4A8D-998A-AADF4080674E}.Release|Any CPU.Build.0 = Release|Any CPU
		{2D2A00C0-1437-4E2F-B5DB-67C23F708351}.Debug|Any CPU.ActiveCfg = Debug|Any CPU
		{2D2A00C0-1437-4E2F-B5DB-67C23F708351}.Debug|Any CPU.Build.0 = Debug|Any CPU
		{2D2A00C0-1437-4E2F-B5DB-67C23F708351}.Release|Any CPU.ActiveCfg = Release|Any CPU
		{2D2A00C0-1437-4E2F-B5DB-67C23F708351}.Release|Any CPU.Build.0 = Release|Any CPU
	EndGlobalSection
	GlobalSection(SolutionProperties) = preSolution
		HideSolutionNode = FALSE
	EndGlobalSection
	GlobalSection(NestedProjects) = preSolution
		{74167A3E-9A9C-4A79-822E-9C89ED483CB7} = {D2D15E4F-4C66-43DA-B7F6-D8FE40353958}
		{27AABECC-930D-4A8D-998A-AADF4080674E} = {A8155281-FF7C-4A14-9C0A-CDBAEB242351}
		{2D2A00C0-1437-4E2F-B5DB-67C23F708351} = {A8155281-FF7C-4A14-9C0A-CDBAEB242351}
	EndGlobalSection
	GlobalSection(ExtensibilityGlobals) = postSolution
		SolutionGuid = {EAF8949E-CBF9-41AC-9980-43C9B40DA58D}
	EndGlobalSection
EndGlobal
