
Microsoft Visual Studio Solution File, Format Version 12.00
# Visual Studio Version 16
VisualStudioVersion = 16.0.31019.35
MinimumVisualStudioVersion = 10.0.40219.1
Project("{2150E333-8FDC-42A3-9474-1A3956D46DE8}") = "01. Core Layer", "01. Core Layer", "{8C081D0A-A448-42F4-8B80-FC2BBCCE5727}"
EndProject
Project("{2150E333-8FDC-42A3-9474-1A3956D46DE8}") = "02. Startup Layer", "02. Startup Layer", "{0DBE9C34-2ADA-4EA3-A347-6AFB0ECB5109}"
EndProject
Project("{9A19103F-16F7-4668-BE54-9A1E7A4F7556}") = "SimpleIdServer.OAuth", "src\OAuth\SimpleIdServer.OAuth\SimpleIdServer.OAuth.csproj", "{292710B2-2FAE-41A1-ACD8-95450155E4BD}"
EndProject
Project("{9A19103F-16F7-4668-BE54-9A1E7A4F7556}") = "SimpleIdServer.Jwt", "src\OAuth\SimpleIdServer.Jwt\SimpleIdServer.Jwt.csproj", "{E90E84DA-7B1A-45E1-A183-06B400B624CF}"
EndProject
Project("{9A19103F-16F7-4668-BE54-9A1E7A4F7556}") = "SimpleIdServer.Uma", "src\UMA\SimpleIdServer.Uma\SimpleIdServer.Uma.csproj", "{B3A24DF6-6563-410A-811C-63975F011530}"
EndProject
Project("{9A19103F-16F7-4668-BE54-9A1E7A4F7556}") = "SimpleIdServer.Uma.Startup", "src\UMA\SimpleIdServer.Uma.Startup\SimpleIdServer.Uma.Startup.csproj", "{D6F9D277-6E44-4144-86D1-D76D36784D91}"
EndProject
Project("{2150E333-8FDC-42A3-9474-1A3956D46DE8}") = "03. Testing Layer", "03. Testing Layer", "{CFB90257-1765-4CD2-8BE0-F5B1B7529197}"
EndProject
Project("{9A19103F-16F7-4668-BE54-9A1E7A4F7556}") = "SimpleIdServer.Uma.Host.Acceptance.Tests", "tests\SimpleIdServer.Uma.Host.Acceptance.Tests\SimpleIdServer.Uma.Host.Acceptance.Tests.csproj", "{2D0FEABC-6267-481D-9C79-AC92AAA11126}"
EndProject
Project("{9A19103F-16F7-4668-BE54-9A1E7A4F7556}") = "SimpleIdServer.Uma.EF", "src\UMA\SimpleIdServer.Uma.EF\SimpleIdServer.Uma.EF.csproj", "{620F2F61-10EF-453C-9768-793725651F97}"
EndProject
Project("{2150E333-8FDC-42A3-9474-1A3956D46DE8}") = "01. OAuth", "01. OAuth", "{88F13173-F6C9-4784-9E35-3626B219A633}"
EndProject
Project("{9A19103F-16F7-4668-BE54-9A1E7A4F7556}") = "SimpleIdServer.OAuth.EF", "src\OAuth\SimpleIdServer.OAuth.EF\SimpleIdServer.OAuth.EF.csproj", "{CC07234D-EE91-4BAF-939B-8974975C10C8}"
EndProject
Project("{9A19103F-16F7-4668-BE54-9A1E7A4F7556}") = "SimpleIdServer.Uma.SqlServer.Startup", "src\UMA\SimpleIdServer.Uma.SqlServer.Startup\SimpleIdServer.Uma.SqlServer.Startup.csproj", "{4F81EA37-58A6-433A-B239-6F3009181C64}"
EndProject
Global
	GlobalSection(SolutionConfigurationPlatforms) = preSolution
		Debug|Any CPU = Debug|Any CPU
		Release|Any CPU = Release|Any CPU
	EndGlobalSection
	GlobalSection(ProjectConfigurationPlatforms) = postSolution
		{292710B2-2FAE-41A1-ACD8-95450155E4BD}.Debug|Any CPU.ActiveCfg = Debug|Any CPU
		{292710B2-2FAE-41A1-ACD8-95450155E4BD}.Debug|Any CPU.Build.0 = Debug|Any CPU
		{292710B2-2FAE-41A1-ACD8-95450155E4BD}.Release|Any CPU.ActiveCfg = Release|Any CPU
		{292710B2-2FAE-41A1-ACD8-95450155E4BD}.Release|Any CPU.Build.0 = Release|Any CPU
		{E90E84DA-7B1A-45E1-A183-06B400B624CF}.Debug|Any CPU.ActiveCfg = Debug|Any CPU
		{E90E84DA-7B1A-45E1-A183-06B400B624CF}.Debug|Any CPU.Build.0 = Debug|Any CPU
		{E90E84DA-7B1A-45E1-A183-06B400B624CF}.Release|Any CPU.ActiveCfg = Release|Any CPU
		{E90E84DA-7B1A-45E1-A183-06B400B624CF}.Release|Any CPU.Build.0 = Release|Any CPU
		{B3A24DF6-6563-410A-811C-63975F011530}.Debug|Any CPU.ActiveCfg = Debug|Any CPU
		{B3A24DF6-6563-410A-811C-63975F011530}.Debug|Any CPU.Build.0 = Debug|Any CPU
		{B3A24DF6-6563-410A-811C-63975F011530}.Release|Any CPU.ActiveCfg = Release|Any CPU
		{B3A24DF6-6563-410A-811C-63975F011530}.Release|Any CPU.Build.0 = Release|Any CPU
		{D6F9D277-6E44-4144-86D1-D76D36784D91}.Debug|Any CPU.ActiveCfg = Debug|Any CPU
		{D6F9D277-6E44-4144-86D1-D76D36784D91}.Debug|Any CPU.Build.0 = Debug|Any CPU
		{D6F9D277-6E44-4144-86D1-D76D36784D91}.Release|Any CPU.ActiveCfg = Release|Any CPU
		{D6F9D277-6E44-4144-86D1-D76D36784D91}.Release|Any CPU.Build.0 = Release|Any CPU
		{2D0FEABC-6267-481D-9C79-AC92AAA11126}.Debug|Any CPU.ActiveCfg = Debug|Any CPU
		{2D0FEABC-6267-481D-9C79-AC92AAA11126}.Debug|Any CPU.Build.0 = Debug|Any CPU
		{2D0FEABC-6267-481D-9C79-AC92AAA11126}.Release|Any CPU.ActiveCfg = Release|Any CPU
		{2D0FEABC-6267-481D-9C79-AC92AAA11126}.Release|Any CPU.Build.0 = Release|Any CPU
		{620F2F61-10EF-453C-9768-793725651F97}.Debug|Any CPU.ActiveCfg = Debug|Any CPU
		{620F2F61-10EF-453C-9768-793725651F97}.Debug|Any CPU.Build.0 = Debug|Any CPU
		{620F2F61-10EF-453C-9768-793725651F97}.Release|Any CPU.ActiveCfg = Release|Any CPU
		{620F2F61-10EF-453C-9768-793725651F97}.Release|Any CPU.Build.0 = Release|Any CPU
		{CC07234D-EE91-4BAF-939B-8974975C10C8}.Debug|Any CPU.ActiveCfg = Debug|Any CPU
		{CC07234D-EE91-4BAF-939B-8974975C10C8}.Debug|Any CPU.Build.0 = Debug|Any CPU
		{CC07234D-EE91-4BAF-939B-8974975C10C8}.Release|Any CPU.ActiveCfg = Release|Any CPU
		{CC07234D-EE91-4BAF-939B-8974975C10C8}.Release|Any CPU.Build.0 = Release|Any CPU
		{4F81EA37-58A6-433A-B239-6F3009181C64}.Debug|Any CPU.ActiveCfg = Debug|Any CPU
		{4F81EA37-58A6-433A-B239-6F3009181C64}.Debug|Any CPU.Build.0 = Debug|Any CPU
		{4F81EA37-58A6-433A-B239-6F3009181C64}.Release|Any CPU.ActiveCfg = Release|Any CPU
		{4F81EA37-58A6-433A-B239-6F3009181C64}.Release|Any CPU.Build.0 = Release|Any CPU
	EndGlobalSection
	GlobalSection(SolutionProperties) = preSolution
		HideSolutionNode = FALSE
	EndGlobalSection
	GlobalSection(NestedProjects) = preSolution
		{292710B2-2FAE-41A1-ACD8-95450155E4BD} = {88F13173-F6C9-4784-9E35-3626B219A633}
		{E90E84DA-7B1A-45E1-A183-06B400B624CF} = {88F13173-F6C9-4784-9E35-3626B219A633}
		{B3A24DF6-6563-410A-811C-63975F011530} = {8C081D0A-A448-42F4-8B80-FC2BBCCE5727}
		{D6F9D277-6E44-4144-86D1-D76D36784D91} = {0DBE9C34-2ADA-4EA3-A347-6AFB0ECB5109}
		{2D0FEABC-6267-481D-9C79-AC92AAA11126} = {CFB90257-1765-4CD2-8BE0-F5B1B7529197}
		{620F2F61-10EF-453C-9768-793725651F97} = {8C081D0A-A448-42F4-8B80-FC2BBCCE5727}
		{88F13173-F6C9-4784-9E35-3626B219A633} = {8C081D0A-A448-42F4-8B80-FC2BBCCE5727}
		{CC07234D-EE91-4BAF-939B-8974975C10C8} = {88F13173-F6C9-4784-9E35-3626B219A633}
		{4F81EA37-58A6-433A-B239-6F3009181C64} = {0DBE9C34-2ADA-4EA3-A347-6AFB0ECB5109}
	EndGlobalSection
	GlobalSection(ExtensibilityGlobals) = postSolution
		SolutionGuid = {EE79876A-D56B-4202-8E04-DB2A196867BB}
	EndGlobalSection
EndGlobal
