
Microsoft Visual Studio Solution File, Format Version 12.00
# Visual Studio Version 17
VisualStudioVersion = 17.4.33122.133
MinimumVisualStudioVersion = 10.0.40219.1
Project("{2150E333-8FDC-42A3-9474-1A3956D46DE8}") = "01. Core", "01. Core", "{E81A364B-F1A9-4BAB-95F9-8163AF8A0FD9}"
EndProject
Project("{9A19103F-16F7-4668-BE54-9A1E7A4F7556}") = "SimpleIdServer.CredentialIssuer", "src\CredentialIssuer\SimpleIdServer.CredentialIssuer\SimpleIdServer.CredentialIssuer.csproj", "{6B11B229-453B-4AD3-82A9-1E6DEA678167}"
EndProject
Project("{2150E333-8FDC-42A3-9474-1A3956D46DE8}") = "02. Startup", "02. Startup", "{E2AE7484-8B8A-4B03-A5E8-93E65905E3DF}"
EndProject
Project("{9A19103F-16F7-4668-BE54-9A1E7A4F7556}") = "SimpleIdServer.CredentialIssuer.Startup", "src\CredentialIssuer\SimpleIdServer.CredentialIssuer.Startup\SimpleIdServer.CredentialIssuer.Startup.csproj", "{56475A07-2899-4ADA-BB6B-ED35B56C37D0}"
EndProject
Project("{9A19103F-16F7-4668-BE54-9A1E7A4F7556}") = "SimpleIdServer.CredentialIssuer.Store", "src\CredentialIssuer\SimpleIdServer.CredentialIssuer.Store\SimpleIdServer.CredentialIssuer.Store.csproj", "{2C537E5B-4E93-4083-9494-220F2C90B4FE}"
EndProject
Project("{9A19103F-16F7-4668-BE54-9A1E7A4F7556}") = "SimpleIdServer.CredentialIssuer.Domains", "src\CredentialIssuer\SimpleIdServer.CredentialIssuer.Domains\SimpleIdServer.CredentialIssuer.Domains.csproj", "{214EBF2F-992E-4F42-9138-D939908160C3}"
EndProject
Project("{2150E333-8FDC-42A3-9474-1A3956D46DE8}") = "03. Tests", "03. Tests", "{C3CB7FB7-677D-4FA8-B9FE-1F9755767C07}"
EndProject
Project("{9A19103F-16F7-4668-BE54-9A1E7A4F7556}") = "SimpleIdServer.Vc", "src\Did\SimpleIdServer.Vc\SimpleIdServer.Vc.csproj", "{B709BB78-A6BF-49F2-9D88-A21678D046D7}"
EndProject
Project("{9A19103F-16F7-4668-BE54-9A1E7A4F7556}") = "SimpleIdServer.Did", "src\Did\SimpleIdServer.Did\SimpleIdServer.Did.csproj", "{11C17185-2A5F-4B39-965F-BE2BD0F3EDD7}"
EndProject
Project("{2150E333-8FDC-42A3-9474-1A3956D46DE8}") = "01. Did", "01. Did", "{CAD5C508-21EA-441F-843E-0E5B6CB9A102}"
EndProject
Project("{9A19103F-16F7-4668-BE54-9A1E7A4F7556}") = "SimpleIdServer.Did.Key", "src\Did\SimpleIdServer.Did.Key\SimpleIdServer.Did.Key.csproj", "{0EA9C896-0008-4124-A933-5F35643A63B3}"
EndProject
Project("{9A19103F-16F7-4668-BE54-9A1E7A4F7556}") = "SimpleIdServer.Did.Ethr", "src\Did\SimpleIdServer.Did.Ethr\SimpleIdServer.Did.Ethr.csproj", "{D018F177-28D3-41BB-865A-9E90596E4086}"
EndProject
Project("{9A19103F-16F7-4668-BE54-9A1E7A4F7556}") = "SimpleIdServer.CredentialIssuer.Host.Acceptance.Tests", "tests\SimpleIdServer.CredentialIssuer.Host.Acceptance.Tests\SimpleIdServer.CredentialIssuer.Host.Acceptance.Tests.csproj", "{74FF128C-338C-4D93-8CA3-C36165E18413}"
EndProject
Project("{9A19103F-16F7-4668-BE54-9A1E7A4F7556}") = "SimpleIdServer.CredentialIssuer.Website", "src\CredentialIssuer\SimpleIdServer.CredentialIssuer.Website\SimpleIdServer.CredentialIssuer.Website.csproj", "{6B7D2058-4163-4D5B-B002-FBBCD26C80FB}"
EndProject
Project("{9A19103F-16F7-4668-BE54-9A1E7A4F7556}") = "SimpleIdServer.CredentialIssuer.Website.Startup", "src\CredentialIssuer\SimpleIdServer.CredentialIssuer.Website.Startup\SimpleIdServer.CredentialIssuer.Website.Startup.csproj", "{651DAE84-AB36-4D05-B604-3B4A6C885B05}"
EndProject
Project("{9A19103F-16F7-4668-BE54-9A1E7A4F7556}") = "json-ld.net", "json-ld.net\src\json-ld.net\json-ld.net.csproj", "{B51DC1D9-4A57-4D36-B61C-F93D61878321}"
EndProject
Project("{9A19103F-16F7-4668-BE54-9A1E7A4F7556}") = "SimpleIdServer.CredentialIssuer.Console", "src\CredentialIssuer\SimpleIdServer.CredentialIssuer.Console\SimpleIdServer.CredentialIssuer.Console.csproj", "{DAB56B5C-8F1B-4B56-90A0-DB19332D8630}"
EndProject
Project("{9A19103F-16F7-4668-BE54-9A1E7A4F7556}") = "SimpleIdServer.WalletClient", "src\CredentialIssuer\SimpleIdServer.WalletClient\SimpleIdServer.WalletClient.csproj", "{B9414632-67FA-43E6-AF49-27BDF5BEFC4A}"
EndProject
Global
	GlobalSection(SolutionConfigurationPlatforms) = preSolution
		Debug|Any CPU = Debug|Any CPU
		Release|Any CPU = Release|Any CPU
	EndGlobalSection
	GlobalSection(ProjectConfigurationPlatforms) = postSolution
		{6B11B229-453B-4AD3-82A9-1E6DEA678167}.Debug|Any CPU.ActiveCfg = Debug|Any CPU
		{6B11B229-453B-4AD3-82A9-1E6DEA678167}.Debug|Any CPU.Build.0 = Debug|Any CPU
		{6B11B229-453B-4AD3-82A9-1E6DEA678167}.Release|Any CPU.ActiveCfg = Release|Any CPU
		{6B11B229-453B-4AD3-82A9-1E6DEA678167}.Release|Any CPU.Build.0 = Release|Any CPU
		{56475A07-2899-4ADA-BB6B-ED35B56C37D0}.Debug|Any CPU.ActiveCfg = Debug|Any CPU
		{56475A07-2899-4ADA-BB6B-ED35B56C37D0}.Debug|Any CPU.Build.0 = Debug|Any CPU
		{56475A07-2899-4ADA-BB6B-ED35B56C37D0}.Release|Any CPU.ActiveCfg = Release|Any CPU
		{56475A07-2899-4ADA-BB6B-ED35B56C37D0}.Release|Any CPU.Build.0 = Release|Any CPU
		{2C537E5B-4E93-4083-9494-220F2C90B4FE}.Debug|Any CPU.ActiveCfg = Debug|Any CPU
		{2C537E5B-4E93-4083-9494-220F2C90B4FE}.Debug|Any CPU.Build.0 = Debug|Any CPU
		{2C537E5B-4E93-4083-9494-220F2C90B4FE}.Release|Any CPU.ActiveCfg = Release|Any CPU
		{2C537E5B-4E93-4083-9494-220F2C90B4FE}.Release|Any CPU.Build.0 = Release|Any CPU
		{214EBF2F-992E-4F42-9138-D939908160C3}.Debug|Any CPU.ActiveCfg = Debug|Any CPU
		{214EBF2F-992E-4F42-9138-D939908160C3}.Debug|Any CPU.Build.0 = Debug|Any CPU
		{214EBF2F-992E-4F42-9138-D939908160C3}.Release|Any CPU.ActiveCfg = Release|Any CPU
		{214EBF2F-992E-4F42-9138-D939908160C3}.Release|Any CPU.Build.0 = Release|Any CPU
		{B709BB78-A6BF-49F2-9D88-A21678D046D7}.Debug|Any CPU.ActiveCfg = Debug|Any CPU
		{B709BB78-A6BF-49F2-9D88-A21678D046D7}.Debug|Any CPU.Build.0 = Debug|Any CPU
		{B709BB78-A6BF-49F2-9D88-A21678D046D7}.Release|Any CPU.ActiveCfg = Release|Any CPU
		{B709BB78-A6BF-49F2-9D88-A21678D046D7}.Release|Any CPU.Build.0 = Release|Any CPU
		{11C17185-2A5F-4B39-965F-BE2BD0F3EDD7}.Debug|Any CPU.ActiveCfg = Debug|Any CPU
		{11C17185-2A5F-4B39-965F-BE2BD0F3EDD7}.Debug|Any CPU.Build.0 = Debug|Any CPU
		{11C17185-2A5F-4B39-965F-BE2BD0F3EDD7}.Release|Any CPU.ActiveCfg = Release|Any CPU
		{11C17185-2A5F-4B39-965F-BE2BD0F3EDD7}.Release|Any CPU.Build.0 = Release|Any CPU
		{0EA9C896-0008-4124-A933-5F35643A63B3}.Debug|Any CPU.ActiveCfg = Debug|Any CPU
		{0EA9C896-0008-4124-A933-5F35643A63B3}.Debug|Any CPU.Build.0 = Debug|Any CPU
		{0EA9C896-0008-4124-A933-5F35643A63B3}.Release|Any CPU.ActiveCfg = Release|Any CPU
		{0EA9C896-0008-4124-A933-5F35643A63B3}.Release|Any CPU.Build.0 = Release|Any CPU
		{D018F177-28D3-41BB-865A-9E90596E4086}.Debug|Any CPU.ActiveCfg = Debug|Any CPU
		{D018F177-28D3-41BB-865A-9E90596E4086}.Debug|Any CPU.Build.0 = Debug|Any CPU
		{D018F177-28D3-41BB-865A-9E90596E4086}.Release|Any CPU.ActiveCfg = Release|Any CPU
		{D018F177-28D3-41BB-865A-9E90596E4086}.Release|Any CPU.Build.0 = Release|Any CPU
		{74FF128C-338C-4D93-8CA3-C36165E18413}.Debug|Any CPU.ActiveCfg = Debug|Any CPU
		{74FF128C-338C-4D93-8CA3-C36165E18413}.Debug|Any CPU.Build.0 = Debug|Any CPU
		{74FF128C-338C-4D93-8CA3-C36165E18413}.Release|Any CPU.ActiveCfg = Release|Any CPU
		{74FF128C-338C-4D93-8CA3-C36165E18413}.Release|Any CPU.Build.0 = Release|Any CPU
		{6B7D2058-4163-4D5B-B002-FBBCD26C80FB}.Debug|Any CPU.ActiveCfg = Debug|Any CPU
		{6B7D2058-4163-4D5B-B002-FBBCD26C80FB}.Debug|Any CPU.Build.0 = Debug|Any CPU
		{6B7D2058-4163-4D5B-B002-FBBCD26C80FB}.Release|Any CPU.ActiveCfg = Release|Any CPU
		{6B7D2058-4163-4D5B-B002-FBBCD26C80FB}.Release|Any CPU.Build.0 = Release|Any CPU
		{651DAE84-AB36-4D05-B604-3B4A6C885B05}.Debug|Any CPU.ActiveCfg = Debug|Any CPU
		{651DAE84-AB36-4D05-B604-3B4A6C885B05}.Debug|Any CPU.Build.0 = Debug|Any CPU
		{651DAE84-AB36-4D05-B604-3B4A6C885B05}.Release|Any CPU.ActiveCfg = Release|Any CPU
		{651DAE84-AB36-4D05-B604-3B4A6C885B05}.Release|Any CPU.Build.0 = Release|Any CPU
		{B51DC1D9-4A57-4D36-B61C-F93D61878321}.Debug|Any CPU.ActiveCfg = Debug|Any CPU
		{B51DC1D9-4A57-4D36-B61C-F93D61878321}.Debug|Any CPU.Build.0 = Debug|Any CPU
		{B51DC1D9-4A57-4D36-B61C-F93D61878321}.Release|Any CPU.ActiveCfg = Release|Any CPU
		{B51DC1D9-4A57-4D36-B61C-F93D61878321}.Release|Any CPU.Build.0 = Release|Any CPU
		{DAB56B5C-8F1B-4B56-90A0-DB19332D8630}.Debug|Any CPU.ActiveCfg = Debug|Any CPU
		{DAB56B5C-8F1B-4B56-90A0-DB19332D8630}.Debug|Any CPU.Build.0 = Debug|Any CPU
		{DAB56B5C-8F1B-4B56-90A0-DB19332D8630}.Release|Any CPU.ActiveCfg = Release|Any CPU
		{DAB56B5C-8F1B-4B56-90A0-DB19332D8630}.Release|Any CPU.Build.0 = Release|Any CPU
		{B9414632-67FA-43E6-AF49-27BDF5BEFC4A}.Debug|Any CPU.ActiveCfg = Debug|Any CPU
		{B9414632-67FA-43E6-AF49-27BDF5BEFC4A}.Debug|Any CPU.Build.0 = Debug|Any CPU
		{B9414632-67FA-43E6-AF49-27BDF5BEFC4A}.Release|Any CPU.ActiveCfg = Release|Any CPU
		{B9414632-67FA-43E6-AF49-27BDF5BEFC4A}.Release|Any CPU.Build.0 = Release|Any CPU
	EndGlobalSection
	GlobalSection(SolutionProperties) = preSolution
		HideSolutionNode = FALSE
	EndGlobalSection
	GlobalSection(NestedProjects) = preSolution
		{6B11B229-453B-4AD3-82A9-1E6DEA678167} = {E81A364B-F1A9-4BAB-95F9-8163AF8A0FD9}
		{56475A07-2899-4ADA-BB6B-ED35B56C37D0} = {E2AE7484-8B8A-4B03-A5E8-93E65905E3DF}
		{2C537E5B-4E93-4083-9494-220F2C90B4FE} = {E81A364B-F1A9-4BAB-95F9-8163AF8A0FD9}
		{214EBF2F-992E-4F42-9138-D939908160C3} = {E81A364B-F1A9-4BAB-95F9-8163AF8A0FD9}
		{B709BB78-A6BF-49F2-9D88-A21678D046D7} = {CAD5C508-21EA-441F-843E-0E5B6CB9A102}
		{11C17185-2A5F-4B39-965F-BE2BD0F3EDD7} = {CAD5C508-21EA-441F-843E-0E5B6CB9A102}
		{CAD5C508-21EA-441F-843E-0E5B6CB9A102} = {E81A364B-F1A9-4BAB-95F9-8163AF8A0FD9}
		{0EA9C896-0008-4124-A933-5F35643A63B3} = {CAD5C508-21EA-441F-843E-0E5B6CB9A102}
		{D018F177-28D3-41BB-865A-9E90596E4086} = {CAD5C508-21EA-441F-843E-0E5B6CB9A102}
		{74FF128C-338C-4D93-8CA3-C36165E18413} = {C3CB7FB7-677D-4FA8-B9FE-1F9755767C07}
		{6B7D2058-4163-4D5B-B002-FBBCD26C80FB} = {E81A364B-F1A9-4BAB-95F9-8163AF8A0FD9}
		{651DAE84-AB36-4D05-B604-3B4A6C885B05} = {E2AE7484-8B8A-4B03-A5E8-93E65905E3DF}
		{B51DC1D9-4A57-4D36-B61C-F93D61878321} = {CAD5C508-21EA-441F-843E-0E5B6CB9A102}
		{DAB56B5C-8F1B-4B56-90A0-DB19332D8630} = {E2AE7484-8B8A-4B03-A5E8-93E65905E3DF}
		{B9414632-67FA-43E6-AF49-27BDF5BEFC4A} = {E81A364B-F1A9-4BAB-95F9-8163AF8A0FD9}
	EndGlobalSection
	GlobalSection(ExtensibilityGlobals) = postSolution
		SolutionGuid = {AEF94609-C4E0-43B5-ACF8-6EE13FDD5804}
	EndGlobalSection
EndGlobal
