
Microsoft Visual Studio Solution File, Format Version 12.00
# Visual Studio Version 17
VisualStudioVersion = 17.4.33122.133
MinimumVisualStudioVersion = 10.0.40219.1
Project("{2150E333-8FDC-42A3-9474-1A3956D46DE8}") = "03. Startup Layer", "03. Startup Layer", "{68306EFF-55D9-497B-9482-FEB81C485914}"
EndProject
Project("{2150E333-8FDC-42A3-9474-1A3956D46DE8}") = "01. Core Layer", "01. Core Layer", "{4796A22B-91A9-42AF-87CA-F69392696B0A}"
EndProject
Project("{2150E333-8FDC-42A3-9474-1A3956D46DE8}") = "02. UI", "02. UI", "{21DEE52A-3A14-46CE-A9DE-C0C9F5E9E9D1}"
EndProject
Project("{9A19103F-16F7-4668-BE54-9A1E7A4F7556}") = "SimpleIdServer.UI.Authenticate.LoginPassword", "src\UI\SimpleIdServer.UI.Authenticate.LoginPassword\SimpleIdServer.UI.Authenticate.LoginPassword.csproj", "{3C3EA9D0-1631-4508-A48C-E05096557A03}"
EndProject
Project("{2150E333-8FDC-42A3-9474-1A3956D46DE8}") = "04. Testing Layer", "04. Testing Layer", "{033E4EF3-2FB5-450A-9B35-616D9B0D6EAA}"
EndProject
Project("{9A19103F-16F7-4668-BE54-9A1E7A4F7556}") = "SimpleIdServer.OpenID.Startup", "src\OpenID\SimpleIdServer.OpenID.Startup\SimpleIdServer.OpenID.Startup.csproj", "{42696AFD-6DFF-4360-B36D-7FAB6DE8ACEB}"
EndProject
Project("{9A19103F-16F7-4668-BE54-9A1E7A4F7556}") = "SimpleIdServer.OpenID.Host.Acceptance.Tests", "tests\SimpleIdServer.OpenID.Host.Acceptance.Tests\SimpleIdServer.OpenID.Host.Acceptance.Tests.csproj", "{3943A6A5-84A2-4086-A558-CDBB11910F76}"
EndProject
Project("{9A19103F-16F7-4668-BE54-9A1E7A4F7556}") = "SimpleIdServer.UI.Authenticate.Sms", "src\UI\SimpleIdServer.UI.Authenticate.Sms\SimpleIdServer.UI.Authenticate.Sms.csproj", "{C819B155-EF16-4544-AB52-510B8C242752}"
EndProject
Project("{9A19103F-16F7-4668-BE54-9A1E7A4F7556}") = "SimpleIdServer.OAuth", "src\OAuth\SimpleIdServer.OAuth\SimpleIdServer.OAuth.csproj", "{3C5630B4-E4A5-4D88-B415-C478305DEA60}"
EndProject
Project("{9A19103F-16F7-4668-BE54-9A1E7A4F7556}") = "SimpleIdServer.OpenID", "src\OpenID\SimpleIdServer.OpenID\SimpleIdServer.OpenID.csproj", "{0A8EC22B-112D-4D14-9208-E9D47433A4AD}"
EndProject
Project("{2150E333-8FDC-42A3-9474-1A3956D46DE8}") = "Solution Items", "Solution Items", "{4FDC2869-C584-4B40-B269-938630A72D03}"
	ProjectSection(SolutionItems) = preProject
		Directory.Build.props = Directory.Build.props
	EndProjectSection
EndProject
Project("{9A19103F-16F7-4668-BE54-9A1E7A4F7556}") = "SimpleIdServer.OpenID.Tests", "tests\SimpleIdServer.OpenID.Tests\SimpleIdServer.OpenID.Tests.csproj", "{F873763B-693B-438A-9FC5-5DB63FA4FB17}"
EndProject
Project("{9A19103F-16F7-4668-BE54-9A1E7A4F7556}") = "SimpleIdServer.OpenID.SqlServer.Startup", "src\OpenID\SimpleIdServer.OpenID.SqlServer.Startup\SimpleIdServer.OpenID.SqlServer.Startup.csproj", "{DC33D501-FCFD-428C-99FB-F07B159FB9B6}"
EndProject
Project("{2150E333-8FDC-42A3-9474-1A3956D46DE8}") = "02. OpenID", "02. OpenID", "{D6C9DEBA-6E65-47FC-903E-69AA1FCAD54E}"
EndProject
Project("{9A19103F-16F7-4668-BE54-9A1E7A4F7556}") = "SimpleIdServer.UI.Authenticate.Email", "src\UI\SimpleIdServer.UI.Authenticate.Email\SimpleIdServer.UI.Authenticate.Email.csproj", "{8D9FB825-40F2-40A2-8896-64D620C0C5B4}"
EndProject
Project("{9A19103F-16F7-4668-BE54-9A1E7A4F7556}") = "SimpleIdServer.Store", "src\OAuth\SimpleIdServer.Store\SimpleIdServer.Store.csproj", "{52DA2495-98FC-4069-9EB7-EAEE9430165A}"
EndProject
Project("{9A19103F-16F7-4668-BE54-9A1E7A4F7556}") = "SimpleIdServer.Domains", "src\OAuth\SimpleIdServer.Domains\SimpleIdServer.Domains.csproj", "{C0724073-A588-42A7-8BDA-CD1DFF77682F}"
EndProject
Project("{9A19103F-16F7-4668-BE54-9A1E7A4F7556}") = "SimpleIdServer.Helpers", "src\OAuth\SimpleIdServer.Helpers\SimpleIdServer.Helpers.csproj", "{E63E26A4-D4EF-410B-B486-B5C6F8C712AC}"
EndProject
Project("{9A19103F-16F7-4668-BE54-9A1E7A4F7556}") = "SimpleIdServer.OpenID.Store", "src\OpenID\SimpleIdServer.OpenID.Store\SimpleIdServer.OpenID.Store.csproj", "{C493D2A8-C87D-4CEE-B5D8-D89767EB2C93}"
EndProject
Project("{9A19103F-16F7-4668-BE54-9A1E7A4F7556}") = "SimpleIdServer.OpenID.Domains", "src\OpenID\SimpleIdServer.OpenID.Domains\SimpleIdServer.OpenID.Domains.csproj", "{2C4EF14A-3C0F-4C94-AF6F-419421FEA758}"
EndProject
Global
	GlobalSection(SolutionConfigurationPlatforms) = preSolution
		Debug|Any CPU = Debug|Any CPU
		Debug|iPhone = Debug|iPhone
		Debug|iPhoneSimulator = Debug|iPhoneSimulator
		Release|Any CPU = Release|Any CPU
		Release|iPhone = Release|iPhone
		Release|iPhoneSimulator = Release|iPhoneSimulator
	EndGlobalSection
	GlobalSection(ProjectConfigurationPlatforms) = postSolution
		{3C3EA9D0-1631-4508-A48C-E05096557A03}.Debug|Any CPU.ActiveCfg = Debug|Any CPU
		{3C3EA9D0-1631-4508-A48C-E05096557A03}.Debug|Any CPU.Build.0 = Debug|Any CPU
		{3C3EA9D0-1631-4508-A48C-E05096557A03}.Debug|iPhone.ActiveCfg = Debug|Any CPU
		{3C3EA9D0-1631-4508-A48C-E05096557A03}.Debug|iPhone.Build.0 = Debug|Any CPU
		{3C3EA9D0-1631-4508-A48C-E05096557A03}.Debug|iPhoneSimulator.ActiveCfg = Debug|Any CPU
		{3C3EA9D0-1631-4508-A48C-E05096557A03}.Debug|iPhoneSimulator.Build.0 = Debug|Any CPU
		{3C3EA9D0-1631-4508-A48C-E05096557A03}.Release|Any CPU.ActiveCfg = Release|Any CPU
		{3C3EA9D0-1631-4508-A48C-E05096557A03}.Release|Any CPU.Build.0 = Release|Any CPU
		{3C3EA9D0-1631-4508-A48C-E05096557A03}.Release|iPhone.ActiveCfg = Release|Any CPU
		{3C3EA9D0-1631-4508-A48C-E05096557A03}.Release|iPhone.Build.0 = Release|Any CPU
		{3C3EA9D0-1631-4508-A48C-E05096557A03}.Release|iPhoneSimulator.ActiveCfg = Release|Any CPU
		{3C3EA9D0-1631-4508-A48C-E05096557A03}.Release|iPhoneSimulator.Build.0 = Release|Any CPU
		{42696AFD-6DFF-4360-B36D-7FAB6DE8ACEB}.Debug|Any CPU.ActiveCfg = Debug|Any CPU
		{42696AFD-6DFF-4360-B36D-7FAB6DE8ACEB}.Debug|Any CPU.Build.0 = Debug|Any CPU
		{42696AFD-6DFF-4360-B36D-7FAB6DE8ACEB}.Debug|iPhone.ActiveCfg = Debug|Any CPU
		{42696AFD-6DFF-4360-B36D-7FAB6DE8ACEB}.Debug|iPhone.Build.0 = Debug|Any CPU
		{42696AFD-6DFF-4360-B36D-7FAB6DE8ACEB}.Debug|iPhoneSimulator.ActiveCfg = Debug|Any CPU
		{42696AFD-6DFF-4360-B36D-7FAB6DE8ACEB}.Debug|iPhoneSimulator.Build.0 = Debug|Any CPU
		{42696AFD-6DFF-4360-B36D-7FAB6DE8ACEB}.Release|Any CPU.ActiveCfg = Release|Any CPU
		{42696AFD-6DFF-4360-B36D-7FAB6DE8ACEB}.Release|Any CPU.Build.0 = Release|Any CPU
		{42696AFD-6DFF-4360-B36D-7FAB6DE8ACEB}.Release|iPhone.ActiveCfg = Release|Any CPU
		{42696AFD-6DFF-4360-B36D-7FAB6DE8ACEB}.Release|iPhone.Build.0 = Release|Any CPU
		{42696AFD-6DFF-4360-B36D-7FAB6DE8ACEB}.Release|iPhoneSimulator.ActiveCfg = Release|Any CPU
		{42696AFD-6DFF-4360-B36D-7FAB6DE8ACEB}.Release|iPhoneSimulator.Build.0 = Release|Any CPU
		{3943A6A5-84A2-4086-A558-CDBB11910F76}.Debug|Any CPU.ActiveCfg = Debug|Any CPU
		{3943A6A5-84A2-4086-A558-CDBB11910F76}.Debug|Any CPU.Build.0 = Debug|Any CPU
		{3943A6A5-84A2-4086-A558-CDBB11910F76}.Debug|iPhone.ActiveCfg = Debug|Any CPU
		{3943A6A5-84A2-4086-A558-CDBB11910F76}.Debug|iPhone.Build.0 = Debug|Any CPU
		{3943A6A5-84A2-4086-A558-CDBB11910F76}.Debug|iPhoneSimulator.ActiveCfg = Debug|Any CPU
		{3943A6A5-84A2-4086-A558-CDBB11910F76}.Debug|iPhoneSimulator.Build.0 = Debug|Any CPU
		{3943A6A5-84A2-4086-A558-CDBB11910F76}.Release|Any CPU.ActiveCfg = Release|Any CPU
		{3943A6A5-84A2-4086-A558-CDBB11910F76}.Release|Any CPU.Build.0 = Release|Any CPU
		{3943A6A5-84A2-4086-A558-CDBB11910F76}.Release|iPhone.ActiveCfg = Release|Any CPU
		{3943A6A5-84A2-4086-A558-CDBB11910F76}.Release|iPhone.Build.0 = Release|Any CPU
		{3943A6A5-84A2-4086-A558-CDBB11910F76}.Release|iPhoneSimulator.ActiveCfg = Release|Any CPU
		{3943A6A5-84A2-4086-A558-CDBB11910F76}.Release|iPhoneSimulator.Build.0 = Release|Any CPU
		{C819B155-EF16-4544-AB52-510B8C242752}.Debug|Any CPU.ActiveCfg = Debug|Any CPU
		{C819B155-EF16-4544-AB52-510B8C242752}.Debug|Any CPU.Build.0 = Debug|Any CPU
		{C819B155-EF16-4544-AB52-510B8C242752}.Debug|iPhone.ActiveCfg = Debug|Any CPU
		{C819B155-EF16-4544-AB52-510B8C242752}.Debug|iPhone.Build.0 = Debug|Any CPU
		{C819B155-EF16-4544-AB52-510B8C242752}.Debug|iPhoneSimulator.ActiveCfg = Debug|Any CPU
		{C819B155-EF16-4544-AB52-510B8C242752}.Debug|iPhoneSimulator.Build.0 = Debug|Any CPU
		{C819B155-EF16-4544-AB52-510B8C242752}.Release|Any CPU.ActiveCfg = Release|Any CPU
		{C819B155-EF16-4544-AB52-510B8C242752}.Release|Any CPU.Build.0 = Release|Any CPU
		{C819B155-EF16-4544-AB52-510B8C242752}.Release|iPhone.ActiveCfg = Release|Any CPU
		{C819B155-EF16-4544-AB52-510B8C242752}.Release|iPhone.Build.0 = Release|Any CPU
		{C819B155-EF16-4544-AB52-510B8C242752}.Release|iPhoneSimulator.ActiveCfg = Release|Any CPU
		{C819B155-EF16-4544-AB52-510B8C242752}.Release|iPhoneSimulator.Build.0 = Release|Any CPU
		{3C5630B4-E4A5-4D88-B415-C478305DEA60}.Debug|Any CPU.ActiveCfg = Debug|Any CPU
		{3C5630B4-E4A5-4D88-B415-C478305DEA60}.Debug|Any CPU.Build.0 = Debug|Any CPU
		{3C5630B4-E4A5-4D88-B415-C478305DEA60}.Debug|iPhone.ActiveCfg = Debug|Any CPU
		{3C5630B4-E4A5-4D88-B415-C478305DEA60}.Debug|iPhone.Build.0 = Debug|Any CPU
		{3C5630B4-E4A5-4D88-B415-C478305DEA60}.Debug|iPhoneSimulator.ActiveCfg = Debug|Any CPU
		{3C5630B4-E4A5-4D88-B415-C478305DEA60}.Debug|iPhoneSimulator.Build.0 = Debug|Any CPU
		{3C5630B4-E4A5-4D88-B415-C478305DEA60}.Release|Any CPU.ActiveCfg = Release|Any CPU
		{3C5630B4-E4A5-4D88-B415-C478305DEA60}.Release|Any CPU.Build.0 = Release|Any CPU
		{3C5630B4-E4A5-4D88-B415-C478305DEA60}.Release|iPhone.ActiveCfg = Release|Any CPU
		{3C5630B4-E4A5-4D88-B415-C478305DEA60}.Release|iPhone.Build.0 = Release|Any CPU
		{3C5630B4-E4A5-4D88-B415-C478305DEA60}.Release|iPhoneSimulator.ActiveCfg = Release|Any CPU
		{3C5630B4-E4A5-4D88-B415-C478305DEA60}.Release|iPhoneSimulator.Build.0 = Release|Any CPU
		{0A8EC22B-112D-4D14-9208-E9D47433A4AD}.Debug|Any CPU.ActiveCfg = Debug|Any CPU
		{0A8EC22B-112D-4D14-9208-E9D47433A4AD}.Debug|Any CPU.Build.0 = Debug|Any CPU
		{0A8EC22B-112D-4D14-9208-E9D47433A4AD}.Debug|iPhone.ActiveCfg = Debug|Any CPU
		{0A8EC22B-112D-4D14-9208-E9D47433A4AD}.Debug|iPhone.Build.0 = Debug|Any CPU
		{0A8EC22B-112D-4D14-9208-E9D47433A4AD}.Debug|iPhoneSimulator.ActiveCfg = Debug|Any CPU
		{0A8EC22B-112D-4D14-9208-E9D47433A4AD}.Debug|iPhoneSimulator.Build.0 = Debug|Any CPU
		{0A8EC22B-112D-4D14-9208-E9D47433A4AD}.Release|Any CPU.ActiveCfg = Release|Any CPU
		{0A8EC22B-112D-4D14-9208-E9D47433A4AD}.Release|Any CPU.Build.0 = Release|Any CPU
		{0A8EC22B-112D-4D14-9208-E9D47433A4AD}.Release|iPhone.ActiveCfg = Release|Any CPU
		{0A8EC22B-112D-4D14-9208-E9D47433A4AD}.Release|iPhone.Build.0 = Release|Any CPU
		{0A8EC22B-112D-4D14-9208-E9D47433A4AD}.Release|iPhoneSimulator.ActiveCfg = Release|Any CPU
		{0A8EC22B-112D-4D14-9208-E9D47433A4AD}.Release|iPhoneSimulator.Build.0 = Release|Any CPU
		{F873763B-693B-438A-9FC5-5DB63FA4FB17}.Debug|Any CPU.ActiveCfg = Debug|Any CPU
		{F873763B-693B-438A-9FC5-5DB63FA4FB17}.Debug|Any CPU.Build.0 = Debug|Any CPU
		{F873763B-693B-438A-9FC5-5DB63FA4FB17}.Debug|iPhone.ActiveCfg = Debug|Any CPU
		{F873763B-693B-438A-9FC5-5DB63FA4FB17}.Debug|iPhone.Build.0 = Debug|Any CPU
		{F873763B-693B-438A-9FC5-5DB63FA4FB17}.Debug|iPhoneSimulator.ActiveCfg = Debug|Any CPU
		{F873763B-693B-438A-9FC5-5DB63FA4FB17}.Debug|iPhoneSimulator.Build.0 = Debug|Any CPU
		{F873763B-693B-438A-9FC5-5DB63FA4FB17}.Release|Any CPU.ActiveCfg = Release|Any CPU
		{F873763B-693B-438A-9FC5-5DB63FA4FB17}.Release|Any CPU.Build.0 = Release|Any CPU
		{F873763B-693B-438A-9FC5-5DB63FA4FB17}.Release|iPhone.ActiveCfg = Release|Any CPU
		{F873763B-693B-438A-9FC5-5DB63FA4FB17}.Release|iPhone.Build.0 = Release|Any CPU
		{F873763B-693B-438A-9FC5-5DB63FA4FB17}.Release|iPhoneSimulator.ActiveCfg = Release|Any CPU
		{F873763B-693B-438A-9FC5-5DB63FA4FB17}.Release|iPhoneSimulator.Build.0 = Release|Any CPU
		{DC33D501-FCFD-428C-99FB-F07B159FB9B6}.Debug|Any CPU.ActiveCfg = Debug|Any CPU
		{DC33D501-FCFD-428C-99FB-F07B159FB9B6}.Debug|Any CPU.Build.0 = Debug|Any CPU
		{DC33D501-FCFD-428C-99FB-F07B159FB9B6}.Debug|iPhone.ActiveCfg = Debug|Any CPU
		{DC33D501-FCFD-428C-99FB-F07B159FB9B6}.Debug|iPhone.Build.0 = Debug|Any CPU
		{DC33D501-FCFD-428C-99FB-F07B159FB9B6}.Debug|iPhoneSimulator.ActiveCfg = Debug|Any CPU
		{DC33D501-FCFD-428C-99FB-F07B159FB9B6}.Debug|iPhoneSimulator.Build.0 = Debug|Any CPU
		{DC33D501-FCFD-428C-99FB-F07B159FB9B6}.Release|Any CPU.ActiveCfg = Release|Any CPU
		{DC33D501-FCFD-428C-99FB-F07B159FB9B6}.Release|Any CPU.Build.0 = Release|Any CPU
		{DC33D501-FCFD-428C-99FB-F07B159FB9B6}.Release|iPhone.ActiveCfg = Release|Any CPU
		{DC33D501-FCFD-428C-99FB-F07B159FB9B6}.Release|iPhone.Build.0 = Release|Any CPU
		{DC33D501-FCFD-428C-99FB-F07B159FB9B6}.Release|iPhoneSimulator.ActiveCfg = Release|Any CPU
		{DC33D501-FCFD-428C-99FB-F07B159FB9B6}.Release|iPhoneSimulator.Build.0 = Release|Any CPU
		{8D9FB825-40F2-40A2-8896-64D620C0C5B4}.Debug|Any CPU.ActiveCfg = Debug|Any CPU
		{8D9FB825-40F2-40A2-8896-64D620C0C5B4}.Debug|Any CPU.Build.0 = Debug|Any CPU
		{8D9FB825-40F2-40A2-8896-64D620C0C5B4}.Debug|iPhone.ActiveCfg = Debug|Any CPU
		{8D9FB825-40F2-40A2-8896-64D620C0C5B4}.Debug|iPhone.Build.0 = Debug|Any CPU
		{8D9FB825-40F2-40A2-8896-64D620C0C5B4}.Debug|iPhoneSimulator.ActiveCfg = Debug|Any CPU
		{8D9FB825-40F2-40A2-8896-64D620C0C5B4}.Debug|iPhoneSimulator.Build.0 = Debug|Any CPU
		{8D9FB825-40F2-40A2-8896-64D620C0C5B4}.Release|Any CPU.ActiveCfg = Release|Any CPU
		{8D9FB825-40F2-40A2-8896-64D620C0C5B4}.Release|Any CPU.Build.0 = Release|Any CPU
		{8D9FB825-40F2-40A2-8896-64D620C0C5B4}.Release|iPhone.ActiveCfg = Release|Any CPU
		{8D9FB825-40F2-40A2-8896-64D620C0C5B4}.Release|iPhone.Build.0 = Release|Any CPU
		{8D9FB825-40F2-40A2-8896-64D620C0C5B4}.Release|iPhoneSimulator.ActiveCfg = Release|Any CPU
		{8D9FB825-40F2-40A2-8896-64D620C0C5B4}.Release|iPhoneSimulator.Build.0 = Release|Any CPU
		{52DA2495-98FC-4069-9EB7-EAEE9430165A}.Debug|Any CPU.ActiveCfg = Debug|Any CPU
		{52DA2495-98FC-4069-9EB7-EAEE9430165A}.Debug|Any CPU.Build.0 = Debug|Any CPU
		{52DA2495-98FC-4069-9EB7-EAEE9430165A}.Debug|iPhone.ActiveCfg = Debug|Any CPU
		{52DA2495-98FC-4069-9EB7-EAEE9430165A}.Debug|iPhone.Build.0 = Debug|Any CPU
		{52DA2495-98FC-4069-9EB7-EAEE9430165A}.Debug|iPhoneSimulator.ActiveCfg = Debug|Any CPU
		{52DA2495-98FC-4069-9EB7-EAEE9430165A}.Debug|iPhoneSimulator.Build.0 = Debug|Any CPU
		{52DA2495-98FC-4069-9EB7-EAEE9430165A}.Release|Any CPU.ActiveCfg = Release|Any CPU
		{52DA2495-98FC-4069-9EB7-EAEE9430165A}.Release|Any CPU.Build.0 = Release|Any CPU
		{52DA2495-98FC-4069-9EB7-EAEE9430165A}.Release|iPhone.ActiveCfg = Release|Any CPU
		{52DA2495-98FC-4069-9EB7-EAEE9430165A}.Release|iPhone.Build.0 = Release|Any CPU
		{52DA2495-98FC-4069-9EB7-EAEE9430165A}.Release|iPhoneSimulator.ActiveCfg = Release|Any CPU
		{52DA2495-98FC-4069-9EB7-EAEE9430165A}.Release|iPhoneSimulator.Build.0 = Release|Any CPU
		{C0724073-A588-42A7-8BDA-CD1DFF77682F}.Debug|Any CPU.ActiveCfg = Debug|Any CPU
		{C0724073-A588-42A7-8BDA-CD1DFF77682F}.Debug|Any CPU.Build.0 = Debug|Any CPU
		{C0724073-A588-42A7-8BDA-CD1DFF77682F}.Debug|iPhone.ActiveCfg = Debug|Any CPU
		{C0724073-A588-42A7-8BDA-CD1DFF77682F}.Debug|iPhone.Build.0 = Debug|Any CPU
		{C0724073-A588-42A7-8BDA-CD1DFF77682F}.Debug|iPhoneSimulator.ActiveCfg = Debug|Any CPU
		{C0724073-A588-42A7-8BDA-CD1DFF77682F}.Debug|iPhoneSimulator.Build.0 = Debug|Any CPU
		{C0724073-A588-42A7-8BDA-CD1DFF77682F}.Release|Any CPU.ActiveCfg = Release|Any CPU
		{C0724073-A588-42A7-8BDA-CD1DFF77682F}.Release|Any CPU.Build.0 = Release|Any CPU
		{C0724073-A588-42A7-8BDA-CD1DFF77682F}.Release|iPhone.ActiveCfg = Release|Any CPU
		{C0724073-A588-42A7-8BDA-CD1DFF77682F}.Release|iPhone.Build.0 = Release|Any CPU
		{C0724073-A588-42A7-8BDA-CD1DFF77682F}.Release|iPhoneSimulator.ActiveCfg = Release|Any CPU
		{C0724073-A588-42A7-8BDA-CD1DFF77682F}.Release|iPhoneSimulator.Build.0 = Release|Any CPU
		{E63E26A4-D4EF-410B-B486-B5C6F8C712AC}.Debug|Any CPU.ActiveCfg = Debug|Any CPU
		{E63E26A4-D4EF-410B-B486-B5C6F8C712AC}.Debug|Any CPU.Build.0 = Debug|Any CPU
		{E63E26A4-D4EF-410B-B486-B5C6F8C712AC}.Debug|iPhone.ActiveCfg = Debug|Any CPU
		{E63E26A4-D4EF-410B-B486-B5C6F8C712AC}.Debug|iPhone.Build.0 = Debug|Any CPU
		{E63E26A4-D4EF-410B-B486-B5C6F8C712AC}.Debug|iPhoneSimulator.ActiveCfg = Debug|Any CPU
		{E63E26A4-D4EF-410B-B486-B5C6F8C712AC}.Debug|iPhoneSimulator.Build.0 = Debug|Any CPU
		{E63E26A4-D4EF-410B-B486-B5C6F8C712AC}.Release|Any CPU.ActiveCfg = Release|Any CPU
		{E63E26A4-D4EF-410B-B486-B5C6F8C712AC}.Release|Any CPU.Build.0 = Release|Any CPU
		{E63E26A4-D4EF-410B-B486-B5C6F8C712AC}.Release|iPhone.ActiveCfg = Release|Any CPU
		{E63E26A4-D4EF-410B-B486-B5C6F8C712AC}.Release|iPhone.Build.0 = Release|Any CPU
		{E63E26A4-D4EF-410B-B486-B5C6F8C712AC}.Release|iPhoneSimulator.ActiveCfg = Release|Any CPU
		{E63E26A4-D4EF-410B-B486-B5C6F8C712AC}.Release|iPhoneSimulator.Build.0 = Release|Any CPU
		{C493D2A8-C87D-4CEE-B5D8-D89767EB2C93}.Debug|Any CPU.ActiveCfg = Debug|Any CPU
		{C493D2A8-C87D-4CEE-B5D8-D89767EB2C93}.Debug|Any CPU.Build.0 = Debug|Any CPU
		{C493D2A8-C87D-4CEE-B5D8-D89767EB2C93}.Debug|iPhone.ActiveCfg = Debug|Any CPU
		{C493D2A8-C87D-4CEE-B5D8-D89767EB2C93}.Debug|iPhone.Build.0 = Debug|Any CPU
		{C493D2A8-C87D-4CEE-B5D8-D89767EB2C93}.Debug|iPhoneSimulator.ActiveCfg = Debug|Any CPU
		{C493D2A8-C87D-4CEE-B5D8-D89767EB2C93}.Debug|iPhoneSimulator.Build.0 = Debug|Any CPU
		{C493D2A8-C87D-4CEE-B5D8-D89767EB2C93}.Release|Any CPU.ActiveCfg = Release|Any CPU
		{C493D2A8-C87D-4CEE-B5D8-D89767EB2C93}.Release|Any CPU.Build.0 = Release|Any CPU
		{C493D2A8-C87D-4CEE-B5D8-D89767EB2C93}.Release|iPhone.ActiveCfg = Release|Any CPU
		{C493D2A8-C87D-4CEE-B5D8-D89767EB2C93}.Release|iPhone.Build.0 = Release|Any CPU
		{C493D2A8-C87D-4CEE-B5D8-D89767EB2C93}.Release|iPhoneSimulator.ActiveCfg = Release|Any CPU
		{C493D2A8-C87D-4CEE-B5D8-D89767EB2C93}.Release|iPhoneSimulator.Build.0 = Release|Any CPU
		{2C4EF14A-3C0F-4C94-AF6F-419421FEA758}.Debug|Any CPU.ActiveCfg = Debug|Any CPU
		{2C4EF14A-3C0F-4C94-AF6F-419421FEA758}.Debug|Any CPU.Build.0 = Debug|Any CPU
		{2C4EF14A-3C0F-4C94-AF6F-419421FEA758}.Debug|iPhone.ActiveCfg = Debug|Any CPU
		{2C4EF14A-3C0F-4C94-AF6F-419421FEA758}.Debug|iPhone.Build.0 = Debug|Any CPU
		{2C4EF14A-3C0F-4C94-AF6F-419421FEA758}.Debug|iPhoneSimulator.ActiveCfg = Debug|Any CPU
		{2C4EF14A-3C0F-4C94-AF6F-419421FEA758}.Debug|iPhoneSimulator.Build.0 = Debug|Any CPU
		{2C4EF14A-3C0F-4C94-AF6F-419421FEA758}.Release|Any CPU.ActiveCfg = Release|Any CPU
		{2C4EF14A-3C0F-4C94-AF6F-419421FEA758}.Release|Any CPU.Build.0 = Release|Any CPU
		{2C4EF14A-3C0F-4C94-AF6F-419421FEA758}.Release|iPhone.ActiveCfg = Release|Any CPU
		{2C4EF14A-3C0F-4C94-AF6F-419421FEA758}.Release|iPhone.Build.0 = Release|Any CPU
		{2C4EF14A-3C0F-4C94-AF6F-419421FEA758}.Release|iPhoneSimulator.ActiveCfg = Release|Any CPU
		{2C4EF14A-3C0F-4C94-AF6F-419421FEA758}.Release|iPhoneSimulator.Build.0 = Release|Any CPU
	EndGlobalSection
	GlobalSection(SolutionProperties) = preSolution
		HideSolutionNode = FALSE
	EndGlobalSection
	GlobalSection(NestedProjects) = preSolution
		{3C3EA9D0-1631-4508-A48C-E05096557A03} = {21DEE52A-3A14-46CE-A9DE-C0C9F5E9E9D1}
		{42696AFD-6DFF-4360-B36D-7FAB6DE8ACEB} = {D6C9DEBA-6E65-47FC-903E-69AA1FCAD54E}
		{3943A6A5-84A2-4086-A558-CDBB11910F76} = {033E4EF3-2FB5-450A-9B35-616D9B0D6EAA}
		{C819B155-EF16-4544-AB52-510B8C242752} = {21DEE52A-3A14-46CE-A9DE-C0C9F5E9E9D1}
		{3C5630B4-E4A5-4D88-B415-C478305DEA60} = {4796A22B-91A9-42AF-87CA-F69392696B0A}
		{0A8EC22B-112D-4D14-9208-E9D47433A4AD} = {4796A22B-91A9-42AF-87CA-F69392696B0A}
		{4FDC2869-C584-4B40-B269-938630A72D03} = {033E4EF3-2FB5-450A-9B35-616D9B0D6EAA}
		{F873763B-693B-438A-9FC5-5DB63FA4FB17} = {033E4EF3-2FB5-450A-9B35-616D9B0D6EAA}
		{DC33D501-FCFD-428C-99FB-F07B159FB9B6} = {D6C9DEBA-6E65-47FC-903E-69AA1FCAD54E}
		{D6C9DEBA-6E65-47FC-903E-69AA1FCAD54E} = {68306EFF-55D9-497B-9482-FEB81C485914}
		{8D9FB825-40F2-40A2-8896-64D620C0C5B4} = {21DEE52A-3A14-46CE-A9DE-C0C9F5E9E9D1}
		{52DA2495-98FC-4069-9EB7-EAEE9430165A} = {4796A22B-91A9-42AF-87CA-F69392696B0A}
		{C0724073-A588-42A7-8BDA-CD1DFF77682F} = {4796A22B-91A9-42AF-87CA-F69392696B0A}
		{E63E26A4-D4EF-410B-B486-B5C6F8C712AC} = {4796A22B-91A9-42AF-87CA-F69392696B0A}
		{C493D2A8-C87D-4CEE-B5D8-D89767EB2C93} = {4796A22B-91A9-42AF-87CA-F69392696B0A}
		{2C4EF14A-3C0F-4C94-AF6F-419421FEA758} = {4796A22B-91A9-42AF-87CA-F69392696B0A}
	EndGlobalSection
	GlobalSection(ExtensibilityGlobals) = postSolution
		SolutionGuid = {1FE1E2C8-475E-4592-8609-D331B1D01730}
	EndGlobalSection
EndGlobal
