
Microsoft Visual Studio Solution File, Format Version 12.00
# Visual Studio Version 16
VisualStudioVersion = 16.0.29503.13
MinimumVisualStudioVersion = 10.0.40219.1
Project("{2150E333-8FDC-42A3-9474-1A3956D46DE8}") = "01. Core Layer", "01. Core Layer", "{E47E7F9F-C5CA-4459-AF46-F320F155B69E}"
EndProject
Project("{9A19103F-16F7-4668-BE54-9A1E7A4F7556}") = "SimpleIdServer.Scim", "src\Scim\SimpleIdServer.Scim\SimpleIdServer.Scim.csproj", "{4B26792A-6960-4270-92C1-65C4C1FD59F3}"
EndProject
Project("{2150E333-8FDC-42A3-9474-1A3956D46DE8}") = "03. Testing Layer", "03. Testing Layer", "{E5F2ACD7-7D4E-449B-94D3-62F8185E7AAE}"
EndProject
Project("{2150E333-8FDC-42A3-9474-1A3956D46DE8}") = "02. Starting Layer", "02. Starting Layer", "{011E8E6E-5B36-4E0C-A4AE-FF7B11579380}"
EndProject
Project("{9A19103F-16F7-4668-BE54-9A1E7A4F7556}") = "SimpleIdServer.Scim.Startup", "src\Scim\SimpleIdServer.Scim.Startup\SimpleIdServer.Scim.Startup.csproj", "{A1C64BA0-42BE-4BF2-B06E-663D7122AD48}"
EndProject
Project("{9A19103F-16F7-4668-BE54-9A1E7A4F7556}") = "SimpleIdServer.Scim.Host.Acceptance.Tests", "tests\SimpleIdServer.Scim.Host.Acceptance.Tests\SimpleIdServer.Scim.Host.Acceptance.Tests.csproj", "{C3E22928-FC40-47EF-A886-B37B7B96D9B4}"
EndProject
Project("{9A19103F-16F7-4668-BE54-9A1E7A4F7556}") = "SimpleIdServer.Scim.Tests", "tests\SimpleIdServer.Scim.Tests\SimpleIdServer.Scim.Tests.csproj", "{7DF81302-13C8-42F6-9AA4-F1E21071D19A}"
EndProject
Project("{9A19103F-16F7-4668-BE54-9A1E7A4F7556}") = "SimpleIdServer.Scim.Persistence.EF", "src\Scim\SimpleIdServer.Scim.Persistence.EF\SimpleIdServer.Scim.Persistence.EF.csproj", "{9C160D71-D3B3-4890-BE97-0705E79D217E}"
EndProject
Project("{9A19103F-16F7-4668-BE54-9A1E7A4F7556}") = "SimpleIdServer.Jwt", "src\OAuth\SimpleIdServer.Jwt\SimpleIdServer.Jwt.csproj", "{B68FC807-F725-42A5-8101-4DF9A55A3CD5}"
EndProject
Project("{9A19103F-16F7-4668-BE54-9A1E7A4F7556}") = "SimpleIdServer.Scim.SqlServer.Startup", "src\Scim\SimpleIdServer.Scim.SqlServer.Startup\SimpleIdServer.Scim.SqlServer.Startup.csproj", "{5AE1ACD1-5129-4D01-B8FB-496395048EAF}"
EndProject
Project("{9A19103F-16F7-4668-BE54-9A1E7A4F7556}") = "SimpleIdServer.Scim.Persistence.EF.Tests", "tests\SimpleIdServer.Scim.Persistence.EF.Tests\SimpleIdServer.Scim.Persistence.EF.Tests.csproj", "{5FBBF442-B4CF-4B9A-A3DB-F8841F29B234}"
EndProject
Project("{9A19103F-16F7-4668-BE54-9A1E7A4F7556}") = "SimpleIdServer.Scim.Persistence.MongoDB", "src\Scim\SimpleIdServer.Scim.Persistence.MongoDB\SimpleIdServer.Scim.Persistence.MongoDB.csproj", "{02A2B0B2-3328-4340-8E20-06256544935E}"
EndProject
Project("{9A19103F-16F7-4668-BE54-9A1E7A4F7556}") = "SimpleIdServer.Scim.MongoDb.Startup", "src\Scim\SimpleIdServer.Scim.MongoDb.Startup\SimpleIdServer.Scim.MongoDb.Startup.csproj", "{FB7F6266-9813-4D71-9CB1-4C1872442795}"
EndProject
Project("{9A19103F-16F7-4668-BE54-9A1E7A4F7556}") = "SimpleIdServer.Scim.SqlServer", "src\Scim\SimpleIdServer.Scim.SqlServer\SimpleIdServer.Scim.SqlServer.csproj", "{025D5A4C-BEA5-4132-817D-BA1C57072625}"
EndProject
Project("{9A19103F-16F7-4668-BE54-9A1E7A4F7556}") = "SimpleIdServer.Scim.Swashbuckle", "src\Scim\SimpleIdServer.Scim.Swashbuckle\SimpleIdServer.Scim.Swashbuckle.csproj", "{A8244272-C4D7-42F3-8316-A118D34399B9}"
EndProject
Global
	GlobalSection(SolutionConfigurationPlatforms) = preSolution
		Debug|Any CPU = Debug|Any CPU
		Release|Any CPU = Release|Any CPU
	EndGlobalSection
	GlobalSection(ProjectConfigurationPlatforms) = postSolution
		{4B26792A-6960-4270-92C1-65C4C1FD59F3}.Debug|Any CPU.ActiveCfg = Debug|Any CPU
		{4B26792A-6960-4270-92C1-65C4C1FD59F3}.Debug|Any CPU.Build.0 = Debug|Any CPU
		{4B26792A-6960-4270-92C1-65C4C1FD59F3}.Release|Any CPU.ActiveCfg = Release|Any CPU
		{4B26792A-6960-4270-92C1-65C4C1FD59F3}.Release|Any CPU.Build.0 = Release|Any CPU
		{A1C64BA0-42BE-4BF2-B06E-663D7122AD48}.Debug|Any CPU.ActiveCfg = Debug|Any CPU
		{A1C64BA0-42BE-4BF2-B06E-663D7122AD48}.Debug|Any CPU.Build.0 = Debug|Any CPU
		{A1C64BA0-42BE-4BF2-B06E-663D7122AD48}.Release|Any CPU.ActiveCfg = Release|Any CPU
		{A1C64BA0-42BE-4BF2-B06E-663D7122AD48}.Release|Any CPU.Build.0 = Release|Any CPU
		{C3E22928-FC40-47EF-A886-B37B7B96D9B4}.Debug|Any CPU.ActiveCfg = Debug|Any CPU
		{C3E22928-FC40-47EF-A886-B37B7B96D9B4}.Debug|Any CPU.Build.0 = Debug|Any CPU
		{C3E22928-FC40-47EF-A886-B37B7B96D9B4}.Release|Any CPU.ActiveCfg = Release|Any CPU
		{C3E22928-FC40-47EF-A886-B37B7B96D9B4}.Release|Any CPU.Build.0 = Release|Any CPU
		{7DF81302-13C8-42F6-9AA4-F1E21071D19A}.Debug|Any CPU.ActiveCfg = Debug|Any CPU
		{7DF81302-13C8-42F6-9AA4-F1E21071D19A}.Debug|Any CPU.Build.0 = Debug|Any CPU
		{7DF81302-13C8-42F6-9AA4-F1E21071D19A}.Release|Any CPU.ActiveCfg = Release|Any CPU
		{7DF81302-13C8-42F6-9AA4-F1E21071D19A}.Release|Any CPU.Build.0 = Release|Any CPU
		{9C160D71-D3B3-4890-BE97-0705E79D217E}.Debug|Any CPU.ActiveCfg = Debug|Any CPU
		{9C160D71-D3B3-4890-BE97-0705E79D217E}.Debug|Any CPU.Build.0 = Debug|Any CPU
		{9C160D71-D3B3-4890-BE97-0705E79D217E}.Release|Any CPU.ActiveCfg = Release|Any CPU
		{9C160D71-D3B3-4890-BE97-0705E79D217E}.Release|Any CPU.Build.0 = Release|Any CPU
		{B68FC807-F725-42A5-8101-4DF9A55A3CD5}.Debug|Any CPU.ActiveCfg = Debug|Any CPU
		{B68FC807-F725-42A5-8101-4DF9A55A3CD5}.Debug|Any CPU.Build.0 = Debug|Any CPU
		{B68FC807-F725-42A5-8101-4DF9A55A3CD5}.Release|Any CPU.ActiveCfg = Release|Any CPU
		{B68FC807-F725-42A5-8101-4DF9A55A3CD5}.Release|Any CPU.Build.0 = Release|Any CPU
		{5AE1ACD1-5129-4D01-B8FB-496395048EAF}.Debug|Any CPU.ActiveCfg = Debug|Any CPU
		{5AE1ACD1-5129-4D01-B8FB-496395048EAF}.Debug|Any CPU.Build.0 = Debug|Any CPU
		{5AE1ACD1-5129-4D01-B8FB-496395048EAF}.Release|Any CPU.ActiveCfg = Release|Any CPU
		{5AE1ACD1-5129-4D01-B8FB-496395048EAF}.Release|Any CPU.Build.0 = Release|Any CPU
		{5FBBF442-B4CF-4B9A-A3DB-F8841F29B234}.Debug|Any CPU.ActiveCfg = Debug|Any CPU
		{5FBBF442-B4CF-4B9A-A3DB-F8841F29B234}.Debug|Any CPU.Build.0 = Debug|Any CPU
		{5FBBF442-B4CF-4B9A-A3DB-F8841F29B234}.Release|Any CPU.ActiveCfg = Release|Any CPU
		{5FBBF442-B4CF-4B9A-A3DB-F8841F29B234}.Release|Any CPU.Build.0 = Release|Any CPU
		{02A2B0B2-3328-4340-8E20-06256544935E}.Debug|Any CPU.ActiveCfg = Debug|Any CPU
		{02A2B0B2-3328-4340-8E20-06256544935E}.Debug|Any CPU.Build.0 = Debug|Any CPU
		{02A2B0B2-3328-4340-8E20-06256544935E}.Release|Any CPU.ActiveCfg = Release|Any CPU
		{02A2B0B2-3328-4340-8E20-06256544935E}.Release|Any CPU.Build.0 = Release|Any CPU
		{FB7F6266-9813-4D71-9CB1-4C1872442795}.Debug|Any CPU.ActiveCfg = Debug|Any CPU
		{FB7F6266-9813-4D71-9CB1-4C1872442795}.Debug|Any CPU.Build.0 = Debug|Any CPU
		{FB7F6266-9813-4D71-9CB1-4C1872442795}.Release|Any CPU.ActiveCfg = Release|Any CPU
		{FB7F6266-9813-4D71-9CB1-4C1872442795}.Release|Any CPU.Build.0 = Release|Any CPU
		{025D5A4C-BEA5-4132-817D-BA1C57072625}.Debug|Any CPU.ActiveCfg = Debug|Any CPU
		{025D5A4C-BEA5-4132-817D-BA1C57072625}.Debug|Any CPU.Build.0 = Debug|Any CPU
		{025D5A4C-BEA5-4132-817D-BA1C57072625}.Release|Any CPU.ActiveCfg = Release|Any CPU
		{025D5A4C-BEA5-4132-817D-BA1C57072625}.Release|Any CPU.Build.0 = Release|Any CPU
		{A8244272-C4D7-42F3-8316-A118D34399B9}.Debug|Any CPU.ActiveCfg = Debug|Any CPU
		{A8244272-C4D7-42F3-8316-A118D34399B9}.Debug|Any CPU.Build.0 = Debug|Any CPU
		{A8244272-C4D7-42F3-8316-A118D34399B9}.Release|Any CPU.ActiveCfg = Release|Any CPU
		{A8244272-C4D7-42F3-8316-A118D34399B9}.Release|Any CPU.Build.0 = Release|Any CPU
	EndGlobalSection
	GlobalSection(SolutionProperties) = preSolution
		HideSolutionNode = FALSE
	EndGlobalSection
	GlobalSection(NestedProjects) = preSolution
		{4B26792A-6960-4270-92C1-65C4C1FD59F3} = {E47E7F9F-C5CA-4459-AF46-F320F155B69E}
		{A1C64BA0-42BE-4BF2-B06E-663D7122AD48} = {011E8E6E-5B36-4E0C-A4AE-FF7B11579380}
		{C3E22928-FC40-47EF-A886-B37B7B96D9B4} = {E5F2ACD7-7D4E-449B-94D3-62F8185E7AAE}
		{7DF81302-13C8-42F6-9AA4-F1E21071D19A} = {E5F2ACD7-7D4E-449B-94D3-62F8185E7AAE}
		{9C160D71-D3B3-4890-BE97-0705E79D217E} = {E47E7F9F-C5CA-4459-AF46-F320F155B69E}
		{B68FC807-F725-42A5-8101-4DF9A55A3CD5} = {E47E7F9F-C5CA-4459-AF46-F320F155B69E}
		{5AE1ACD1-5129-4D01-B8FB-496395048EAF} = {011E8E6E-5B36-4E0C-A4AE-FF7B11579380}
		{5FBBF442-B4CF-4B9A-A3DB-F8841F29B234} = {E5F2ACD7-7D4E-449B-94D3-62F8185E7AAE}
		{02A2B0B2-3328-4340-8E20-06256544935E} = {E47E7F9F-C5CA-4459-AF46-F320F155B69E}
		{FB7F6266-9813-4D71-9CB1-4C1872442795} = {011E8E6E-5B36-4E0C-A4AE-FF7B11579380}
		{025D5A4C-BEA5-4132-817D-BA1C57072625} = {E47E7F9F-C5CA-4459-AF46-F320F155B69E}
		{A8244272-C4D7-42F3-8316-A118D34399B9} = {E47E7F9F-C5CA-4459-AF46-F320F155B69E}
	EndGlobalSection
	GlobalSection(ExtensibilityGlobals) = postSolution
		SolutionGuid = {E7923ED0-C7DA-4D19-81E6-E3EEE579FE7A}
	EndGlobalSection
EndGlobal
