
Microsoft Visual Studio Solution File, Format Version 12.00
# Visual Studio Version 17
VisualStudioVersion = 17.4.33122.133
MinimumVisualStudioVersion = 10.0.40219.1
Project("{9A19103F-16F7-4668-BE54-9A1E7A4F7556}") = "SimpleIdServer.SelfIdServer", "src\SelfIdServer\SimpleIdServer.SelfIdServer\SimpleIdServer.SelfIdServer.csproj", "{C63E920B-7897-4295-A33B-09E9E88C9CC6}"
EndProject
Global
	GlobalSection(SolutionConfigurationPlatforms) = preSolution
		Debug|Any CPU = Debug|Any CPU
		Release|Any CPU = Release|Any CPU
	EndGlobalSection
	GlobalSection(ProjectConfigurationPlatforms) = postSolution
		{C63E920B-7897-4295-A33B-09E9E88C9CC6}.Debug|Any CPU.ActiveCfg = Debug|Any CPU
		{C63E920B-7897-4295-A33B-09E9E88C9CC6}.Debug|Any CPU.Build.0 = Debug|Any CPU
		{C63E920B-7897-4295-A33B-09E9E88C9CC6}.Release|Any CPU.ActiveCfg = Release|Any CPU
		{C63E920B-7897-4295-A33B-09E9E88C9CC6}.Release|Any CPU.Build.0 = Release|Any CPU
	EndGlobalSection
	GlobalSection(SolutionProperties) = preSolution
		HideSolutionNode = FALSE
	EndGlobalSection
	GlobalSection(ExtensibilityGlobals) = postSolution
		SolutionGuid = {FB0E15AE-F7D2-4199-BB00-82686CC414F8}
	EndGlobalSection
EndGlobal
