
Microsoft Visual Studio Solution File, Format Version 12.00
# Visual Studio Version 16
VisualStudioVersion = 16.0.31019.35
MinimumVisualStudioVersion = 10.0.40219.1
Project("{2150E333-8FDC-42A3-9474-1A3956D46DE8}") = "01. Startup Layer", "01. Startup Layer", "{8C081D0A-A448-42F4-8B80-FC2BBCCE5727}"
EndProject
Project("{9A19103F-16F7-4668-BE54-9A1E7A4F7556}") = "SimpleIdServer.MobileApp", "src\Mobile\SimpleIdServer.MobileApp\SimpleIdServer.MobileApp.csproj", "{4EF75524-0729-4A97-9E83-6886B3FEBAD8}"
EndProject
Project("{FAE04EC0-301F-11D3-BF4B-00C04F79EFBC}") = "SimpleIdServer.MobileApp.Android", "src\Mobile\SimpleIdServer.MobileApp.Android\SimpleIdServer.MobileApp.Android.csproj", "{8B4ACDD4-CA01-4A75-8B87-75DEE4192BC0}"
EndProject
Project("{FAE04EC0-301F-11D3-BF4B-00C04F79EFBC}") = "SimpleIdServer.MobileApp.iOS", "src\Mobile\SimpleIdServer.MobileApp.iOS\SimpleIdServer.MobileApp.iOS.csproj", "{C33C3E14-58CE-45A3-99C9-594D547DAED9}"
EndProject
Global
	GlobalSection(SolutionConfigurationPlatforms) = preSolution
		Debug|Any CPU = Debug|Any CPU
		Debug|iPhone = Debug|iPhone
		Debug|iPhoneSimulator = Debug|iPhoneSimulator
		Release|Any CPU = Release|Any CPU
		Release|iPhone = Release|iPhone
		Release|iPhoneSimulator = Release|iPhoneSimulator
	EndGlobalSection
	GlobalSection(ProjectConfigurationPlatforms) = postSolution
		{4EF75524-0729-4A97-9E83-6886B3FEBAD8}.Debug|Any CPU.ActiveCfg = Debug|Any CPU
		{4EF75524-0729-4A97-9E83-6886B3FEBAD8}.Debug|Any CPU.Build.0 = Debug|Any CPU
		{4EF75524-0729-4A97-9E83-6886B3FEBAD8}.Debug|iPhone.ActiveCfg = Debug|Any CPU
		{4EF75524-0729-4A97-9E83-6886B3FEBAD8}.Debug|iPhone.Build.0 = Debug|Any CPU
		{4EF75524-0729-4A97-9E83-6886B3FEBAD8}.Debug|iPhoneSimulator.ActiveCfg = Debug|Any CPU
		{4EF75524-0729-4A97-9E83-6886B3FEBAD8}.Debug|iPhoneSimulator.Build.0 = Debug|Any CPU
		{4EF75524-0729-4A97-9E83-6886B3FEBAD8}.Release|Any CPU.ActiveCfg = Release|Any CPU
		{4EF75524-0729-4A97-9E83-6886B3FEBAD8}.Release|Any CPU.Build.0 = Release|Any CPU
		{4EF75524-0729-4A97-9E83-6886B3FEBAD8}.Release|iPhone.ActiveCfg = Release|Any CPU
		{4EF75524-0729-4A97-9E83-6886B3FEBAD8}.Release|iPhone.Build.0 = Release|Any CPU
		{4EF75524-0729-4A97-9E83-6886B3FEBAD8}.Release|iPhoneSimulator.ActiveCfg = Release|Any CPU
		{4EF75524-0729-4A97-9E83-6886B3FEBAD8}.Release|iPhoneSimulator.Build.0 = Release|Any CPU
		{8B4ACDD4-CA01-4A75-8B87-75DEE4192BC0}.Debug|Any CPU.ActiveCfg = Debug|Any CPU
		{8B4ACDD4-CA01-4A75-8B87-75DEE4192BC0}.Debug|Any CPU.Build.0 = Debug|Any CPU
		{8B4ACDD4-CA01-4A75-8B87-75DEE4192BC0}.Debug|Any CPU.Deploy.0 = Debug|Any CPU
		{8B4ACDD4-CA01-4A75-8B87-75DEE4192BC0}.Debug|iPhone.ActiveCfg = Debug|Any CPU
		{8B4ACDD4-CA01-4A75-8B87-75DEE4192BC0}.Debug|iPhone.Build.0 = Debug|Any CPU
		{8B4ACDD4-CA01-4A75-8B87-75DEE4192BC0}.Debug|iPhone.Deploy.0 = Debug|Any CPU
		{8B4ACDD4-CA01-4A75-8B87-75DEE4192BC0}.Debug|iPhoneSimulator.ActiveCfg = Debug|Any CPU
		{8B4ACDD4-CA01-4A75-8B87-75DEE4192BC0}.Debug|iPhoneSimulator.Build.0 = Debug|Any CPU
		{8B4ACDD4-CA01-4A75-8B87-75DEE4192BC0}.Debug|iPhoneSimulator.Deploy.0 = Debug|Any CPU
		{8B4ACDD4-CA01-4A75-8B87-75DEE4192BC0}.Release|Any CPU.ActiveCfg = Release|Any CPU
		{8B4ACDD4-CA01-4A75-8B87-75DEE4192BC0}.Release|Any CPU.Build.0 = Release|Any CPU
		{8B4ACDD4-CA01-4A75-8B87-75DEE4192BC0}.Release|Any CPU.Deploy.0 = Release|Any CPU
		{8B4ACDD4-CA01-4A75-8B87-75DEE4192BC0}.Release|iPhone.ActiveCfg = Release|Any CPU
		{8B4ACDD4-CA01-4A75-8B87-75DEE4192BC0}.Release|iPhone.Build.0 = Release|Any CPU
		{8B4ACDD4-CA01-4A75-8B87-75DEE4192BC0}.Release|iPhone.Deploy.0 = Release|Any CPU
		{8B4ACDD4-CA01-4A75-8B87-75DEE4192BC0}.Release|iPhoneSimulator.ActiveCfg = Release|Any CPU
		{8B4ACDD4-CA01-4A75-8B87-75DEE4192BC0}.Release|iPhoneSimulator.Build.0 = Release|Any CPU
		{8B4ACDD4-CA01-4A75-8B87-75DEE4192BC0}.Release|iPhoneSimulator.Deploy.0 = Release|Any CPU
		{C33C3E14-58CE-45A3-99C9-594D547DAED9}.Debug|Any CPU.ActiveCfg = Debug|iPhoneSimulator
		{C33C3E14-58CE-45A3-99C9-594D547DAED9}.Debug|iPhone.ActiveCfg = Debug|iPhone
		{C33C3E14-58CE-45A3-99C9-594D547DAED9}.Debug|iPhone.Build.0 = Debug|iPhone
		{C33C3E14-58CE-45A3-99C9-594D547DAED9}.Debug|iPhoneSimulator.ActiveCfg = Debug|iPhoneSimulator
		{C33C3E14-58CE-45A3-99C9-594D547DAED9}.Debug|iPhoneSimulator.Build.0 = Debug|iPhoneSimulator
		{C33C3E14-58CE-45A3-99C9-594D547DAED9}.Release|Any CPU.ActiveCfg = Release|iPhoneSimulator
		{C33C3E14-58CE-45A3-99C9-594D547DAED9}.Release|iPhone.ActiveCfg = Release|iPhone
		{C33C3E14-58CE-45A3-99C9-594D547DAED9}.Release|iPhone.Build.0 = Release|iPhone
		{C33C3E14-58CE-45A3-99C9-594D547DAED9}.Release|iPhoneSimulator.ActiveCfg = Release|iPhoneSimulator
		{C33C3E14-58CE-45A3-99C9-594D547DAED9}.Release|iPhoneSimulator.Build.0 = Release|iPhoneSimulator
	EndGlobalSection
	GlobalSection(SolutionProperties) = preSolution
		HideSolutionNode = FALSE
	EndGlobalSection
	GlobalSection(NestedProjects) = preSolution
		{4EF75524-0729-4A97-9E83-6886B3FEBAD8} = {8C081D0A-A448-42F4-8B80-FC2BBCCE5727}
		{8B4ACDD4-CA01-4A75-8B87-75DEE4192BC0} = {8C081D0A-A448-42F4-8B80-FC2BBCCE5727}
		{C33C3E14-58CE-45A3-99C9-594D547DAED9} = {8C081D0A-A448-42F4-8B80-FC2BBCCE5727}
	EndGlobalSection
	GlobalSection(ExtensibilityGlobals) = postSolution
		SolutionGuid = {EE79876A-D56B-4202-8E04-DB2A196867BB}
	EndGlobalSection
EndGlobal
