
Microsoft Visual Studio Solution File, Format Version 12.00
# Visual Studio Version 16
VisualStudioVersion = 16.0.29503.13
MinimumVisualStudioVersion = 10.0.40219.1
Project("{2150E333-8FDC-42A3-9474-1A3956D46DE8}") = "04. Startup Layer", "04. Startup Layer", "{68306EFF-55D9-497B-9482-FEB81C485914}"
EndProject
Project("{2150E333-8FDC-42A3-9474-1A3956D46DE8}") = "01. Core Layer", "01. Core Layer", "{4796A22B-91A9-42AF-87CA-F69392696B0A}"
EndProject
Project("{9A19103F-16F7-4668-BE54-9A1E7A4F7556}") = "SimpleIdServer.Jwt", "src\OAuth\SimpleIdServer.Jwt\SimpleIdServer.Jwt.csproj", "{0AD6A1C2-CA06-4811-B66D-9011CC78E4CE}"
EndProject
Project("{9A19103F-16F7-4668-BE54-9A1E7A4F7556}") = "SimpleIdServer.OAuth.Startup", "src\OAuth\SimpleIdServer.OAuth.Startup\SimpleIdServer.OAuth.Startup.csproj", "{1FCE1C15-6706-4047-86B5-E4BCA8552687}"
EndProject
Project("{2150E333-8FDC-42A3-9474-1A3956D46DE8}") = "03. UI", "03. UI", "{21DEE52A-3A14-46CE-A9DE-C0C9F5E9E9D1}"
EndProject
Project("{9A19103F-16F7-4668-BE54-9A1E7A4F7556}") = "SimpleIdServer.UI.Authenticate.LoginPassword", "src\UI\SimpleIdServer.UI.Authenticate.LoginPassword\SimpleIdServer.UI.Authenticate.LoginPassword.csproj", "{3C3EA9D0-1631-4508-A48C-E05096557A03}"
EndProject
Project("{2150E333-8FDC-42A3-9474-1A3956D46DE8}") = "05. Testing Layer", "05. Testing Layer", "{033E4EF3-2FB5-450A-9B35-616D9B0D6EAA}"
EndProject
Project("{9A19103F-16F7-4668-BE54-9A1E7A4F7556}") = "SimpleIdServer.OpenID.Startup", "src\OpenID\SimpleIdServer.OpenID.Startup\SimpleIdServer.OpenID.Startup.csproj", "{42696AFD-6DFF-4360-B36D-7FAB6DE8ACEB}"
EndProject
Project("{9A19103F-16F7-4668-BE54-9A1E7A4F7556}") = "SimpleIdServer.OpenID.Host.Acceptance.Tests", "tests\SimpleIdServer.OpenID.Host.Acceptance.Tests\SimpleIdServer.OpenID.Host.Acceptance.Tests.csproj", "{3943A6A5-84A2-4086-A558-CDBB11910F76}"
EndProject
Project("{9A19103F-16F7-4668-BE54-9A1E7A4F7556}") = "SimpleIdServer.OAuth.Host.Acceptance.Tests", "tests\SimpleIdServer.OAuth.Host.Acceptance.Tests\SimpleIdServer.OAuth.Host.Acceptance.Tests.csproj", "{8C884225-D844-4686-84BA-2C9D2E81E503}"
EndProject
Project("{9A19103F-16F7-4668-BE54-9A1E7A4F7556}") = "SimpleIdServer.UI.Authenticate.Sms", "src\UI\SimpleIdServer.UI.Authenticate.Sms\SimpleIdServer.UI.Authenticate.Sms.csproj", "{C819B155-EF16-4544-AB52-510B8C242752}"
EndProject
Project("{9A19103F-16F7-4668-BE54-9A1E7A4F7556}") = "SimpleIdServer.OAuth", "src\OAuth\SimpleIdServer.OAuth\SimpleIdServer.OAuth.csproj", "{3C5630B4-E4A5-4D88-B415-C478305DEA60}"
EndProject
Project("{9A19103F-16F7-4668-BE54-9A1E7A4F7556}") = "SimpleIdServer.OpenID", "src\OpenID\SimpleIdServer.OpenID\SimpleIdServer.OpenID.csproj", "{0A8EC22B-112D-4D14-9208-E9D47433A4AD}"
EndProject
Project("{9A19103F-16F7-4668-BE54-9A1E7A4F7556}") = "SimpleIdServer.UI.Authenticate.LoginPassword.Bootstrap4", "src\UI\SimpleIdServer.UI.Authenticate.LoginPassword.Bootstrap4\SimpleIdServer.UI.Authenticate.LoginPassword.Bootstrap4.csproj", "{A6C88D0A-9BAD-4C1F-9124-BFD5C6268193}"
EndProject
Project("{9A19103F-16F7-4668-BE54-9A1E7A4F7556}") = "SimpleIdServer.OpenID.Bootstrap4", "src\OpenID\SimpleIdServer.OpenID.Bootstrap4\SimpleIdServer.OpenID.Bootstrap4.csproj", "{A48D4BDA-B3AF-479E-B399-05861C806816}"
EndProject
Project("{2150E333-8FDC-42A3-9474-1A3956D46DE8}") = "Solution Items", "Solution Items", "{4FDC2869-C584-4B40-B269-938630A72D03}"
	ProjectSection(SolutionItems) = preProject
		Directory.Build.props = Directory.Build.props
	EndProjectSection
EndProject
Project("{9A19103F-16F7-4668-BE54-9A1E7A4F7556}") = "SimpleIdServer.OpenID.Tests", "tests\SimpleIdServer.OpenID.Tests\SimpleIdServer.OpenID.Tests.csproj", "{F873763B-693B-438A-9FC5-5DB63FA4FB17}"
EndProject
Project("{2150E333-8FDC-42A3-9474-1A3956D46DE8}") = "01. Mobile", "01. Mobile", "{2BC356E0-E4D9-47B8-9426-D19E32B14027}"
EndProject
Project("{9A19103F-16F7-4668-BE54-9A1E7A4F7556}") = "SimpleIdServer.MobileApp", "src\Mobile\SimpleIdServer.MobileApp\SimpleIdServer.MobileApp.csproj", "{59298CE7-AE14-4622-B5F8-183DA6379F65}"
EndProject
Project("{FAE04EC0-301F-11D3-BF4B-00C04F79EFBC}") = "SimpleIdServer.MobileApp.Android", "src\Mobile\SimpleIdServer.MobileApp.Android\SimpleIdServer.MobileApp.Android.csproj", "{8B4ACDD4-CA01-4A75-8B87-75DEE4192BC0}"
EndProject
Project("{FAE04EC0-301F-11D3-BF4B-00C04F79EFBC}") = "SimpleIdServer.MobileApp.iOS", "src\Mobile\SimpleIdServer.MobileApp.iOS\SimpleIdServer.MobileApp.iOS.csproj", "{C33C3E14-58CE-45A3-99C9-594D547DAED9}"
EndProject
Global
	GlobalSection(SolutionConfigurationPlatforms) = preSolution
		Debug|Any CPU = Debug|Any CPU
		Debug|iPhone = Debug|iPhone
		Debug|iPhoneSimulator = Debug|iPhoneSimulator
		Release|Any CPU = Release|Any CPU
		Release|iPhone = Release|iPhone
		Release|iPhoneSimulator = Release|iPhoneSimulator
	EndGlobalSection
	GlobalSection(ProjectConfigurationPlatforms) = postSolution
		{0AD6A1C2-CA06-4811-B66D-9011CC78E4CE}.Debug|Any CPU.ActiveCfg = Debug|Any CPU
		{0AD6A1C2-CA06-4811-B66D-9011CC78E4CE}.Debug|Any CPU.Build.0 = Debug|Any CPU
		{0AD6A1C2-CA06-4811-B66D-9011CC78E4CE}.Debug|iPhone.ActiveCfg = Debug|Any CPU
		{0AD6A1C2-CA06-4811-B66D-9011CC78E4CE}.Debug|iPhone.Build.0 = Debug|Any CPU
		{0AD6A1C2-CA06-4811-B66D-9011CC78E4CE}.Debug|iPhoneSimulator.ActiveCfg = Debug|Any CPU
		{0AD6A1C2-CA06-4811-B66D-9011CC78E4CE}.Debug|iPhoneSimulator.Build.0 = Debug|Any CPU
		{0AD6A1C2-CA06-4811-B66D-9011CC78E4CE}.Release|Any CPU.ActiveCfg = Release|Any CPU
		{0AD6A1C2-CA06-4811-B66D-9011CC78E4CE}.Release|Any CPU.Build.0 = Release|Any CPU
		{0AD6A1C2-CA06-4811-B66D-9011CC78E4CE}.Release|iPhone.ActiveCfg = Release|Any CPU
		{0AD6A1C2-CA06-4811-B66D-9011CC78E4CE}.Release|iPhone.Build.0 = Release|Any CPU
		{0AD6A1C2-CA06-4811-B66D-9011CC78E4CE}.Release|iPhoneSimulator.ActiveCfg = Release|Any CPU
		{0AD6A1C2-CA06-4811-B66D-9011CC78E4CE}.Release|iPhoneSimulator.Build.0 = Release|Any CPU
		{1FCE1C15-6706-4047-86B5-E4BCA8552687}.Debug|Any CPU.ActiveCfg = Debug|Any CPU
		{1FCE1C15-6706-4047-86B5-E4BCA8552687}.Debug|Any CPU.Build.0 = Debug|Any CPU
		{1FCE1C15-6706-4047-86B5-E4BCA8552687}.Debug|iPhone.ActiveCfg = Debug|Any CPU
		{1FCE1C15-6706-4047-86B5-E4BCA8552687}.Debug|iPhone.Build.0 = Debug|Any CPU
		{1FCE1C15-6706-4047-86B5-E4BCA8552687}.Debug|iPhoneSimulator.ActiveCfg = Debug|Any CPU
		{1FCE1C15-6706-4047-86B5-E4BCA8552687}.Debug|iPhoneSimulator.Build.0 = Debug|Any CPU
		{1FCE1C15-6706-4047-86B5-E4BCA8552687}.Release|Any CPU.ActiveCfg = Release|Any CPU
		{1FCE1C15-6706-4047-86B5-E4BCA8552687}.Release|Any CPU.Build.0 = Release|Any CPU
		{1FCE1C15-6706-4047-86B5-E4BCA8552687}.Release|iPhone.ActiveCfg = Release|Any CPU
		{1FCE1C15-6706-4047-86B5-E4BCA8552687}.Release|iPhone.Build.0 = Release|Any CPU
		{1FCE1C15-6706-4047-86B5-E4BCA8552687}.Release|iPhoneSimulator.ActiveCfg = Release|Any CPU
		{1FCE1C15-6706-4047-86B5-E4BCA8552687}.Release|iPhoneSimulator.Build.0 = Release|Any CPU
		{3C3EA9D0-1631-4508-A48C-E05096557A03}.Debug|Any CPU.ActiveCfg = Debug|Any CPU
		{3C3EA9D0-1631-4508-A48C-E05096557A03}.Debug|Any CPU.Build.0 = Debug|Any CPU
		{3C3EA9D0-1631-4508-A48C-E05096557A03}.Debug|iPhone.ActiveCfg = Debug|Any CPU
		{3C3EA9D0-1631-4508-A48C-E05096557A03}.Debug|iPhone.Build.0 = Debug|Any CPU
		{3C3EA9D0-1631-4508-A48C-E05096557A03}.Debug|iPhoneSimulator.ActiveCfg = Debug|Any CPU
		{3C3EA9D0-1631-4508-A48C-E05096557A03}.Debug|iPhoneSimulator.Build.0 = Debug|Any CPU
		{3C3EA9D0-1631-4508-A48C-E05096557A03}.Release|Any CPU.ActiveCfg = Release|Any CPU
		{3C3EA9D0-1631-4508-A48C-E05096557A03}.Release|Any CPU.Build.0 = Release|Any CPU
		{3C3EA9D0-1631-4508-A48C-E05096557A03}.Release|iPhone.ActiveCfg = Release|Any CPU
		{3C3EA9D0-1631-4508-A48C-E05096557A03}.Release|iPhone.Build.0 = Release|Any CPU
		{3C3EA9D0-1631-4508-A48C-E05096557A03}.Release|iPhoneSimulator.ActiveCfg = Release|Any CPU
		{3C3EA9D0-1631-4508-A48C-E05096557A03}.Release|iPhoneSimulator.Build.0 = Release|Any CPU
		{42696AFD-6DFF-4360-B36D-7FAB6DE8ACEB}.Debug|Any CPU.ActiveCfg = Debug|Any CPU
		{42696AFD-6DFF-4360-B36D-7FAB6DE8ACEB}.Debug|Any CPU.Build.0 = Debug|Any CPU
		{42696AFD-6DFF-4360-B36D-7FAB6DE8ACEB}.Debug|iPhone.ActiveCfg = Debug|Any CPU
		{42696AFD-6DFF-4360-B36D-7FAB6DE8ACEB}.Debug|iPhone.Build.0 = Debug|Any CPU
		{42696AFD-6DFF-4360-B36D-7FAB6DE8ACEB}.Debug|iPhoneSimulator.ActiveCfg = Debug|Any CPU
		{42696AFD-6DFF-4360-B36D-7FAB6DE8ACEB}.Debug|iPhoneSimulator.Build.0 = Debug|Any CPU
		{42696AFD-6DFF-4360-B36D-7FAB6DE8ACEB}.Release|Any CPU.ActiveCfg = Release|Any CPU
		{42696AFD-6DFF-4360-B36D-7FAB6DE8ACEB}.Release|Any CPU.Build.0 = Release|Any CPU
		{42696AFD-6DFF-4360-B36D-7FAB6DE8ACEB}.Release|iPhone.ActiveCfg = Release|Any CPU
		{42696AFD-6DFF-4360-B36D-7FAB6DE8ACEB}.Release|iPhone.Build.0 = Release|Any CPU
		{42696AFD-6DFF-4360-B36D-7FAB6DE8ACEB}.Release|iPhoneSimulator.ActiveCfg = Release|Any CPU
		{42696AFD-6DFF-4360-B36D-7FAB6DE8ACEB}.Release|iPhoneSimulator.Build.0 = Release|Any CPU
		{3943A6A5-84A2-4086-A558-CDBB11910F76}.Debug|Any CPU.ActiveCfg = Debug|Any CPU
		{3943A6A5-84A2-4086-A558-CDBB11910F76}.Debug|Any CPU.Build.0 = Debug|Any CPU
		{3943A6A5-84A2-4086-A558-CDBB11910F76}.Debug|iPhone.ActiveCfg = Debug|Any CPU
		{3943A6A5-84A2-4086-A558-CDBB11910F76}.Debug|iPhone.Build.0 = Debug|Any CPU
		{3943A6A5-84A2-4086-A558-CDBB11910F76}.Debug|iPhoneSimulator.ActiveCfg = Debug|Any CPU
		{3943A6A5-84A2-4086-A558-CDBB11910F76}.Debug|iPhoneSimulator.Build.0 = Debug|Any CPU
		{3943A6A5-84A2-4086-A558-CDBB11910F76}.Release|Any CPU.ActiveCfg = Release|Any CPU
		{3943A6A5-84A2-4086-A558-CDBB11910F76}.Release|Any CPU.Build.0 = Release|Any CPU
		{3943A6A5-84A2-4086-A558-CDBB11910F76}.Release|iPhone.ActiveCfg = Release|Any CPU
		{3943A6A5-84A2-4086-A558-CDBB11910F76}.Release|iPhone.Build.0 = Release|Any CPU
		{3943A6A5-84A2-4086-A558-CDBB11910F76}.Release|iPhoneSimulator.ActiveCfg = Release|Any CPU
		{3943A6A5-84A2-4086-A558-CDBB11910F76}.Release|iPhoneSimulator.Build.0 = Release|Any CPU
		{8C884225-D844-4686-84BA-2C9D2E81E503}.Debug|Any CPU.ActiveCfg = Debug|Any CPU
		{8C884225-D844-4686-84BA-2C9D2E81E503}.Debug|Any CPU.Build.0 = Debug|Any CPU
		{8C884225-D844-4686-84BA-2C9D2E81E503}.Debug|iPhone.ActiveCfg = Debug|Any CPU
		{8C884225-D844-4686-84BA-2C9D2E81E503}.Debug|iPhone.Build.0 = Debug|Any CPU
		{8C884225-D844-4686-84BA-2C9D2E81E503}.Debug|iPhoneSimulator.ActiveCfg = Debug|Any CPU
		{8C884225-D844-4686-84BA-2C9D2E81E503}.Debug|iPhoneSimulator.Build.0 = Debug|Any CPU
		{8C884225-D844-4686-84BA-2C9D2E81E503}.Release|Any CPU.ActiveCfg = Release|Any CPU
		{8C884225-D844-4686-84BA-2C9D2E81E503}.Release|Any CPU.Build.0 = Release|Any CPU
		{8C884225-D844-4686-84BA-2C9D2E81E503}.Release|iPhone.ActiveCfg = Release|Any CPU
		{8C884225-D844-4686-84BA-2C9D2E81E503}.Release|iPhone.Build.0 = Release|Any CPU
		{8C884225-D844-4686-84BA-2C9D2E81E503}.Release|iPhoneSimulator.ActiveCfg = Release|Any CPU
		{8C884225-D844-4686-84BA-2C9D2E81E503}.Release|iPhoneSimulator.Build.0 = Release|Any CPU
		{C819B155-EF16-4544-AB52-510B8C242752}.Debug|Any CPU.ActiveCfg = Debug|Any CPU
		{C819B155-EF16-4544-AB52-510B8C242752}.Debug|Any CPU.Build.0 = Debug|Any CPU
		{C819B155-EF16-4544-AB52-510B8C242752}.Debug|iPhone.ActiveCfg = Debug|Any CPU
		{C819B155-EF16-4544-AB52-510B8C242752}.Debug|iPhone.Build.0 = Debug|Any CPU
		{C819B155-EF16-4544-AB52-510B8C242752}.Debug|iPhoneSimulator.ActiveCfg = Debug|Any CPU
		{C819B155-EF16-4544-AB52-510B8C242752}.Debug|iPhoneSimulator.Build.0 = Debug|Any CPU
		{C819B155-EF16-4544-AB52-510B8C242752}.Release|Any CPU.ActiveCfg = Release|Any CPU
		{C819B155-EF16-4544-AB52-510B8C242752}.Release|Any CPU.Build.0 = Release|Any CPU
		{C819B155-EF16-4544-AB52-510B8C242752}.Release|iPhone.ActiveCfg = Release|Any CPU
		{C819B155-EF16-4544-AB52-510B8C242752}.Release|iPhone.Build.0 = Release|Any CPU
		{C819B155-EF16-4544-AB52-510B8C242752}.Release|iPhoneSimulator.ActiveCfg = Release|Any CPU
		{C819B155-EF16-4544-AB52-510B8C242752}.Release|iPhoneSimulator.Build.0 = Release|Any CPU
		{3C5630B4-E4A5-4D88-B415-C478305DEA60}.Debug|Any CPU.ActiveCfg = Debug|Any CPU
		{3C5630B4-E4A5-4D88-B415-C478305DEA60}.Debug|Any CPU.Build.0 = Debug|Any CPU
		{3C5630B4-E4A5-4D88-B415-C478305DEA60}.Debug|iPhone.ActiveCfg = Debug|Any CPU
		{3C5630B4-E4A5-4D88-B415-C478305DEA60}.Debug|iPhone.Build.0 = Debug|Any CPU
		{3C5630B4-E4A5-4D88-B415-C478305DEA60}.Debug|iPhoneSimulator.ActiveCfg = Debug|Any CPU
		{3C5630B4-E4A5-4D88-B415-C478305DEA60}.Debug|iPhoneSimulator.Build.0 = Debug|Any CPU
		{3C5630B4-E4A5-4D88-B415-C478305DEA60}.Release|Any CPU.ActiveCfg = Release|Any CPU
		{3C5630B4-E4A5-4D88-B415-C478305DEA60}.Release|Any CPU.Build.0 = Release|Any CPU
		{3C5630B4-E4A5-4D88-B415-C478305DEA60}.Release|iPhone.ActiveCfg = Release|Any CPU
		{3C5630B4-E4A5-4D88-B415-C478305DEA60}.Release|iPhone.Build.0 = Release|Any CPU
		{3C5630B4-E4A5-4D88-B415-C478305DEA60}.Release|iPhoneSimulator.ActiveCfg = Release|Any CPU
		{3C5630B4-E4A5-4D88-B415-C478305DEA60}.Release|iPhoneSimulator.Build.0 = Release|Any CPU
		{0A8EC22B-112D-4D14-9208-E9D47433A4AD}.Debug|Any CPU.ActiveCfg = Debug|Any CPU
		{0A8EC22B-112D-4D14-9208-E9D47433A4AD}.Debug|Any CPU.Build.0 = Debug|Any CPU
		{0A8EC22B-112D-4D14-9208-E9D47433A4AD}.Debug|iPhone.ActiveCfg = Debug|Any CPU
		{0A8EC22B-112D-4D14-9208-E9D47433A4AD}.Debug|iPhone.Build.0 = Debug|Any CPU
		{0A8EC22B-112D-4D14-9208-E9D47433A4AD}.Debug|iPhoneSimulator.ActiveCfg = Debug|Any CPU
		{0A8EC22B-112D-4D14-9208-E9D47433A4AD}.Debug|iPhoneSimulator.Build.0 = Debug|Any CPU
		{0A8EC22B-112D-4D14-9208-E9D47433A4AD}.Release|Any CPU.ActiveCfg = Release|Any CPU
		{0A8EC22B-112D-4D14-9208-E9D47433A4AD}.Release|Any CPU.Build.0 = Release|Any CPU
		{0A8EC22B-112D-4D14-9208-E9D47433A4AD}.Release|iPhone.ActiveCfg = Release|Any CPU
		{0A8EC22B-112D-4D14-9208-E9D47433A4AD}.Release|iPhone.Build.0 = Release|Any CPU
		{0A8EC22B-112D-4D14-9208-E9D47433A4AD}.Release|iPhoneSimulator.ActiveCfg = Release|Any CPU
		{0A8EC22B-112D-4D14-9208-E9D47433A4AD}.Release|iPhoneSimulator.Build.0 = Release|Any CPU
		{A6C88D0A-9BAD-4C1F-9124-BFD5C6268193}.Debug|Any CPU.ActiveCfg = Debug|Any CPU
		{A6C88D0A-9BAD-4C1F-9124-BFD5C6268193}.Debug|Any CPU.Build.0 = Debug|Any CPU
		{A6C88D0A-9BAD-4C1F-9124-BFD5C6268193}.Debug|iPhone.ActiveCfg = Debug|Any CPU
		{A6C88D0A-9BAD-4C1F-9124-BFD5C6268193}.Debug|iPhone.Build.0 = Debug|Any CPU
		{A6C88D0A-9BAD-4C1F-9124-BFD5C6268193}.Debug|iPhoneSimulator.ActiveCfg = Debug|Any CPU
		{A6C88D0A-9BAD-4C1F-9124-BFD5C6268193}.Debug|iPhoneSimulator.Build.0 = Debug|Any CPU
		{A6C88D0A-9BAD-4C1F-9124-BFD5C6268193}.Release|Any CPU.ActiveCfg = Release|Any CPU
		{A6C88D0A-9BAD-4C1F-9124-BFD5C6268193}.Release|Any CPU.Build.0 = Release|Any CPU
		{A6C88D0A-9BAD-4C1F-9124-BFD5C6268193}.Release|iPhone.ActiveCfg = Release|Any CPU
		{A6C88D0A-9BAD-4C1F-9124-BFD5C6268193}.Release|iPhone.Build.0 = Release|Any CPU
		{A6C88D0A-9BAD-4C1F-9124-BFD5C6268193}.Release|iPhoneSimulator.ActiveCfg = Release|Any CPU
		{A6C88D0A-9BAD-4C1F-9124-BFD5C6268193}.Release|iPhoneSimulator.Build.0 = Release|Any CPU
		{A48D4BDA-B3AF-479E-B399-05861C806816}.Debug|Any CPU.ActiveCfg = Debug|Any CPU
		{A48D4BDA-B3AF-479E-B399-05861C806816}.Debug|Any CPU.Build.0 = Debug|Any CPU
		{A48D4BDA-B3AF-479E-B399-05861C806816}.Debug|iPhone.ActiveCfg = Debug|Any CPU
		{A48D4BDA-B3AF-479E-B399-05861C806816}.Debug|iPhone.Build.0 = Debug|Any CPU
		{A48D4BDA-B3AF-479E-B399-05861C806816}.Debug|iPhoneSimulator.ActiveCfg = Debug|Any CPU
		{A48D4BDA-B3AF-479E-B399-05861C806816}.Debug|iPhoneSimulator.Build.0 = Debug|Any CPU
		{A48D4BDA-B3AF-479E-B399-05861C806816}.Release|Any CPU.ActiveCfg = Release|Any CPU
		{A48D4BDA-B3AF-479E-B399-05861C806816}.Release|Any CPU.Build.0 = Release|Any CPU
		{A48D4BDA-B3AF-479E-B399-05861C806816}.Release|iPhone.ActiveCfg = Release|Any CPU
		{A48D4BDA-B3AF-479E-B399-05861C806816}.Release|iPhone.Build.0 = Release|Any CPU
		{A48D4BDA-B3AF-479E-B399-05861C806816}.Release|iPhoneSimulator.ActiveCfg = Release|Any CPU
		{A48D4BDA-B3AF-479E-B399-05861C806816}.Release|iPhoneSimulator.Build.0 = Release|Any CPU
		{F873763B-693B-438A-9FC5-5DB63FA4FB17}.Debug|Any CPU.ActiveCfg = Debug|Any CPU
		{F873763B-693B-438A-9FC5-5DB63FA4FB17}.Debug|Any CPU.Build.0 = Debug|Any CPU
		{F873763B-693B-438A-9FC5-5DB63FA4FB17}.Debug|iPhone.ActiveCfg = Debug|Any CPU
		{F873763B-693B-438A-9FC5-5DB63FA4FB17}.Debug|iPhone.Build.0 = Debug|Any CPU
		{F873763B-693B-438A-9FC5-5DB63FA4FB17}.Debug|iPhoneSimulator.ActiveCfg = Debug|Any CPU
		{F873763B-693B-438A-9FC5-5DB63FA4FB17}.Debug|iPhoneSimulator.Build.0 = Debug|Any CPU
		{F873763B-693B-438A-9FC5-5DB63FA4FB17}.Release|Any CPU.ActiveCfg = Release|Any CPU
		{F873763B-693B-438A-9FC5-5DB63FA4FB17}.Release|Any CPU.Build.0 = Release|Any CPU
		{F873763B-693B-438A-9FC5-5DB63FA4FB17}.Release|iPhone.ActiveCfg = Release|Any CPU
		{F873763B-693B-438A-9FC5-5DB63FA4FB17}.Release|iPhone.Build.0 = Release|Any CPU
		{F873763B-693B-438A-9FC5-5DB63FA4FB17}.Release|iPhoneSimulator.ActiveCfg = Release|Any CPU
		{F873763B-693B-438A-9FC5-5DB63FA4FB17}.Release|iPhoneSimulator.Build.0 = Release|Any CPU
		{59298CE7-AE14-4622-B5F8-183DA6379F65}.Debug|Any CPU.ActiveCfg = Debug|Any CPU
		{59298CE7-AE14-4622-B5F8-183DA6379F65}.Debug|Any CPU.Build.0 = Debug|Any CPU
		{59298CE7-AE14-4622-B5F8-183DA6379F65}.Debug|iPhone.ActiveCfg = Debug|Any CPU
		{59298CE7-AE14-4622-B5F8-183DA6379F65}.Debug|iPhone.Build.0 = Debug|Any CPU
		{59298CE7-AE14-4622-B5F8-183DA6379F65}.Debug|iPhoneSimulator.ActiveCfg = Debug|Any CPU
		{59298CE7-AE14-4622-B5F8-183DA6379F65}.Debug|iPhoneSimulator.Build.0 = Debug|Any CPU
		{59298CE7-AE14-4622-B5F8-183DA6379F65}.Release|Any CPU.ActiveCfg = Release|Any CPU
		{59298CE7-AE14-4622-B5F8-183DA6379F65}.Release|Any CPU.Build.0 = Release|Any CPU
		{59298CE7-AE14-4622-B5F8-183DA6379F65}.Release|iPhone.ActiveCfg = Release|Any CPU
		{59298CE7-AE14-4622-B5F8-183DA6379F65}.Release|iPhone.Build.0 = Release|Any CPU
		{59298CE7-AE14-4622-B5F8-183DA6379F65}.Release|iPhoneSimulator.ActiveCfg = Release|Any CPU
		{59298CE7-AE14-4622-B5F8-183DA6379F65}.Release|iPhoneSimulator.Build.0 = Release|Any CPU
		{8B4ACDD4-CA01-4A75-8B87-75DEE4192BC0}.Debug|Any CPU.ActiveCfg = Debug|Any CPU
		{8B4ACDD4-CA01-4A75-8B87-75DEE4192BC0}.Debug|Any CPU.Build.0 = Debug|Any CPU
		{8B4ACDD4-CA01-4A75-8B87-75DEE4192BC0}.Debug|Any CPU.Deploy.0 = Debug|Any CPU
		{8B4ACDD4-CA01-4A75-8B87-75DEE4192BC0}.Debug|iPhone.ActiveCfg = Debug|Any CPU
		{8B4ACDD4-CA01-4A75-8B87-75DEE4192BC0}.Debug|iPhone.Build.0 = Debug|Any CPU
		{8B4ACDD4-CA01-4A75-8B87-75DEE4192BC0}.Debug|iPhone.Deploy.0 = Debug|Any CPU
		{8B4ACDD4-CA01-4A75-8B87-75DEE4192BC0}.Debug|iPhoneSimulator.ActiveCfg = Debug|Any CPU
		{8B4ACDD4-CA01-4A75-8B87-75DEE4192BC0}.Debug|iPhoneSimulator.Build.0 = Debug|Any CPU
		{8B4ACDD4-CA01-4A75-8B87-75DEE4192BC0}.Debug|iPhoneSimulator.Deploy.0 = Debug|Any CPU
		{8B4ACDD4-CA01-4A75-8B87-75DEE4192BC0}.Release|Any CPU.ActiveCfg = Release|Any CPU
		{8B4ACDD4-CA01-4A75-8B87-75DEE4192BC0}.Release|Any CPU.Build.0 = Release|Any CPU
		{8B4ACDD4-CA01-4A75-8B87-75DEE4192BC0}.Release|Any CPU.Deploy.0 = Release|Any CPU
		{8B4ACDD4-CA01-4A75-8B87-75DEE4192BC0}.Release|iPhone.ActiveCfg = Release|Any CPU
		{8B4ACDD4-CA01-4A75-8B87-75DEE4192BC0}.Release|iPhone.Build.0 = Release|Any CPU
		{8B4ACDD4-CA01-4A75-8B87-75DEE4192BC0}.Release|iPhone.Deploy.0 = Release|Any CPU
		{8B4ACDD4-CA01-4A75-8B87-75DEE4192BC0}.Release|iPhoneSimulator.ActiveCfg = Release|Any CPU
		{8B4ACDD4-CA01-4A75-8B87-75DEE4192BC0}.Release|iPhoneSimulator.Build.0 = Release|Any CPU
		{8B4ACDD4-CA01-4A75-8B87-75DEE4192BC0}.Release|iPhoneSimulator.Deploy.0 = Release|Any CPU
		{C33C3E14-58CE-45A3-99C9-594D547DAED9}.Debug|Any CPU.ActiveCfg = Debug|iPhoneSimulator
		{C33C3E14-58CE-45A3-99C9-594D547DAED9}.Debug|iPhone.ActiveCfg = Debug|iPhone
		{C33C3E14-58CE-45A3-99C9-594D547DAED9}.Debug|iPhone.Build.0 = Debug|iPhone
		{C33C3E14-58CE-45A3-99C9-594D547DAED9}.Debug|iPhoneSimulator.ActiveCfg = Debug|iPhoneSimulator
		{C33C3E14-58CE-45A3-99C9-594D547DAED9}.Debug|iPhoneSimulator.Build.0 = Debug|iPhoneSimulator
		{C33C3E14-58CE-45A3-99C9-594D547DAED9}.Release|Any CPU.ActiveCfg = Release|iPhoneSimulator
		{C33C3E14-58CE-45A3-99C9-594D547DAED9}.Release|iPhone.ActiveCfg = Release|iPhone
		{C33C3E14-58CE-45A3-99C9-594D547DAED9}.Release|iPhone.Build.0 = Release|iPhone
		{C33C3E14-58CE-45A3-99C9-594D547DAED9}.Release|iPhoneSimulator.ActiveCfg = Release|iPhoneSimulator
		{C33C3E14-58CE-45A3-99C9-594D547DAED9}.Release|iPhoneSimulator.Build.0 = Release|iPhoneSimulator
	EndGlobalSection
	GlobalSection(SolutionProperties) = preSolution
		HideSolutionNode = FALSE
	EndGlobalSection
	GlobalSection(NestedProjects) = preSolution
		{0AD6A1C2-CA06-4811-B66D-9011CC78E4CE} = {4796A22B-91A9-42AF-87CA-F69392696B0A}
		{1FCE1C15-6706-4047-86B5-E4BCA8552687} = {68306EFF-55D9-497B-9482-FEB81C485914}
		{3C3EA9D0-1631-4508-A48C-E05096557A03} = {21DEE52A-3A14-46CE-A9DE-C0C9F5E9E9D1}
		{42696AFD-6DFF-4360-B36D-7FAB6DE8ACEB} = {68306EFF-55D9-497B-9482-FEB81C485914}
		{3943A6A5-84A2-4086-A558-CDBB11910F76} = {033E4EF3-2FB5-450A-9B35-616D9B0D6EAA}
		{8C884225-D844-4686-84BA-2C9D2E81E503} = {033E4EF3-2FB5-450A-9B35-616D9B0D6EAA}
		{C819B155-EF16-4544-AB52-510B8C242752} = {21DEE52A-3A14-46CE-A9DE-C0C9F5E9E9D1}
		{3C5630B4-E4A5-4D88-B415-C478305DEA60} = {4796A22B-91A9-42AF-87CA-F69392696B0A}
		{0A8EC22B-112D-4D14-9208-E9D47433A4AD} = {4796A22B-91A9-42AF-87CA-F69392696B0A}
		{A6C88D0A-9BAD-4C1F-9124-BFD5C6268193} = {21DEE52A-3A14-46CE-A9DE-C0C9F5E9E9D1}
		{A48D4BDA-B3AF-479E-B399-05861C806816} = {68306EFF-55D9-497B-9482-FEB81C485914}
		{4FDC2869-C584-4B40-B269-938630A72D03} = {033E4EF3-2FB5-450A-9B35-616D9B0D6EAA}
		{F873763B-693B-438A-9FC5-5DB63FA4FB17} = {033E4EF3-2FB5-450A-9B35-616D9B0D6EAA}
		{2BC356E0-E4D9-47B8-9426-D19E32B14027} = {68306EFF-55D9-497B-9482-FEB81C485914}
		{59298CE7-AE14-4622-B5F8-183DA6379F65} = {2BC356E0-E4D9-47B8-9426-D19E32B14027}
		{8B4ACDD4-CA01-4A75-8B87-75DEE4192BC0} = {2BC356E0-E4D9-47B8-9426-D19E32B14027}
		{C33C3E14-58CE-45A3-99C9-594D547DAED9} = {2BC356E0-E4D9-47B8-9426-D19E32B14027}
	EndGlobalSection
	GlobalSection(ExtensibilityGlobals) = postSolution
		SolutionGuid = {1FE1E2C8-475E-4592-8609-D331B1D01730}
	EndGlobalSection
EndGlobal
