
Microsoft Visual Studio Solution File, Format Version 12.00
# Visual Studio Version 16
VisualStudioVersion = 16.0.30406.217
MinimumVisualStudioVersion = 10.0.40219.1
Project("{2150E333-8FDC-42A3-9474-1A3956D46DE8}") = "01. Core Layer", "01. Core Layer", "{66D571DA-9F35-4818-97E9-D89B56AFCC8C}"
EndProject
Project("{2150E333-8FDC-42A3-9474-1A3956D46DE8}") = "02. Startup Layer", "02. Startup Layer", "{305D4806-CC80-41DD-B994-D9C0C29F9DEC}"
EndProject
Project("{9A19103F-16F7-4668-BE54-9A1E7A4F7556}") = "SimpleIdServer.OpenBankingApi.Startup", "src\OpenBankingApi\SimpleIdServer.OpenBankingApi.Startup\SimpleIdServer.OpenBankingApi.Startup.csproj", "{2E5CD363-164D-4B27-8A53-BEFEBBDF8572}"
EndProject
Project("{9A19103F-16F7-4668-BE54-9A1E7A4F7556}") = "SimpleIdServer.OpenBankingApi", "src\OpenBankingApi\SimpleIdServer.OpenBankingApi\SimpleIdServer.OpenBankingApi.csproj", "{3FE83D72-3F90-4EE6-A14E-7C53C14F8588}"
EndProject
Global
	GlobalSection(SolutionConfigurationPlatforms) = preSolution
		Debug|Any CPU = Debug|Any CPU
		Release|Any CPU = Release|Any CPU
	EndGlobalSection
	GlobalSection(ProjectConfigurationPlatforms) = postSolution
		{2E5CD363-164D-4B27-8A53-BEFEBBDF8572}.Debug|Any CPU.ActiveCfg = Debug|Any CPU
		{2E5CD363-164D-4B27-8A53-BEFEBBDF8572}.Debug|Any CPU.Build.0 = Debug|Any CPU
		{2E5CD363-164D-4B27-8A53-BEFEBBDF8572}.Release|Any CPU.ActiveCfg = Release|Any CPU
		{2E5CD363-164D-4B27-8A53-BEFEBBDF8572}.Release|Any CPU.Build.0 = Release|Any CPU
		{3FE83D72-3F90-4EE6-A14E-7C53C14F8588}.Debug|Any CPU.ActiveCfg = Debug|Any CPU
		{3FE83D72-3F90-4EE6-A14E-7C53C14F8588}.Debug|Any CPU.Build.0 = Debug|Any CPU
		{3FE83D72-3F90-4EE6-A14E-7C53C14F8588}.Release|Any CPU.ActiveCfg = Release|Any CPU
		{3FE83D72-3F90-4EE6-A14E-7C53C14F8588}.Release|Any CPU.Build.0 = Release|Any CPU
	EndGlobalSection
	GlobalSection(SolutionProperties) = preSolution
		HideSolutionNode = FALSE
	EndGlobalSection
	GlobalSection(NestedProjects) = preSolution
		{2E5CD363-164D-4B27-8A53-BEFEBBDF8572} = {305D4806-CC80-41DD-B994-D9C0C29F9DEC}
		{3FE83D72-3F90-4EE6-A14E-7C53C14F8588} = {66D571DA-9F35-4818-97E9-D89B56AFCC8C}
	EndGlobalSection
	GlobalSection(ExtensibilityGlobals) = postSolution
		SolutionGuid = {570C87DE-80F1-44E8-8869-A35488B6C71A}
	EndGlobalSection
EndGlobal
