
Microsoft Visual Studio Solution File, Format Version 12.00
# Visual Studio Version 17
VisualStudioVersion = 17.1.32328.378
MinimumVisualStudioVersion = 10.0.40219.1
Project("{2150E333-8FDC-42A3-9474-1A3956D46DE8}") = "01. Core Layer", "01. Core Layer", "{E47E7F9F-C5CA-4459-AF46-F320F155B69E}"
EndProject
Project("{9A19103F-16F7-4668-BE54-9A1E7A4F7556}") = "SimpleIdServer.Scim", "src\Scim\SimpleIdServer.Scim\SimpleIdServer.Scim.csproj", "{4B26792A-6960-4270-92C1-65C4C1FD59F3}"
EndProject
Project("{2150E333-8FDC-42A3-9474-1A3956D46DE8}") = "04. Testing Layer", "04. Testing Layer", "{E5F2ACD7-7D4E-449B-94D3-62F8185E7AAE}"
EndProject
Project("{2150E333-8FDC-42A3-9474-1A3956D46DE8}") = "02. Starting Layer", "02. Starting Layer", "{011E8E6E-5B36-4E0C-A4AE-FF7B11579380}"
EndProject
Project("{9A19103F-16F7-4668-BE54-9A1E7A4F7556}") = "SimpleIdServer.Scim.Host.Acceptance.Tests", "tests\SimpleIdServer.Scim.Host.Acceptance.Tests\SimpleIdServer.Scim.Host.Acceptance.Tests.csproj", "{C3E22928-FC40-47EF-A886-B37B7B96D9B4}"
EndProject
Project("{9A19103F-16F7-4668-BE54-9A1E7A4F7556}") = "SimpleIdServer.Scim.Tests", "tests\SimpleIdServer.Scim.Tests\SimpleIdServer.Scim.Tests.csproj", "{7DF81302-13C8-42F6-9AA4-F1E21071D19A}"
EndProject
Project("{9A19103F-16F7-4668-BE54-9A1E7A4F7556}") = "SimpleIdServer.Scim.Persistence.MongoDB", "src\Scim\SimpleIdServer.Scim.Persistence.MongoDB\SimpleIdServer.Scim.Persistence.MongoDB.csproj", "{02A2B0B2-3328-4340-8E20-06256544935E}"
EndProject
Project("{9A19103F-16F7-4668-BE54-9A1E7A4F7556}") = "SimpleIdServer.Scim.Swashbuckle", "src\Scim\SimpleIdServer.Scim.Swashbuckle\SimpleIdServer.Scim.Swashbuckle.csproj", "{A8244272-C4D7-42F3-8316-A118D34399B9}"
EndProject
Project("{9A19103F-16F7-4668-BE54-9A1E7A4F7556}") = "SimpleIdServer.Scim.Benchmark", "src\Scim\SimpleIdServer.Scim.Benchmark\SimpleIdServer.Scim.Benchmark.csproj", "{C378AF55-8142-40A6-A371-3FE3B1D869D4}"
EndProject
Project("{9A19103F-16F7-4668-BE54-9A1E7A4F7556}") = "SimpleIdServer.Scim.Domains", "src\Scim\SimpleIdServer.Scim.Domains\SimpleIdServer.Scim.Domains.csproj", "{5B2045DC-EAF1-4786-BA9C-5946F29A6F88}"
EndProject
Project("{9A19103F-16F7-4668-BE54-9A1E7A4F7556}") = "SimpleIdServer.Scim.Parser", "src\Scim\SimpleIdServer.Scim.Parser\SimpleIdServer.Scim.Parser.csproj", "{3EAF4289-0E8F-43D8-8B7E-6467771A74DD}"
EndProject
Project("{9A19103F-16F7-4668-BE54-9A1E7A4F7556}") = "SimpleIdServer.Scim.SwashbuckleV6", "src\Scim\SimpleIdServer.Scim.SwashbuckleV6\SimpleIdServer.Scim.SwashbuckleV6.csproj", "{8D1982A1-C423-4C19-B2D9-487E46EB5BF1}"
EndProject
Project("{9A19103F-16F7-4668-BE54-9A1E7A4F7556}") = "SimpleIdServer.Scim.Persistence.EF", "src\Scim\SimpleIdServer.Scim.Persistence.EF\SimpleIdServer.Scim.Persistence.EF.csproj", "{B6B92BA0-2A6F-40DA-A01A-3FF9887D2A7E}"
EndProject
Project("{9A19103F-16F7-4668-BE54-9A1E7A4F7556}") = "SimpleIdServer.Scim.Client", "src\Scim\SimpleIdServer.Scim.Client\SimpleIdServer.Scim.Client.csproj", "{42EAA673-67AC-4406-908D-490E01C16D58}"
EndProject
Project("{9A19103F-16F7-4668-BE54-9A1E7A4F7556}") = "SimpleIdServer.Scim.Startup", "src\Scim\SimpleIdServer.Scim.Startup\SimpleIdServer.Scim.Startup.csproj", "{5B2199C4-EEFC-46DB-970D-8254D5BA88B3}"
EndProject
Project("{2150E333-8FDC-42A3-9474-1A3956D46DE8}") = "03. Migrations Layer", "03. Migrations Layer", "{EBD2D625-0911-46C2-A899-836706A82BC0}"
EndProject
Project("{9A19103F-16F7-4668-BE54-9A1E7A4F7556}") = "SimpleIdServer.Scim.PostgreMigrations", "src\Scim\SimpleIdServer.Scim.PostgreMigrations\SimpleIdServer.Scim.PostgreMigrations.csproj", "{7DBBF997-362E-441C-9D36-572A635FC35B}"
EndProject
Project("{9A19103F-16F7-4668-BE54-9A1E7A4F7556}") = "SimpleIdServer.Scim.SqlServerMigrations", "src\Scim\SimpleIdServer.Scim.SqlServerMigrations\SimpleIdServer.Scim.SqlServerMigrations.csproj", "{02AF94F7-ADB2-4966-8FF7-0D9AE90BE703}"
EndProject
Project("{9A19103F-16F7-4668-BE54-9A1E7A4F7556}") = "SimpleIdServer.Scim.MySQLMigrations", "src\Scim\SimpleIdServer.Scim.MySQLMigrations\SimpleIdServer.Scim.MySQLMigrations.csproj", "{DE956F00-9A99-403F-B58B-21D0F6764AF9}"
EndProject
Project("{9A19103F-16F7-4668-BE54-9A1E7A4F7556}") = "SimpleIdServer.Scim.SqliteMigrations", "src\Scim\SimpleIdServer.Scim.SqliteMigrations\SimpleIdServer.Scim.SqliteMigrations.csproj", "{6BC472A8-7377-4030-BA6C-18569103CD5A}"
EndProject
Global
	GlobalSection(SolutionConfigurationPlatforms) = preSolution
		Debug|Any CPU = Debug|Any CPU
		Release|Any CPU = Release|Any CPU
	EndGlobalSection
	GlobalSection(ProjectConfigurationPlatforms) = postSolution
		{4B26792A-6960-4270-92C1-65C4C1FD59F3}.Debug|Any CPU.ActiveCfg = Debug|Any CPU
		{4B26792A-6960-4270-92C1-65C4C1FD59F3}.Debug|Any CPU.Build.0 = Debug|Any CPU
		{4B26792A-6960-4270-92C1-65C4C1FD59F3}.Release|Any CPU.ActiveCfg = Release|Any CPU
		{4B26792A-6960-4270-92C1-65C4C1FD59F3}.Release|Any CPU.Build.0 = Release|Any CPU
		{C3E22928-FC40-47EF-A886-B37B7B96D9B4}.Debug|Any CPU.ActiveCfg = Debug|Any CPU
		{C3E22928-FC40-47EF-A886-B37B7B96D9B4}.Debug|Any CPU.Build.0 = Debug|Any CPU
		{C3E22928-FC40-47EF-A886-B37B7B96D9B4}.Release|Any CPU.ActiveCfg = Release|Any CPU
		{C3E22928-FC40-47EF-A886-B37B7B96D9B4}.Release|Any CPU.Build.0 = Release|Any CPU
		{7DF81302-13C8-42F6-9AA4-F1E21071D19A}.Debug|Any CPU.ActiveCfg = Debug|Any CPU
		{7DF81302-13C8-42F6-9AA4-F1E21071D19A}.Debug|Any CPU.Build.0 = Debug|Any CPU
		{7DF81302-13C8-42F6-9AA4-F1E21071D19A}.Release|Any CPU.ActiveCfg = Release|Any CPU
		{7DF81302-13C8-42F6-9AA4-F1E21071D19A}.Release|Any CPU.Build.0 = Release|Any CPU
		{02A2B0B2-3328-4340-8E20-06256544935E}.Debug|Any CPU.ActiveCfg = Debug|Any CPU
		{02A2B0B2-3328-4340-8E20-06256544935E}.Debug|Any CPU.Build.0 = Debug|Any CPU
		{02A2B0B2-3328-4340-8E20-06256544935E}.Release|Any CPU.ActiveCfg = Release|Any CPU
		{02A2B0B2-3328-4340-8E20-06256544935E}.Release|Any CPU.Build.0 = Release|Any CPU
		{A8244272-C4D7-42F3-8316-A118D34399B9}.Debug|Any CPU.ActiveCfg = Debug|Any CPU
		{A8244272-C4D7-42F3-8316-A118D34399B9}.Debug|Any CPU.Build.0 = Debug|Any CPU
		{A8244272-C4D7-42F3-8316-A118D34399B9}.Release|Any CPU.ActiveCfg = Release|Any CPU
		{A8244272-C4D7-42F3-8316-A118D34399B9}.Release|Any CPU.Build.0 = Release|Any CPU
		{C378AF55-8142-40A6-A371-3FE3B1D869D4}.Debug|Any CPU.ActiveCfg = Debug|Any CPU
		{C378AF55-8142-40A6-A371-3FE3B1D869D4}.Debug|Any CPU.Build.0 = Debug|Any CPU
		{C378AF55-8142-40A6-A371-3FE3B1D869D4}.Release|Any CPU.ActiveCfg = Release|Any CPU
		{C378AF55-8142-40A6-A371-3FE3B1D869D4}.Release|Any CPU.Build.0 = Release|Any CPU
		{5B2045DC-EAF1-4786-BA9C-5946F29A6F88}.Debug|Any CPU.ActiveCfg = Debug|Any CPU
		{5B2045DC-EAF1-4786-BA9C-5946F29A6F88}.Debug|Any CPU.Build.0 = Debug|Any CPU
		{5B2045DC-EAF1-4786-BA9C-5946F29A6F88}.Release|Any CPU.ActiveCfg = Release|Any CPU
		{5B2045DC-EAF1-4786-BA9C-5946F29A6F88}.Release|Any CPU.Build.0 = Release|Any CPU
		{3EAF4289-0E8F-43D8-8B7E-6467771A74DD}.Debug|Any CPU.ActiveCfg = Debug|Any CPU
		{3EAF4289-0E8F-43D8-8B7E-6467771A74DD}.Debug|Any CPU.Build.0 = Debug|Any CPU
		{3EAF4289-0E8F-43D8-8B7E-6467771A74DD}.Release|Any CPU.ActiveCfg = Release|Any CPU
		{3EAF4289-0E8F-43D8-8B7E-6467771A74DD}.Release|Any CPU.Build.0 = Release|Any CPU
		{8D1982A1-C423-4C19-B2D9-487E46EB5BF1}.Debug|Any CPU.ActiveCfg = Debug|Any CPU
		{8D1982A1-C423-4C19-B2D9-487E46EB5BF1}.Debug|Any CPU.Build.0 = Debug|Any CPU
		{8D1982A1-C423-4C19-B2D9-487E46EB5BF1}.Release|Any CPU.ActiveCfg = Release|Any CPU
		{8D1982A1-C423-4C19-B2D9-487E46EB5BF1}.Release|Any CPU.Build.0 = Release|Any CPU
		{B6B92BA0-2A6F-40DA-A01A-3FF9887D2A7E}.Debug|Any CPU.ActiveCfg = Debug|Any CPU
		{B6B92BA0-2A6F-40DA-A01A-3FF9887D2A7E}.Debug|Any CPU.Build.0 = Debug|Any CPU
		{B6B92BA0-2A6F-40DA-A01A-3FF9887D2A7E}.Release|Any CPU.ActiveCfg = Release|Any CPU
		{B6B92BA0-2A6F-40DA-A01A-3FF9887D2A7E}.Release|Any CPU.Build.0 = Release|Any CPU
		{42EAA673-67AC-4406-908D-490E01C16D58}.Debug|Any CPU.ActiveCfg = Debug|Any CPU
		{42EAA673-67AC-4406-908D-490E01C16D58}.Debug|Any CPU.Build.0 = Debug|Any CPU
		{42EAA673-67AC-4406-908D-490E01C16D58}.Release|Any CPU.ActiveCfg = Release|Any CPU
		{42EAA673-67AC-4406-908D-490E01C16D58}.Release|Any CPU.Build.0 = Release|Any CPU
		{5B2199C4-EEFC-46DB-970D-8254D5BA88B3}.Debug|Any CPU.ActiveCfg = Debug|Any CPU
		{5B2199C4-EEFC-46DB-970D-8254D5BA88B3}.Debug|Any CPU.Build.0 = Debug|Any CPU
		{5B2199C4-EEFC-46DB-970D-8254D5BA88B3}.Release|Any CPU.ActiveCfg = Release|Any CPU
		{5B2199C4-EEFC-46DB-970D-8254D5BA88B3}.Release|Any CPU.Build.0 = Release|Any CPU
		{7DBBF997-362E-441C-9D36-572A635FC35B}.Debug|Any CPU.ActiveCfg = Debug|Any CPU
		{7DBBF997-362E-441C-9D36-572A635FC35B}.Debug|Any CPU.Build.0 = Debug|Any CPU
		{7DBBF997-362E-441C-9D36-572A635FC35B}.Release|Any CPU.ActiveCfg = Release|Any CPU
		{7DBBF997-362E-441C-9D36-572A635FC35B}.Release|Any CPU.Build.0 = Release|Any CPU
		{02AF94F7-ADB2-4966-8FF7-0D9AE90BE703}.Debug|Any CPU.ActiveCfg = Debug|Any CPU
		{02AF94F7-ADB2-4966-8FF7-0D9AE90BE703}.Debug|Any CPU.Build.0 = Debug|Any CPU
		{02AF94F7-ADB2-4966-8FF7-0D9AE90BE703}.Release|Any CPU.ActiveCfg = Release|Any CPU
		{02AF94F7-ADB2-4966-8FF7-0D9AE90BE703}.Release|Any CPU.Build.0 = Release|Any CPU
		{DE956F00-9A99-403F-B58B-21D0F6764AF9}.Debug|Any CPU.ActiveCfg = Debug|Any CPU
		{DE956F00-9A99-403F-B58B-21D0F6764AF9}.Debug|Any CPU.Build.0 = Debug|Any CPU
		{DE956F00-9A99-403F-B58B-21D0F6764AF9}.Release|Any CPU.ActiveCfg = Release|Any CPU
		{DE956F00-9A99-403F-B58B-21D0F6764AF9}.Release|Any CPU.Build.0 = Release|Any CPU
		{6BC472A8-7377-4030-BA6C-18569103CD5A}.Debug|Any CPU.ActiveCfg = Debug|Any CPU
		{6BC472A8-7377-4030-BA6C-18569103CD5A}.Debug|Any CPU.Build.0 = Debug|Any CPU
		{6BC472A8-7377-4030-BA6C-18569103CD5A}.Release|Any CPU.ActiveCfg = Release|Any CPU
		{6BC472A8-7377-4030-BA6C-18569103CD5A}.Release|Any CPU.Build.0 = Release|Any CPU
	EndGlobalSection
	GlobalSection(SolutionProperties) = preSolution
		HideSolutionNode = FALSE
	EndGlobalSection
	GlobalSection(NestedProjects) = preSolution
		{4B26792A-6960-4270-92C1-65C4C1FD59F3} = {E47E7F9F-C5CA-4459-AF46-F320F155B69E}
		{C3E22928-FC40-47EF-A886-B37B7B96D9B4} = {E5F2ACD7-7D4E-449B-94D3-62F8185E7AAE}
		{7DF81302-13C8-42F6-9AA4-F1E21071D19A} = {E5F2ACD7-7D4E-449B-94D3-62F8185E7AAE}
		{02A2B0B2-3328-4340-8E20-06256544935E} = {E47E7F9F-C5CA-4459-AF46-F320F155B69E}
		{A8244272-C4D7-42F3-8316-A118D34399B9} = {E47E7F9F-C5CA-4459-AF46-F320F155B69E}
		{C378AF55-8142-40A6-A371-3FE3B1D869D4} = {011E8E6E-5B36-4E0C-A4AE-FF7B11579380}
		{5B2045DC-EAF1-4786-BA9C-5946F29A6F88} = {E47E7F9F-C5CA-4459-AF46-F320F155B69E}
		{3EAF4289-0E8F-43D8-8B7E-6467771A74DD} = {E47E7F9F-C5CA-4459-AF46-F320F155B69E}
		{8D1982A1-C423-4C19-B2D9-487E46EB5BF1} = {E47E7F9F-C5CA-4459-AF46-F320F155B69E}
		{B6B92BA0-2A6F-40DA-A01A-3FF9887D2A7E} = {E47E7F9F-C5CA-4459-AF46-F320F155B69E}
		{42EAA673-67AC-4406-908D-490E01C16D58} = {E47E7F9F-C5CA-4459-AF46-F320F155B69E}
		{5B2199C4-EEFC-46DB-970D-8254D5BA88B3} = {011E8E6E-5B36-4E0C-A4AE-FF7B11579380}
		{7DBBF997-362E-441C-9D36-572A635FC35B} = {EBD2D625-0911-46C2-A899-836706A82BC0}
		{02AF94F7-ADB2-4966-8FF7-0D9AE90BE703} = {EBD2D625-0911-46C2-A899-836706A82BC0}
		{DE956F00-9A99-403F-B58B-21D0F6764AF9} = {EBD2D625-0911-46C2-A899-836706A82BC0}
		{6BC472A8-7377-4030-BA6C-18569103CD5A} = {EBD2D625-0911-46C2-A899-836706A82BC0}
	EndGlobalSection
	GlobalSection(ExtensibilityGlobals) = postSolution
		SolutionGuid = {E7923ED0-C7DA-4D19-81E6-E3EEE579FE7A}
	EndGlobalSection
EndGlobal
