
Microsoft Visual Studio Solution File, Format Version 12.00
# Visual Studio Version 17
VisualStudioVersion = 17.0.31903.59
MinimumVisualStudioVersion = 10.0.40219.1
Project("{2150E333-8FDC-42A3-9474-1A3956D46DE8}") = "src", "src", "{108FC95D-8229-4971-8EA9-8DE14B4C6A1A}"
EndProject
Project("{2150E333-8FDC-42A3-9474-1A3956D46DE8}") = "tests", "tests", "{E2BDE2AE-38B3-4237-85C2-906713705003}"
EndProject
Project("{9A19103F-16F7-4668-BE54-9A1E7A4F7556}") = "SimpleIdServer.DID.Tests", "tests\SimpleIdServer.DID.Tests\SimpleIdServer.DID.Tests.csproj", "{A23C583E-187F-4433-BEA6-172E7933543C}"
EndProject
Project("{9A19103F-16F7-4668-BE54-9A1E7A4F7556}") = "SimpleIdServer.Did.Key.Tests", "tests\SimpleIdServer.Did.Key.Tests\SimpleIdServer.Did.Key.Tests.csproj", "{930361D6-6755-4F2A-9375-5084A9E70587}"
EndProject
Project("{9A19103F-16F7-4668-BE54-9A1E7A4F7556}") = "SimpleIdServer.Did.Ethr.Tests", "tests\SimpleIdServer.Did.Ethr.Tests\SimpleIdServer.Did.Ethr.Tests.csproj", "{FE894BDC-F365-4DBE-9EF2-6588BD5F427F}"
EndProject
Project("{9A19103F-16F7-4668-BE54-9A1E7A4F7556}") = "SimpleIdServer.Did", "src\Did\SimpleIdServer.Did\SimpleIdServer.Did.csproj", "{480BAD69-942C-4471-90A9-F57E8552F3E2}"
EndProject
Project("{9A19103F-16F7-4668-BE54-9A1E7A4F7556}") = "SimpleIdServer.Did.Ethr", "src\Did\SimpleIdServer.Did.Ethr\SimpleIdServer.Did.Ethr.csproj", "{21330D5C-3560-4C50-B9AD-BE007391718B}"
EndProject
Project("{9A19103F-16F7-4668-BE54-9A1E7A4F7556}") = "SimpleIdServer.Did.Key", "src\Did\SimpleIdServer.Did.Key\SimpleIdServer.Did.Key.csproj", "{E28FE021-17E9-4AD4-86ED-203901F7BAB0}"
EndProject
Project("{9A19103F-16F7-4668-BE54-9A1E7A4F7556}") = "SimpleIdServer.Vc", "src\Did\SimpleIdServer.Vc\SimpleIdServer.Vc.csproj", "{089FEE22-28D6-417B-8D03-B806A3398674}"
EndProject
Project("{9A19103F-16F7-4668-BE54-9A1E7A4F7556}") = "SimpleIdServer.Vc.Tests", "tests\SimpleIdServer.Vc.Tests\SimpleIdServer.Vc.Tests.csproj", "{B66FC104-F99F-49C3-B7CA-2334B46CD324}"
EndProject
Project("{9A19103F-16F7-4668-BE54-9A1E7A4F7556}") = "json-ld.net", "json-ld.net\src\json-ld.net\json-ld.net.csproj", "{B40BF1D2-04FF-4A6D-A89E-4F1CC0266994}"
EndProject
Project("{9A19103F-16F7-4668-BE54-9A1E7A4F7556}") = "SimpleIdServer.Vp", "src\Did\SimpleIdServer.Vp\SimpleIdServer.Vp.csproj", "{A985B9E9-70ED-4A10-9509-BA694C7C727A}"
EndProject
Project("{9A19103F-16F7-4668-BE54-9A1E7A4F7556}") = "SimpleIdServer.Vp.Tests", "tests\SimpleIdServer.Vp.Tests\SimpleIdServer.Vp.Tests.csproj", "{B36BCAC2-B2C2-4D00-95CB-F8CA0A61FB40}"
EndProject
Global
	GlobalSection(SolutionConfigurationPlatforms) = preSolution
		Debug|Any CPU = Debug|Any CPU
		Release|Any CPU = Release|Any CPU
	EndGlobalSection
	GlobalSection(ProjectConfigurationPlatforms) = postSolution
		{A23C583E-187F-4433-BEA6-172E7933543C}.Debug|Any CPU.ActiveCfg = Debug|Any CPU
		{A23C583E-187F-4433-BEA6-172E7933543C}.Debug|Any CPU.Build.0 = Debug|Any CPU
		{A23C583E-187F-4433-BEA6-172E7933543C}.Release|Any CPU.ActiveCfg = Release|Any CPU
		{A23C583E-187F-4433-BEA6-172E7933543C}.Release|Any CPU.Build.0 = Release|Any CPU
		{930361D6-6755-4F2A-9375-5084A9E70587}.Debug|Any CPU.ActiveCfg = Debug|Any CPU
		{930361D6-6755-4F2A-9375-5084A9E70587}.Debug|Any CPU.Build.0 = Debug|Any CPU
		{930361D6-6755-4F2A-9375-5084A9E70587}.Release|Any CPU.ActiveCfg = Release|Any CPU
		{930361D6-6755-4F2A-9375-5084A9E70587}.Release|Any CPU.Build.0 = Release|Any CPU
		{FE894BDC-F365-4DBE-9EF2-6588BD5F427F}.Debug|Any CPU.ActiveCfg = Debug|Any CPU
		{FE894BDC-F365-4DBE-9EF2-6588BD5F427F}.Debug|Any CPU.Build.0 = Debug|Any CPU
		{FE894BDC-F365-4DBE-9EF2-6588BD5F427F}.Release|Any CPU.ActiveCfg = Release|Any CPU
		{FE894BDC-F365-4DBE-9EF2-6588BD5F427F}.Release|Any CPU.Build.0 = Release|Any CPU
		{480BAD69-942C-4471-90A9-F57E8552F3E2}.Debug|Any CPU.ActiveCfg = Debug|Any CPU
		{480BAD69-942C-4471-90A9-F57E8552F3E2}.Debug|Any CPU.Build.0 = Debug|Any CPU
		{480BAD69-942C-4471-90A9-F57E8552F3E2}.Release|Any CPU.ActiveCfg = Release|Any CPU
		{480BAD69-942C-4471-90A9-F57E8552F3E2}.Release|Any CPU.Build.0 = Release|Any CPU
		{21330D5C-3560-4C50-B9AD-BE007391718B}.Debug|Any CPU.ActiveCfg = Debug|Any CPU
		{21330D5C-3560-4C50-B9AD-BE007391718B}.Debug|Any CPU.Build.0 = Debug|Any CPU
		{21330D5C-3560-4C50-B9AD-BE007391718B}.Release|Any CPU.ActiveCfg = Release|Any CPU
		{21330D5C-3560-4C50-B9AD-BE007391718B}.Release|Any CPU.Build.0 = Release|Any CPU
		{E28FE021-17E9-4AD4-86ED-203901F7BAB0}.Debug|Any CPU.ActiveCfg = Debug|Any CPU
		{E28FE021-17E9-4AD4-86ED-203901F7BAB0}.Debug|Any CPU.Build.0 = Debug|Any CPU
		{E28FE021-17E9-4AD4-86ED-203901F7BAB0}.Release|Any CPU.ActiveCfg = Release|Any CPU
		{E28FE021-17E9-4AD4-86ED-203901F7BAB0}.Release|Any CPU.Build.0 = Release|Any CPU
		{089FEE22-28D6-417B-8D03-B806A3398674}.Debug|Any CPU.ActiveCfg = Debug|Any CPU
		{089FEE22-28D6-417B-8D03-B806A3398674}.Debug|Any CPU.Build.0 = Debug|Any CPU
		{089FEE22-28D6-417B-8D03-B806A3398674}.Release|Any CPU.ActiveCfg = Release|Any CPU
		{089FEE22-28D6-417B-8D03-B806A3398674}.Release|Any CPU.Build.0 = Release|Any CPU
		{B66FC104-F99F-49C3-B7CA-2334B46CD324}.Debug|Any CPU.ActiveCfg = Debug|Any CPU
		{B66FC104-F99F-49C3-B7CA-2334B46CD324}.Debug|Any CPU.Build.0 = Debug|Any CPU
		{B66FC104-F99F-49C3-B7CA-2334B46CD324}.Release|Any CPU.ActiveCfg = Release|Any CPU
		{B66FC104-F99F-49C3-B7CA-2334B46CD324}.Release|Any CPU.Build.0 = Release|Any CPU
		{B40BF1D2-04FF-4A6D-A89E-4F1CC0266994}.Debug|Any CPU.ActiveCfg = Debug|Any CPU
		{B40BF1D2-04FF-4A6D-A89E-4F1CC0266994}.Debug|Any CPU.Build.0 = Debug|Any CPU
		{B40BF1D2-04FF-4A6D-A89E-4F1CC0266994}.Release|Any CPU.ActiveCfg = Release|Any CPU
		{B40BF1D2-04FF-4A6D-A89E-4F1CC0266994}.Release|Any CPU.Build.0 = Release|Any CPU
		{A985B9E9-70ED-4A10-9509-BA694C7C727A}.Debug|Any CPU.ActiveCfg = Debug|Any CPU
		{A985B9E9-70ED-4A10-9509-BA694C7C727A}.Debug|Any CPU.Build.0 = Debug|Any CPU
		{A985B9E9-70ED-4A10-9509-BA694C7C727A}.Release|Any CPU.ActiveCfg = Release|Any CPU
		{A985B9E9-70ED-4A10-9509-BA694C7C727A}.Release|Any CPU.Build.0 = Release|Any CPU
		{B36BCAC2-B2C2-4D00-95CB-F8CA0A61FB40}.Debug|Any CPU.ActiveCfg = Debug|Any CPU
		{B36BCAC2-B2C2-4D00-95CB-F8CA0A61FB40}.Debug|Any CPU.Build.0 = Debug|Any CPU
		{B36BCAC2-B2C2-4D00-95CB-F8CA0A61FB40}.Release|Any CPU.ActiveCfg = Release|Any CPU
		{B36BCAC2-B2C2-4D00-95CB-F8CA0A61FB40}.Release|Any CPU.Build.0 = Release|Any CPU
	EndGlobalSection
	GlobalSection(SolutionProperties) = preSolution
		HideSolutionNode = FALSE
	EndGlobalSection
	GlobalSection(NestedProjects) = preSolution
		{A23C583E-187F-4433-BEA6-172E7933543C} = {E2BDE2AE-38B3-4237-85C2-906713705003}
		{930361D6-6755-4F2A-9375-5084A9E70587} = {E2BDE2AE-38B3-4237-85C2-906713705003}
		{FE894BDC-F365-4DBE-9EF2-6588BD5F427F} = {E2BDE2AE-38B3-4237-85C2-906713705003}
		{480BAD69-942C-4471-90A9-F57E8552F3E2} = {108FC95D-8229-4971-8EA9-8DE14B4C6A1A}
		{21330D5C-3560-4C50-B9AD-BE007391718B} = {108FC95D-8229-4971-8EA9-8DE14B4C6A1A}
		{E28FE021-17E9-4AD4-86ED-203901F7BAB0} = {108FC95D-8229-4971-8EA9-8DE14B4C6A1A}
		{089FEE22-28D6-417B-8D03-B806A3398674} = {108FC95D-8229-4971-8EA9-8DE14B4C6A1A}
		{B66FC104-F99F-49C3-B7CA-2334B46CD324} = {E2BDE2AE-38B3-4237-85C2-906713705003}
		{B40BF1D2-04FF-4A6D-A89E-4F1CC0266994} = {108FC95D-8229-4971-8EA9-8DE14B4C6A1A}
		{A985B9E9-70ED-4A10-9509-BA694C7C727A} = {108FC95D-8229-4971-8EA9-8DE14B4C6A1A}
		{B36BCAC2-B2C2-4D00-95CB-F8CA0A61FB40} = {E2BDE2AE-38B3-4237-85C2-906713705003}
	EndGlobalSection
	GlobalSection(ExtensibilityGlobals) = postSolution
		SolutionGuid = {235D56B0-9D3F-4B57-86F8-74B512C8D736}
	EndGlobalSection
EndGlobal
