
Microsoft Visual Studio Solution File, Format Version 12.00
# Visual Studio Version 17
VisualStudioVersion = 17.4.33122.133
MinimumVisualStudioVersion = 10.0.40219.1
Project("{2150E333-8FDC-42A3-9474-1A3956D46DE8}") = "02. Startup Layer", "02. Startup Layer", "{68306EFF-55D9-497B-9482-FEB81C485914}"
EndProject
Project("{2150E333-8FDC-42A3-9474-1A3956D46DE8}") = "00. Core Layer", "00. Core Layer", "{4796A22B-91A9-42AF-87CA-F69392696B0A}"
EndProject
Project("{2150E333-8FDC-42A3-9474-1A3956D46DE8}") = "04. Testing Layer", "04. Testing Layer", "{033E4EF3-2FB5-450A-9B35-616D9B0D6EAA}"
EndProject
Project("{9A19103F-16F7-4668-BE54-9A1E7A4F7556}") = "SimpleIdServer.IdServer", "src\IdServer\SimpleIdServer.IdServer\SimpleIdServer.IdServer.csproj", "{2C314EA3-9950-4805-8CB1-35F4A86FA997}"
EndProject
Project("{9A19103F-16F7-4668-BE54-9A1E7A4F7556}") = "SimpleIdServer.IdServer.Domains", "src\IdServer\SimpleIdServer.IdServer.Domains\SimpleIdServer.IdServer.Domains.csproj", "{3D6D6457-E842-4CE3-8930-C46B1701D3D0}"
EndProject
Project("{9A19103F-16F7-4668-BE54-9A1E7A4F7556}") = "SimpleIdServer.IdServer.Helpers", "src\IdServer\SimpleIdServer.IdServer.Helpers\SimpleIdServer.IdServer.Helpers.csproj", "{3AE0156E-9607-4DCC-952B-5F5126FC0542}"
EndProject
Project("{9A19103F-16F7-4668-BE54-9A1E7A4F7556}") = "SimpleIdServer.IdServer.Startup", "src\IdServer\SimpleIdServer.IdServer.Startup\SimpleIdServer.IdServer.Startup.csproj", "{39E93279-300A-400A-A8A4-A05426773C8E}"
EndProject
Project("{9A19103F-16F7-4668-BE54-9A1E7A4F7556}") = "SimpleIdServer.IdServer.Host.Acceptance.Tests", "tests\SimpleIdServer.IdServer.Host.Acceptance.Tests\SimpleIdServer.IdServer.Host.Acceptance.Tests.csproj", "{2A0AB899-B02E-449F-B0EA-8BEA4D2FB18A}"
EndProject
Project("{9A19103F-16F7-4668-BE54-9A1E7A4F7556}") = "SimpleIdServer.IdServer.Email", "src\IdServer\SimpleIdServer.IdServer.Email\SimpleIdServer.IdServer.Email.csproj", "{CE9CED43-D3D4-4711-A8C1-D0E35D4EB2BD}"
EndProject
Project("{9A19103F-16F7-4668-BE54-9A1E7A4F7556}") = "SimpleIdServer.IdServer.Sms", "src\IdServer\SimpleIdServer.IdServer.Sms\SimpleIdServer.IdServer.Sms.csproj", "{DE396E1F-F734-4835-9557-65D559C2953A}"
EndProject
Project("{2150E333-8FDC-42A3-9474-1A3956D46DE8}") = "01. WsFederation", "01. WsFederation", "{15CD3447-BC21-4D46-AD8A-E76685376077}"
EndProject
Project("{9A19103F-16F7-4668-BE54-9A1E7A4F7556}") = "SimpleIdServer.IdServer.WsFederation", "src\IdServer\SimpleIdServer.IdServer.WsFederation\SimpleIdServer.IdServer.WsFederation.csproj", "{25E98779-29F9-4C74-A935-15D20D9F0E0E}"
EndProject
Project("{9A19103F-16F7-4668-BE54-9A1E7A4F7556}") = "SimpleIdServer.IdServer.Tests", "tests\SimpleIdServer.IdServer.Tests\SimpleIdServer.IdServer.Tests.csproj", "{EA9F6F0A-5F8A-454D-A682-7CADD6704C44}"
EndProject
Project("{9A19103F-16F7-4668-BE54-9A1E7A4F7556}") = "SimpleIdServer.IdServer.Website", "src\IdServer\SimpleIdServer.IdServer.Website\SimpleIdServer.IdServer.Website.csproj", "{83A19793-668C-46B6-B1D7-134DFED8B430}"
EndProject
Project("{9A19103F-16F7-4668-BE54-9A1E7A4F7556}") = "SimpleIdServer.IdServer.Website.Startup", "src\IdServer\SimpleIdServer.IdServer.Website.Startup\SimpleIdServer.IdServer.Website.Startup.csproj", "{75CB19CC-AD5A-47B8-8337-FB11B15D660A}"
EndProject
Project("{9A19103F-16F7-4668-BE54-9A1E7A4F7556}") = "SimpleIdServer.IdServer.ConformanceSuite.Startup", "src\IdServer\SimpleIdServer.IdServer.ConformanceSuite.Startup\SimpleIdServer.IdServer.ConformanceSuite.Startup.csproj", "{CACFC943-091F-4008-8CC4-FC689851DBC0}"
EndProject
Project("{9A19103F-16F7-4668-BE54-9A1E7A4F7556}") = "SimpleIdServer.OpenIdConnect", "src\IdServer\SimpleIdServer.OpenIdConnect\SimpleIdServer.OpenIdConnect.csproj", "{D8593C20-6BF5-4B84-AD08-590B03407CF3}"
EndProject
Project("{9A19103F-16F7-4668-BE54-9A1E7A4F7556}") = "SimpleIdServer.Scim.Client", "src\Scim\SimpleIdServer.Scim.Client\SimpleIdServer.Scim.Client.csproj", "{8E4A021B-6525-4326-B290-CFA57FFEFFEA}"
EndProject
Project("{2150E333-8FDC-42A3-9474-1A3956D46DE8}") = "03. Migrations", "03. Migrations", "{DA65BA14-7FA4-4D99-A11D-C67F75F03771}"
EndProject
Project("{9A19103F-16F7-4668-BE54-9A1E7A4F7556}") = "SimpleIdServer.IdServer.PostgreMigrations", "src\IdServer\SimpleIdServer.IdServer.PostgreMigrations\SimpleIdServer.IdServer.PostgreMigrations.csproj", "{B188D040-77C3-4C6D-A5CE-A1D65F6935A1}"
EndProject
Project("{9A19103F-16F7-4668-BE54-9A1E7A4F7556}") = "SimpleIdServer.IdServer.SqlServerMigrations", "src\IdServer\SimpleIdServer.IdServer.SqlServerMigrations\SimpleIdServer.IdServer.SqlServerMigrations.csproj", "{D2236B28-D0E4-40F3-8865-95EE667FBE4F}"
EndProject
Project("{9A19103F-16F7-4668-BE54-9A1E7A4F7556}") = "SimpleIdServer.DPoP", "src\IdServer\SimpleIdServer.DPoP\SimpleIdServer.DPoP.csproj", "{12D662D9-3775-4178-998D-FBB2231612B6}"
EndProject
Project("{9A19103F-16F7-4668-BE54-9A1E7A4F7556}") = "SimpleIdServer.IdServer.U2FClient", "src\IdServer\SimpleIdServer.IdServer.U2FClient\SimpleIdServer.IdServer.U2FClient.csproj", "{CA49CB9A-D5FE-47D9-8B3B-8F65607D42B2}"
EndProject
Project("{9A19103F-16F7-4668-BE54-9A1E7A4F7556}") = "SimpleIdServer.IdServer.U2FClient.Tests", "tests\SimpleIdServer.IdServer.U2FClient.Tests\SimpleIdServer.IdServer.U2FClient.Tests.csproj", "{218C2BC4-55F0-4A94-8460-571BFF1DD65C}"
EndProject
Project("{9A19103F-16F7-4668-BE54-9A1E7A4F7556}") = "SimpleIdServer.IdServer.Fido", "src\IdServer\SimpleIdServer.IdServer.Fido\SimpleIdServer.IdServer.Fido.csproj", "{F6B5BABF-D8F8-4406-BC23-7AEA69F10C80}"
EndProject
Project("{9A19103F-16F7-4668-BE54-9A1E7A4F7556}") = "SimpleIdServer.U2F.Sample", "src\IdServer\SimpleIdServer.U2F.Sample\SimpleIdServer.U2F.Sample.csproj", "{4E256D36-E158-49BD-AC8A-6E7F26AF1F90}"
EndProject
Project("{9A19103F-16F7-4668-BE54-9A1E7A4F7556}") = "SimpleIdServer.IdServer.Saml.Idp", "src\IdServer\SimpleIdServer.IdServer.Saml.Idp\SimpleIdServer.IdServer.Saml.Idp.csproj", "{11B3DF91-E492-481C-BEC2-160C82632533}"
EndProject
Project("{9A19103F-16F7-4668-BE54-9A1E7A4F7556}") = "SimpleIdServer.IdServer.Saml.Sp", "src\IdServer\SimpleIdServer.IdServer.Saml.Sp\SimpleIdServer.IdServer.Saml.Sp.csproj", "{39EF1B2F-716B-4024-AEA5-4A2EFDF1AE88}"
EndProject
Project("{9A19103F-16F7-4668-BE54-9A1E7A4F7556}") = "SimpleIdServer.Configuration", "src\IdServer\SimpleIdServer.Configuration\SimpleIdServer.Configuration.csproj", "{41EA0AE2-525E-42F1-A17B-4F64AB346669}"
EndProject
Project("{9A19103F-16F7-4668-BE54-9A1E7A4F7556}") = "SimpleIdServer.Configuration.Tests", "tests\SimpleIdServer.Configuration.Tests\SimpleIdServer.Configuration.Tests.csproj", "{4E8282F4-A23F-4665-AD3C-4CDD52248AC6}"
EndProject
Project("{2150E333-8FDC-42A3-9474-1A3956D46DE8}") = "02. Provisioning", "02. Provisioning", "{654E3738-8074-4079-AE56-8B2C31BE6781}"
EndProject
Project("{9A19103F-16F7-4668-BE54-9A1E7A4F7556}") = "SimpleIdServer.IdServer.Provisioning.LDAP", "src\IdServer\SimpleIdServer.IdServer.Provisioning.LDAP\SimpleIdServer.IdServer.Provisioning.LDAP.csproj", "{B116874E-AAD8-4E5D-87D0-630876B56011}"
EndProject
Project("{9A19103F-16F7-4668-BE54-9A1E7A4F7556}") = "SimpleIdServer.IdServer.Provisioning.SCIM", "src\IdServer\SimpleIdServer.IdServer.Provisioning.SCIM\SimpleIdServer.IdServer.Provisioning.SCIM.csproj", "{17A026EF-7BC8-4092-BCDF-F711F241301D}"
EndProject
Project("{2150E333-8FDC-42A3-9474-1A3956D46DE8}") = "03. Authentication", "03. Authentication", "{E5886E09-671E-4B3E-AA8F-824C39DF94E4}"
EndProject
Project("{2150E333-8FDC-42A3-9474-1A3956D46DE8}") = "04. Configuration", "04. Configuration", "{CA774DE9-8091-4298-BDB3-924561F36B75}"
EndProject
Project("{9A19103F-16F7-4668-BE54-9A1E7A4F7556}") = "SimpleIdServer.Configuration.Redis", "src\IdServer\SimpleIdServer.Configuration.Redis\SimpleIdServer.Configuration.Redis.csproj", "{3EA05774-266E-4C68-AE40-CE246F8EDD31}"
EndProject
Project("{9A19103F-16F7-4668-BE54-9A1E7A4F7556}") = "SimpleIdServer.IdServer.Notification.Fcm", "src\IdServer\SimpleIdServer.IdServer.Notification.Fcm\SimpleIdServer.IdServer.Notification.Fcm.csproj", "{C302A16E-7070-40C8-8296-E5437361A000}"
EndProject
Project("{9A19103F-16F7-4668-BE54-9A1E7A4F7556}") = "SimpleIdServer.IdServer.MySQLMigrations", "src\IdServer\SimpleIdServer.IdServer.MySQLMigrations\SimpleIdServer.IdServer.MySQLMigrations.csproj", "{784CDB53-A42C-47E0-BFAD-7D68E56D71A3}"
EndProject
Project("{9A19103F-16F7-4668-BE54-9A1E7A4F7556}") = "SimpleIdServer.IdServer.Swagger", "src\IdServer\SimpleIdServer.IdServer.Swagger\SimpleIdServer.IdServer.Swagger.csproj", "{D717B7A2-96C5-4DAB-A7DC-C1443A4DA409}"
EndProject
Project("{9A19103F-16F7-4668-BE54-9A1E7A4F7556}") = "SimpleIdServer.IdServer.Pwd", "src\IdServer\SimpleIdServer.IdServer.Pwd\SimpleIdServer.IdServer.Pwd.csproj", "{846D7F9C-35A3-4E40-AAFC-A879C29AC9D2}"
EndProject
Project("{9A19103F-16F7-4668-BE54-9A1E7A4F7556}") = "SimpleIdServer.IdServer.Console", "src\IdServer\SimpleIdServer.IdServer.Console\SimpleIdServer.IdServer.Console.csproj", "{A23E9D61-30A1-4331-A53C-687E705F8F52}"
EndProject
Project("{9A19103F-16F7-4668-BE54-9A1E7A4F7556}") = "SimpleIdServer.IdServer.SqliteMigrations", "src\IdServer\SimpleIdServer.IdServer.SqliteMigrations\SimpleIdServer.IdServer.SqliteMigrations.csproj", "{5B787625-82D6-4A2E-8D5D-ED20B87ACBB7}"
EndProject
Project("{9A19103F-16F7-4668-BE54-9A1E7A4F7556}") = "SimpleIdServer.IdServer.Otp", "src\IdServer\SimpleIdServer.IdServer.Otp\SimpleIdServer.IdServer.Otp.csproj", "{3655F8EA-FACF-44FD-A403-4263387F2CCB}"
EndProject
Project("{9A19103F-16F7-4668-BE54-9A1E7A4F7556}") = "SimpleIdServer.IdServer.Notification.Gotify", "src\IdServer\SimpleIdServer.IdServer.Notification.Gotify\SimpleIdServer.IdServer.Notification.Gotify.csproj", "{A69586FF-DD28-48C0-B227-64157D840053}"
EndProject
Project("{9A19103F-16F7-4668-BE54-9A1E7A4F7556}") = "SimpleIdServer.IdServer.VerifiablePresentation", "src\IdServer\SimpleIdServer.IdServer.VerifiablePresentation\SimpleIdServer.IdServer.VerifiablePresentation.csproj", "{DF8ABFF6-6F35-4E70-BE74-9096E937643E}"
EndProject
Project("{2150E333-8FDC-42A3-9474-1A3956D46DE8}") = "05. Did", "05. Did", "{39266BD6-0925-4D5C-804F-B4F537800ECE}"
EndProject
Project("{9A19103F-16F7-4668-BE54-9A1E7A4F7556}") = "SimpleIdServer.Vp", "src\Did\SimpleIdServer.Vp\SimpleIdServer.Vp.csproj", "{56088324-367E-49AE-8E24-A5125B89A3D0}"
EndProject
Project("{9A19103F-16F7-4668-BE54-9A1E7A4F7556}") = "SimpleIdServer.Vc", "src\Did\SimpleIdServer.Vc\SimpleIdServer.Vc.csproj", "{D0BCCD15-6F0C-493D-83A9-3A91B85739C4}"
EndProject
Project("{9A19103F-16F7-4668-BE54-9A1E7A4F7556}") = "SimpleIdServer.Did", "src\Did\SimpleIdServer.Did\SimpleIdServer.Did.csproj", "{0D6EBA01-1A6B-447D-864A-378663F00119}"
EndProject
Project("{9A19103F-16F7-4668-BE54-9A1E7A4F7556}") = "json-ld.net", "json-ld.net\src\json-ld.net\json-ld.net.csproj", "{E5818DB7-879C-4BB5-8366-622A14B6A2EF}"
EndProject
Project("{9A19103F-16F7-4668-BE54-9A1E7A4F7556}") = "SimpleIdServer.Did.Key", "src\Did\SimpleIdServer.Did.Key\SimpleIdServer.Did.Key.csproj", "{DA7049F0-07FC-4E1C-B26D-00D6E4549728}"
EndProject
Project("{9A19103F-16F7-4668-BE54-9A1E7A4F7556}") = "SimpleIdServer.IdServer.Store.SqlSugar", "src\IdServer\SimpleIdServer.IdServer.Store.SqlSugar\SimpleIdServer.IdServer.Store.SqlSugar.csproj", "{80479B56-99CC-457E-9823-BD3B20814B9D}"
EndProject
Project("{2150E333-8FDC-42A3-9474-1A3956D46DE8}") = "06. Stores", "06. Stores", "{06BF894C-69D7-406A-A97F-BD990A3D59ED}"
EndProject
Project("{9A19103F-16F7-4668-BE54-9A1E7A4F7556}") = "SimpleIdServer.IdServer.Store.EF", "src\IdServer\SimpleIdServer.IdServer.Store.EF\SimpleIdServer.IdServer.Store.EF.csproj", "{BE501B31-2CF6-4218-AA74-F536C11AD9D7}"
EndProject
Project("{9A19103F-16F7-4668-BE54-9A1E7A4F7556}") = "SimpleIdServer.IdServer.SqlSugar.Startup", "src\IdServer\SimpleIdServer.IdServer.SqlSugar.Startup\SimpleIdServer.IdServer.SqlSugar.Startup.csproj", "{0D76EB63-29B1-4878-84D1-2D35897EE1FA}"
EndProject
Project("{9A19103F-16F7-4668-BE54-9A1E7A4F7556}") = "SimpleIdServer.SelfIdServer.Host.Acceptance.Tests", "tests\SimpleIdServer.SelfIssuedIdServer.Host.Acceptance.Tests\SimpleIdServer.SelfIdServer.Host.Acceptance.Tests.csproj", "{467B3D10-E6C9-427F-A29F-373AE95ECF69}"
EndProject
Global
	GlobalSection(SolutionConfigurationPlatforms) = preSolution
		Debug|Any CPU = Debug|Any CPU
		Release|Any CPU = Release|Any CPU
	EndGlobalSection
	GlobalSection(ProjectConfigurationPlatforms) = postSolution
		{2C314EA3-9950-4805-8CB1-35F4A86FA997}.Debug|Any CPU.ActiveCfg = Debug|Any CPU
		{2C314EA3-9950-4805-8CB1-35F4A86FA997}.Debug|Any CPU.Build.0 = Debug|Any CPU
		{2C314EA3-9950-4805-8CB1-35F4A86FA997}.Release|Any CPU.ActiveCfg = Release|Any CPU
		{2C314EA3-9950-4805-8CB1-35F4A86FA997}.Release|Any CPU.Build.0 = Release|Any CPU
		{3D6D6457-E842-4CE3-8930-C46B1701D3D0}.Debug|Any CPU.ActiveCfg = Debug|Any CPU
		{3D6D6457-E842-4CE3-8930-C46B1701D3D0}.Debug|Any CPU.Build.0 = Debug|Any CPU
		{3D6D6457-E842-4CE3-8930-C46B1701D3D0}.Release|Any CPU.ActiveCfg = Release|Any CPU
		{3D6D6457-E842-4CE3-8930-C46B1701D3D0}.Release|Any CPU.Build.0 = Release|Any CPU
		{3AE0156E-9607-4DCC-952B-5F5126FC0542}.Debug|Any CPU.ActiveCfg = Debug|Any CPU
		{3AE0156E-9607-4DCC-952B-5F5126FC0542}.Debug|Any CPU.Build.0 = Debug|Any CPU
		{3AE0156E-9607-4DCC-952B-5F5126FC0542}.Release|Any CPU.ActiveCfg = Release|Any CPU
		{3AE0156E-9607-4DCC-952B-5F5126FC0542}.Release|Any CPU.Build.0 = Release|Any CPU
		{39E93279-300A-400A-A8A4-A05426773C8E}.Debug|Any CPU.ActiveCfg = Debug|Any CPU
		{39E93279-300A-400A-A8A4-A05426773C8E}.Debug|Any CPU.Build.0 = Debug|Any CPU
		{39E93279-300A-400A-A8A4-A05426773C8E}.Release|Any CPU.ActiveCfg = Release|Any CPU
		{39E93279-300A-400A-A8A4-A05426773C8E}.Release|Any CPU.Build.0 = Release|Any CPU
		{2A0AB899-B02E-449F-B0EA-8BEA4D2FB18A}.Debug|Any CPU.ActiveCfg = Debug|Any CPU
		{2A0AB899-B02E-449F-B0EA-8BEA4D2FB18A}.Debug|Any CPU.Build.0 = Debug|Any CPU
		{2A0AB899-B02E-449F-B0EA-8BEA4D2FB18A}.Release|Any CPU.ActiveCfg = Release|Any CPU
		{2A0AB899-B02E-449F-B0EA-8BEA4D2FB18A}.Release|Any CPU.Build.0 = Release|Any CPU
		{CE9CED43-D3D4-4711-A8C1-D0E35D4EB2BD}.Debug|Any CPU.ActiveCfg = Debug|Any CPU
		{CE9CED43-D3D4-4711-A8C1-D0E35D4EB2BD}.Debug|Any CPU.Build.0 = Debug|Any CPU
		{CE9CED43-D3D4-4711-A8C1-D0E35D4EB2BD}.Release|Any CPU.ActiveCfg = Release|Any CPU
		{CE9CED43-D3D4-4711-A8C1-D0E35D4EB2BD}.Release|Any CPU.Build.0 = Release|Any CPU
		{DE396E1F-F734-4835-9557-65D559C2953A}.Debug|Any CPU.ActiveCfg = Debug|Any CPU
		{DE396E1F-F734-4835-9557-65D559C2953A}.Debug|Any CPU.Build.0 = Debug|Any CPU
		{DE396E1F-F734-4835-9557-65D559C2953A}.Release|Any CPU.ActiveCfg = Release|Any CPU
		{DE396E1F-F734-4835-9557-65D559C2953A}.Release|Any CPU.Build.0 = Release|Any CPU
		{25E98779-29F9-4C74-A935-15D20D9F0E0E}.Debug|Any CPU.ActiveCfg = Debug|Any CPU
		{25E98779-29F9-4C74-A935-15D20D9F0E0E}.Debug|Any CPU.Build.0 = Debug|Any CPU
		{25E98779-29F9-4C74-A935-15D20D9F0E0E}.Release|Any CPU.ActiveCfg = Release|Any CPU
		{25E98779-29F9-4C74-A935-15D20D9F0E0E}.Release|Any CPU.Build.0 = Release|Any CPU
		{EA9F6F0A-5F8A-454D-A682-7CADD6704C44}.Debug|Any CPU.ActiveCfg = Debug|Any CPU
		{EA9F6F0A-5F8A-454D-A682-7CADD6704C44}.Debug|Any CPU.Build.0 = Debug|Any CPU
		{EA9F6F0A-5F8A-454D-A682-7CADD6704C44}.Release|Any CPU.ActiveCfg = Release|Any CPU
		{EA9F6F0A-5F8A-454D-A682-7CADD6704C44}.Release|Any CPU.Build.0 = Release|Any CPU
		{83A19793-668C-46B6-B1D7-134DFED8B430}.Debug|Any CPU.ActiveCfg = Debug|Any CPU
		{83A19793-668C-46B6-B1D7-134DFED8B430}.Debug|Any CPU.Build.0 = Debug|Any CPU
		{83A19793-668C-46B6-B1D7-134DFED8B430}.Release|Any CPU.ActiveCfg = Release|Any CPU
		{83A19793-668C-46B6-B1D7-134DFED8B430}.Release|Any CPU.Build.0 = Release|Any CPU
		{75CB19CC-AD5A-47B8-8337-FB11B15D660A}.Debug|Any CPU.ActiveCfg = Debug|Any CPU
		{75CB19CC-AD5A-47B8-8337-FB11B15D660A}.Debug|Any CPU.Build.0 = Debug|Any CPU
		{75CB19CC-AD5A-47B8-8337-FB11B15D660A}.Release|Any CPU.ActiveCfg = Release|Any CPU
		{75CB19CC-AD5A-47B8-8337-FB11B15D660A}.Release|Any CPU.Build.0 = Release|Any CPU
		{CACFC943-091F-4008-8CC4-FC689851DBC0}.Debug|Any CPU.ActiveCfg = Debug|Any CPU
		{CACFC943-091F-4008-8CC4-FC689851DBC0}.Debug|Any CPU.Build.0 = Debug|Any CPU
		{CACFC943-091F-4008-8CC4-FC689851DBC0}.Release|Any CPU.ActiveCfg = Release|Any CPU
		{CACFC943-091F-4008-8CC4-FC689851DBC0}.Release|Any CPU.Build.0 = Release|Any CPU
		{D8593C20-6BF5-4B84-AD08-590B03407CF3}.Debug|Any CPU.ActiveCfg = Debug|Any CPU
		{D8593C20-6BF5-4B84-AD08-590B03407CF3}.Debug|Any CPU.Build.0 = Debug|Any CPU
		{D8593C20-6BF5-4B84-AD08-590B03407CF3}.Release|Any CPU.ActiveCfg = Release|Any CPU
		{D8593C20-6BF5-4B84-AD08-590B03407CF3}.Release|Any CPU.Build.0 = Release|Any CPU
		{8E4A021B-6525-4326-B290-CFA57FFEFFEA}.Debug|Any CPU.ActiveCfg = Debug|Any CPU
		{8E4A021B-6525-4326-B290-CFA57FFEFFEA}.Debug|Any CPU.Build.0 = Debug|Any CPU
		{8E4A021B-6525-4326-B290-CFA57FFEFFEA}.Release|Any CPU.ActiveCfg = Release|Any CPU
		{8E4A021B-6525-4326-B290-CFA57FFEFFEA}.Release|Any CPU.Build.0 = Release|Any CPU
		{B188D040-77C3-4C6D-A5CE-A1D65F6935A1}.Debug|Any CPU.ActiveCfg = Debug|Any CPU
		{B188D040-77C3-4C6D-A5CE-A1D65F6935A1}.Debug|Any CPU.Build.0 = Debug|Any CPU
		{B188D040-77C3-4C6D-A5CE-A1D65F6935A1}.Release|Any CPU.ActiveCfg = Release|Any CPU
		{B188D040-77C3-4C6D-A5CE-A1D65F6935A1}.Release|Any CPU.Build.0 = Release|Any CPU
		{D2236B28-D0E4-40F3-8865-95EE667FBE4F}.Debug|Any CPU.ActiveCfg = Debug|Any CPU
		{D2236B28-D0E4-40F3-8865-95EE667FBE4F}.Debug|Any CPU.Build.0 = Debug|Any CPU
		{D2236B28-D0E4-40F3-8865-95EE667FBE4F}.Release|Any CPU.ActiveCfg = Release|Any CPU
		{D2236B28-D0E4-40F3-8865-95EE667FBE4F}.Release|Any CPU.Build.0 = Release|Any CPU
		{12D662D9-3775-4178-998D-FBB2231612B6}.Debug|Any CPU.ActiveCfg = Debug|Any CPU
		{12D662D9-3775-4178-998D-FBB2231612B6}.Debug|Any CPU.Build.0 = Debug|Any CPU
		{12D662D9-3775-4178-998D-FBB2231612B6}.Release|Any CPU.ActiveCfg = Release|Any CPU
		{12D662D9-3775-4178-998D-FBB2231612B6}.Release|Any CPU.Build.0 = Release|Any CPU
		{CA49CB9A-D5FE-47D9-8B3B-8F65607D42B2}.Debug|Any CPU.ActiveCfg = Debug|Any CPU
		{CA49CB9A-D5FE-47D9-8B3B-8F65607D42B2}.Debug|Any CPU.Build.0 = Debug|Any CPU
		{CA49CB9A-D5FE-47D9-8B3B-8F65607D42B2}.Release|Any CPU.ActiveCfg = Release|Any CPU
		{CA49CB9A-D5FE-47D9-8B3B-8F65607D42B2}.Release|Any CPU.Build.0 = Release|Any CPU
		{218C2BC4-55F0-4A94-8460-571BFF1DD65C}.Debug|Any CPU.ActiveCfg = Debug|Any CPU
		{218C2BC4-55F0-4A94-8460-571BFF1DD65C}.Debug|Any CPU.Build.0 = Debug|Any CPU
		{218C2BC4-55F0-4A94-8460-571BFF1DD65C}.Release|Any CPU.ActiveCfg = Release|Any CPU
		{218C2BC4-55F0-4A94-8460-571BFF1DD65C}.Release|Any CPU.Build.0 = Release|Any CPU
		{F6B5BABF-D8F8-4406-BC23-7AEA69F10C80}.Debug|Any CPU.ActiveCfg = Debug|Any CPU
		{F6B5BABF-D8F8-4406-BC23-7AEA69F10C80}.Debug|Any CPU.Build.0 = Debug|Any CPU
		{F6B5BABF-D8F8-4406-BC23-7AEA69F10C80}.Release|Any CPU.ActiveCfg = Release|Any CPU
		{F6B5BABF-D8F8-4406-BC23-7AEA69F10C80}.Release|Any CPU.Build.0 = Release|Any CPU
		{4E256D36-E158-49BD-AC8A-6E7F26AF1F90}.Debug|Any CPU.ActiveCfg = Debug|Any CPU
		{4E256D36-E158-49BD-AC8A-6E7F26AF1F90}.Debug|Any CPU.Build.0 = Debug|Any CPU
		{4E256D36-E158-49BD-AC8A-6E7F26AF1F90}.Release|Any CPU.ActiveCfg = Release|Any CPU
		{4E256D36-E158-49BD-AC8A-6E7F26AF1F90}.Release|Any CPU.Build.0 = Release|Any CPU
		{11B3DF91-E492-481C-BEC2-160C82632533}.Debug|Any CPU.ActiveCfg = Debug|Any CPU
		{11B3DF91-E492-481C-BEC2-160C82632533}.Debug|Any CPU.Build.0 = Debug|Any CPU
		{11B3DF91-E492-481C-BEC2-160C82632533}.Release|Any CPU.ActiveCfg = Release|Any CPU
		{11B3DF91-E492-481C-BEC2-160C82632533}.Release|Any CPU.Build.0 = Release|Any CPU
		{39EF1B2F-716B-4024-AEA5-4A2EFDF1AE88}.Debug|Any CPU.ActiveCfg = Debug|Any CPU
		{39EF1B2F-716B-4024-AEA5-4A2EFDF1AE88}.Debug|Any CPU.Build.0 = Debug|Any CPU
		{39EF1B2F-716B-4024-AEA5-4A2EFDF1AE88}.Release|Any CPU.ActiveCfg = Release|Any CPU
		{39EF1B2F-716B-4024-AEA5-4A2EFDF1AE88}.Release|Any CPU.Build.0 = Release|Any CPU
		{41EA0AE2-525E-42F1-A17B-4F64AB346669}.Debug|Any CPU.ActiveCfg = Debug|Any CPU
		{41EA0AE2-525E-42F1-A17B-4F64AB346669}.Debug|Any CPU.Build.0 = Debug|Any CPU
		{41EA0AE2-525E-42F1-A17B-4F64AB346669}.Release|Any CPU.ActiveCfg = Release|Any CPU
		{41EA0AE2-525E-42F1-A17B-4F64AB346669}.Release|Any CPU.Build.0 = Release|Any CPU
		{4E8282F4-A23F-4665-AD3C-4CDD52248AC6}.Debug|Any CPU.ActiveCfg = Debug|Any CPU
		{4E8282F4-A23F-4665-AD3C-4CDD52248AC6}.Debug|Any CPU.Build.0 = Debug|Any CPU
		{4E8282F4-A23F-4665-AD3C-4CDD52248AC6}.Release|Any CPU.ActiveCfg = Release|Any CPU
		{4E8282F4-A23F-4665-AD3C-4CDD52248AC6}.Release|Any CPU.Build.0 = Release|Any CPU
		{B116874E-AAD8-4E5D-87D0-630876B56011}.Debug|Any CPU.ActiveCfg = Debug|Any CPU
		{B116874E-AAD8-4E5D-87D0-630876B56011}.Debug|Any CPU.Build.0 = Debug|Any CPU
		{B116874E-AAD8-4E5D-87D0-630876B56011}.Release|Any CPU.ActiveCfg = Release|Any CPU
		{B116874E-AAD8-4E5D-87D0-630876B56011}.Release|Any CPU.Build.0 = Release|Any CPU
		{17A026EF-7BC8-4092-BCDF-F711F241301D}.Debug|Any CPU.ActiveCfg = Debug|Any CPU
		{17A026EF-7BC8-4092-BCDF-F711F241301D}.Debug|Any CPU.Build.0 = Debug|Any CPU
		{17A026EF-7BC8-4092-BCDF-F711F241301D}.Release|Any CPU.ActiveCfg = Release|Any CPU
		{17A026EF-7BC8-4092-BCDF-F711F241301D}.Release|Any CPU.Build.0 = Release|Any CPU
		{3EA05774-266E-4C68-AE40-CE246F8EDD31}.Debug|Any CPU.ActiveCfg = Debug|Any CPU
		{3EA05774-266E-4C68-AE40-CE246F8EDD31}.Debug|Any CPU.Build.0 = Debug|Any CPU
		{3EA05774-266E-4C68-AE40-CE246F8EDD31}.Release|Any CPU.ActiveCfg = Release|Any CPU
		{3EA05774-266E-4C68-AE40-CE246F8EDD31}.Release|Any CPU.Build.0 = Release|Any CPU
		{C302A16E-7070-40C8-8296-E5437361A000}.Debug|Any CPU.ActiveCfg = Debug|Any CPU
		{C302A16E-7070-40C8-8296-E5437361A000}.Debug|Any CPU.Build.0 = Debug|Any CPU
		{C302A16E-7070-40C8-8296-E5437361A000}.Release|Any CPU.ActiveCfg = Release|Any CPU
		{C302A16E-7070-40C8-8296-E5437361A000}.Release|Any CPU.Build.0 = Release|Any CPU
		{784CDB53-A42C-47E0-BFAD-7D68E56D71A3}.Debug|Any CPU.ActiveCfg = Debug|Any CPU
		{784CDB53-A42C-47E0-BFAD-7D68E56D71A3}.Debug|Any CPU.Build.0 = Debug|Any CPU
		{784CDB53-A42C-47E0-BFAD-7D68E56D71A3}.Release|Any CPU.ActiveCfg = Release|Any CPU
		{784CDB53-A42C-47E0-BFAD-7D68E56D71A3}.Release|Any CPU.Build.0 = Release|Any CPU
		{D717B7A2-96C5-4DAB-A7DC-C1443A4DA409}.Debug|Any CPU.ActiveCfg = Debug|Any CPU
		{D717B7A2-96C5-4DAB-A7DC-C1443A4DA409}.Debug|Any CPU.Build.0 = Debug|Any CPU
		{D717B7A2-96C5-4DAB-A7DC-C1443A4DA409}.Release|Any CPU.ActiveCfg = Release|Any CPU
		{D717B7A2-96C5-4DAB-A7DC-C1443A4DA409}.Release|Any CPU.Build.0 = Release|Any CPU
		{846D7F9C-35A3-4E40-AAFC-A879C29AC9D2}.Debug|Any CPU.ActiveCfg = Debug|Any CPU
		{846D7F9C-35A3-4E40-AAFC-A879C29AC9D2}.Debug|Any CPU.Build.0 = Debug|Any CPU
		{846D7F9C-35A3-4E40-AAFC-A879C29AC9D2}.Release|Any CPU.ActiveCfg = Release|Any CPU
		{846D7F9C-35A3-4E40-AAFC-A879C29AC9D2}.Release|Any CPU.Build.0 = Release|Any CPU
		{A23E9D61-30A1-4331-A53C-687E705F8F52}.Debug|Any CPU.ActiveCfg = Debug|Any CPU
		{A23E9D61-30A1-4331-A53C-687E705F8F52}.Debug|Any CPU.Build.0 = Debug|Any CPU
		{A23E9D61-30A1-4331-A53C-687E705F8F52}.Release|Any CPU.ActiveCfg = Release|Any CPU
		{A23E9D61-30A1-4331-A53C-687E705F8F52}.Release|Any CPU.Build.0 = Release|Any CPU
		{5B787625-82D6-4A2E-8D5D-ED20B87ACBB7}.Debug|Any CPU.ActiveCfg = Debug|Any CPU
		{5B787625-82D6-4A2E-8D5D-ED20B87ACBB7}.Debug|Any CPU.Build.0 = Debug|Any CPU
		{5B787625-82D6-4A2E-8D5D-ED20B87ACBB7}.Release|Any CPU.ActiveCfg = Release|Any CPU
		{5B787625-82D6-4A2E-8D5D-ED20B87ACBB7}.Release|Any CPU.Build.0 = Release|Any CPU
		{3655F8EA-FACF-44FD-A403-4263387F2CCB}.Debug|Any CPU.ActiveCfg = Debug|Any CPU
		{3655F8EA-FACF-44FD-A403-4263387F2CCB}.Debug|Any CPU.Build.0 = Debug|Any CPU
		{3655F8EA-FACF-44FD-A403-4263387F2CCB}.Release|Any CPU.ActiveCfg = Release|Any CPU
		{3655F8EA-FACF-44FD-A403-4263387F2CCB}.Release|Any CPU.Build.0 = Release|Any CPU
		{A69586FF-DD28-48C0-B227-64157D840053}.Debug|Any CPU.ActiveCfg = Debug|Any CPU
		{A69586FF-DD28-48C0-B227-64157D840053}.Debug|Any CPU.Build.0 = Debug|Any CPU
		{A69586FF-DD28-48C0-B227-64157D840053}.Release|Any CPU.ActiveCfg = Release|Any CPU
		{A69586FF-DD28-48C0-B227-64157D840053}.Release|Any CPU.Build.0 = Release|Any CPU
		{DF8ABFF6-6F35-4E70-BE74-9096E937643E}.Debug|Any CPU.ActiveCfg = Debug|Any CPU
		{DF8ABFF6-6F35-4E70-BE74-9096E937643E}.Debug|Any CPU.Build.0 = Debug|Any CPU
		{DF8ABFF6-6F35-4E70-BE74-9096E937643E}.Release|Any CPU.ActiveCfg = Release|Any CPU
		{DF8ABFF6-6F35-4E70-BE74-9096E937643E}.Release|Any CPU.Build.0 = Release|Any CPU
		{56088324-367E-49AE-8E24-A5125B89A3D0}.Debug|Any CPU.ActiveCfg = Debug|Any CPU
		{56088324-367E-49AE-8E24-A5125B89A3D0}.Debug|Any CPU.Build.0 = Debug|Any CPU
		{56088324-367E-49AE-8E24-A5125B89A3D0}.Release|Any CPU.ActiveCfg = Release|Any CPU
		{56088324-367E-49AE-8E24-A5125B89A3D0}.Release|Any CPU.Build.0 = Release|Any CPU
		{D0BCCD15-6F0C-493D-83A9-3A91B85739C4}.Debug|Any CPU.ActiveCfg = Debug|Any CPU
		{D0BCCD15-6F0C-493D-83A9-3A91B85739C4}.Debug|Any CPU.Build.0 = Debug|Any CPU
		{D0BCCD15-6F0C-493D-83A9-3A91B85739C4}.Release|Any CPU.ActiveCfg = Release|Any CPU
		{D0BCCD15-6F0C-493D-83A9-3A91B85739C4}.Release|Any CPU.Build.0 = Release|Any CPU
		{0D6EBA01-1A6B-447D-864A-378663F00119}.Debug|Any CPU.ActiveCfg = Debug|Any CPU
		{0D6EBA01-1A6B-447D-864A-378663F00119}.Debug|Any CPU.Build.0 = Debug|Any CPU
		{0D6EBA01-1A6B-447D-864A-378663F00119}.Release|Any CPU.ActiveCfg = Release|Any CPU
		{0D6EBA01-1A6B-447D-864A-378663F00119}.Release|Any CPU.Build.0 = Release|Any CPU
		{E5818DB7-879C-4BB5-8366-622A14B6A2EF}.Debug|Any CPU.ActiveCfg = Debug|Any CPU
		{E5818DB7-879C-4BB5-8366-622A14B6A2EF}.Debug|Any CPU.Build.0 = Debug|Any CPU
		{E5818DB7-879C-4BB5-8366-622A14B6A2EF}.Release|Any CPU.ActiveCfg = Release|Any CPU
		{E5818DB7-879C-4BB5-8366-622A14B6A2EF}.Release|Any CPU.Build.0 = Release|Any CPU
		{DA7049F0-07FC-4E1C-B26D-00D6E4549728}.Debug|Any CPU.ActiveCfg = Debug|Any CPU
		{DA7049F0-07FC-4E1C-B26D-00D6E4549728}.Debug|Any CPU.Build.0 = Debug|Any CPU
		{DA7049F0-07FC-4E1C-B26D-00D6E4549728}.Release|Any CPU.ActiveCfg = Release|Any CPU
		{DA7049F0-07FC-4E1C-B26D-00D6E4549728}.Release|Any CPU.Build.0 = Release|Any CPU
		{80479B56-99CC-457E-9823-BD3B20814B9D}.Debug|Any CPU.ActiveCfg = Debug|Any CPU
		{80479B56-99CC-457E-9823-BD3B20814B9D}.Debug|Any CPU.Build.0 = Debug|Any CPU
		{80479B56-99CC-457E-9823-BD3B20814B9D}.Release|Any CPU.ActiveCfg = Release|Any CPU
		{80479B56-99CC-457E-9823-BD3B20814B9D}.Release|Any CPU.Build.0 = Release|Any CPU
		{BE501B31-2CF6-4218-AA74-F536C11AD9D7}.Debug|Any CPU.ActiveCfg = Debug|Any CPU
		{BE501B31-2CF6-4218-AA74-F536C11AD9D7}.Debug|Any CPU.Build.0 = Debug|Any CPU
		{BE501B31-2CF6-4218-AA74-F536C11AD9D7}.Release|Any CPU.ActiveCfg = Release|Any CPU
		{BE501B31-2CF6-4218-AA74-F536C11AD9D7}.Release|Any CPU.Build.0 = Release|Any CPU
		{0D76EB63-29B1-4878-84D1-2D35897EE1FA}.Debug|Any CPU.ActiveCfg = Debug|Any CPU
		{0D76EB63-29B1-4878-84D1-2D35897EE1FA}.Debug|Any CPU.Build.0 = Debug|Any CPU
		{0D76EB63-29B1-4878-84D1-2D35897EE1FA}.Release|Any CPU.ActiveCfg = Release|Any CPU
		{0D76EB63-29B1-4878-84D1-2D35897EE1FA}.Release|Any CPU.Build.0 = Release|Any CPU
		{467B3D10-E6C9-427F-A29F-373AE95ECF69}.Debug|Any CPU.ActiveCfg = Debug|Any CPU
		{467B3D10-E6C9-427F-A29F-373AE95ECF69}.Debug|Any CPU.Build.0 = Debug|Any CPU
		{467B3D10-E6C9-427F-A29F-373AE95ECF69}.Release|Any CPU.ActiveCfg = Release|Any CPU
		{467B3D10-E6C9-427F-A29F-373AE95ECF69}.Release|Any CPU.Build.0 = Release|Any CPU
	EndGlobalSection
	GlobalSection(SolutionProperties) = preSolution
		HideSolutionNode = FALSE
	EndGlobalSection
	GlobalSection(NestedProjects) = preSolution
		{2C314EA3-9950-4805-8CB1-35F4A86FA997} = {4796A22B-91A9-42AF-87CA-F69392696B0A}
		{3D6D6457-E842-4CE3-8930-C46B1701D3D0} = {4796A22B-91A9-42AF-87CA-F69392696B0A}
		{3AE0156E-9607-4DCC-952B-5F5126FC0542} = {4796A22B-91A9-42AF-87CA-F69392696B0A}
		{39E93279-300A-400A-A8A4-A05426773C8E} = {68306EFF-55D9-497B-9482-FEB81C485914}
		{2A0AB899-B02E-449F-B0EA-8BEA4D2FB18A} = {033E4EF3-2FB5-450A-9B35-616D9B0D6EAA}
		{CE9CED43-D3D4-4711-A8C1-D0E35D4EB2BD} = {E5886E09-671E-4B3E-AA8F-824C39DF94E4}
		{DE396E1F-F734-4835-9557-65D559C2953A} = {E5886E09-671E-4B3E-AA8F-824C39DF94E4}
		{15CD3447-BC21-4D46-AD8A-E76685376077} = {4796A22B-91A9-42AF-87CA-F69392696B0A}
		{25E98779-29F9-4C74-A935-15D20D9F0E0E} = {15CD3447-BC21-4D46-AD8A-E76685376077}
		{EA9F6F0A-5F8A-454D-A682-7CADD6704C44} = {033E4EF3-2FB5-450A-9B35-616D9B0D6EAA}
		{83A19793-668C-46B6-B1D7-134DFED8B430} = {4796A22B-91A9-42AF-87CA-F69392696B0A}
		{75CB19CC-AD5A-47B8-8337-FB11B15D660A} = {68306EFF-55D9-497B-9482-FEB81C485914}
		{CACFC943-091F-4008-8CC4-FC689851DBC0} = {68306EFF-55D9-497B-9482-FEB81C485914}
		{D8593C20-6BF5-4B84-AD08-590B03407CF3} = {4796A22B-91A9-42AF-87CA-F69392696B0A}
		{8E4A021B-6525-4326-B290-CFA57FFEFFEA} = {4796A22B-91A9-42AF-87CA-F69392696B0A}
		{B188D040-77C3-4C6D-A5CE-A1D65F6935A1} = {DA65BA14-7FA4-4D99-A11D-C67F75F03771}
		{D2236B28-D0E4-40F3-8865-95EE667FBE4F} = {DA65BA14-7FA4-4D99-A11D-C67F75F03771}
		{12D662D9-3775-4178-998D-FBB2231612B6} = {4796A22B-91A9-42AF-87CA-F69392696B0A}
		{CA49CB9A-D5FE-47D9-8B3B-8F65607D42B2} = {E5886E09-671E-4B3E-AA8F-824C39DF94E4}
		{218C2BC4-55F0-4A94-8460-571BFF1DD65C} = {033E4EF3-2FB5-450A-9B35-616D9B0D6EAA}
		{F6B5BABF-D8F8-4406-BC23-7AEA69F10C80} = {E5886E09-671E-4B3E-AA8F-824C39DF94E4}
		{4E256D36-E158-49BD-AC8A-6E7F26AF1F90} = {68306EFF-55D9-497B-9482-FEB81C485914}
		{11B3DF91-E492-481C-BEC2-160C82632533} = {4796A22B-91A9-42AF-87CA-F69392696B0A}
		{39EF1B2F-716B-4024-AEA5-4A2EFDF1AE88} = {4796A22B-91A9-42AF-87CA-F69392696B0A}
		{41EA0AE2-525E-42F1-A17B-4F64AB346669} = {CA774DE9-8091-4298-BDB3-924561F36B75}
		{4E8282F4-A23F-4665-AD3C-4CDD52248AC6} = {033E4EF3-2FB5-450A-9B35-616D9B0D6EAA}
		{654E3738-8074-4079-AE56-8B2C31BE6781} = {4796A22B-91A9-42AF-87CA-F69392696B0A}
		{B116874E-AAD8-4E5D-87D0-630876B56011} = {654E3738-8074-4079-AE56-8B2C31BE6781}
		{17A026EF-7BC8-4092-BCDF-F711F241301D} = {654E3738-8074-4079-AE56-8B2C31BE6781}
		{E5886E09-671E-4B3E-AA8F-824C39DF94E4} = {4796A22B-91A9-42AF-87CA-F69392696B0A}
		{CA774DE9-8091-4298-BDB3-924561F36B75} = {4796A22B-91A9-42AF-87CA-F69392696B0A}
		{3EA05774-266E-4C68-AE40-CE246F8EDD31} = {CA774DE9-8091-4298-BDB3-924561F36B75}
		{C302A16E-7070-40C8-8296-E5437361A000} = {E5886E09-671E-4B3E-AA8F-824C39DF94E4}
		{784CDB53-A42C-47E0-BFAD-7D68E56D71A3} = {DA65BA14-7FA4-4D99-A11D-C67F75F03771}
		{D717B7A2-96C5-4DAB-A7DC-C1443A4DA409} = {4796A22B-91A9-42AF-87CA-F69392696B0A}
		{846D7F9C-35A3-4E40-AAFC-A879C29AC9D2} = {E5886E09-671E-4B3E-AA8F-824C39DF94E4}
		{A23E9D61-30A1-4331-A53C-687E705F8F52} = {E5886E09-671E-4B3E-AA8F-824C39DF94E4}
		{5B787625-82D6-4A2E-8D5D-ED20B87ACBB7} = {DA65BA14-7FA4-4D99-A11D-C67F75F03771}
		{3655F8EA-FACF-44FD-A403-4263387F2CCB} = {E5886E09-671E-4B3E-AA8F-824C39DF94E4}
		{A69586FF-DD28-48C0-B227-64157D840053} = {E5886E09-671E-4B3E-AA8F-824C39DF94E4}
		{DF8ABFF6-6F35-4E70-BE74-9096E937643E} = {E5886E09-671E-4B3E-AA8F-824C39DF94E4}
		{39266BD6-0925-4D5C-804F-B4F537800ECE} = {4796A22B-91A9-42AF-87CA-F69392696B0A}
		{56088324-367E-49AE-8E24-A5125B89A3D0} = {39266BD6-0925-4D5C-804F-B4F537800ECE}
		{D0BCCD15-6F0C-493D-83A9-3A91B85739C4} = {39266BD6-0925-4D5C-804F-B4F537800ECE}
		{0D6EBA01-1A6B-447D-864A-378663F00119} = {39266BD6-0925-4D5C-804F-B4F537800ECE}
		{E5818DB7-879C-4BB5-8366-622A14B6A2EF} = {39266BD6-0925-4D5C-804F-B4F537800ECE}
		{DA7049F0-07FC-4E1C-B26D-00D6E4549728} = {39266BD6-0925-4D5C-804F-B4F537800ECE}
		{80479B56-99CC-457E-9823-BD3B20814B9D} = {06BF894C-69D7-406A-A97F-BD990A3D59ED}
		{06BF894C-69D7-406A-A97F-BD990A3D59ED} = {4796A22B-91A9-42AF-87CA-F69392696B0A}
		{BE501B31-2CF6-4218-AA74-F536C11AD9D7} = {06BF894C-69D7-406A-A97F-BD990A3D59ED}
		{0D76EB63-29B1-4878-84D1-2D35897EE1FA} = {68306EFF-55D9-497B-9482-FEB81C485914}
		{467B3D10-E6C9-427F-A29F-373AE95ECF69} = {033E4EF3-2FB5-450A-9B35-616D9B0D6EAA}
	EndGlobalSection
	GlobalSection(ExtensibilityGlobals) = postSolution
		SolutionGuid = {1FE1E2C8-475E-4592-8609-D331B1D01730}
	EndGlobalSection
EndGlobal
