
Microsoft Visual Studio Solution File, Format Version 12.00
# Visual Studio Version 16
VisualStudioVersion = 16.0.30114.105
MinimumVisualStudioVersion = 10.0.40219.1
Project("{2150E333-8FDC-42A3-9474-1A3956D46DE8}") = "src", "src", "{4F3C591A-1D03-4506-AF24-AF587BD7C652}"
EndProject
Project("{FAE04EC0-301F-11D3-BF4B-00C04F79EFBC}") = "OpenId", "src\OpenId\OpenId.csproj", "{D7D90EF0-6C17-4A95-8142-BD2C33BED28C}"
EndProject
Project("{FAE04EC0-301F-11D3-BF4B-00C04F79EFBC}") = "Console", "src\Console\Console.csproj", "{0D76DA97-6D7C-4838-B21C-99CDC940E614}"
EndProject
Global
	GlobalSection(SolutionConfigurationPlatforms) = preSolution
		Debug|Any CPU = Debug|Any CPU
		Debug|x64 = Debug|x64
		Debug|x86 = Debug|x86
		Release|Any CPU = Release|Any CPU
		Release|x64 = Release|x64
		Release|x86 = Release|x86
	EndGlobalSection
	GlobalSection(SolutionProperties) = preSolution
		HideSolutionNode = FALSE
	EndGlobalSection
	GlobalSection(ProjectConfigurationPlatforms) = postSolution
		{D7D90EF0-6C17-4A95-8142-BD2C33BED28C}.Debug|Any CPU.ActiveCfg = Debug|Any CPU
		{D7D90EF0-6C17-4A95-8142-BD2C33BED28C}.Debug|Any CPU.Build.0 = Debug|Any CPU
		{D7D90EF0-6C17-4A95-8142-BD2C33BED28C}.Debug|x64.ActiveCfg = Debug|Any CPU
		{D7D90EF0-6C17-4A95-8142-BD2C33BED28C}.Debug|x64.Build.0 = Debug|Any CPU
		{D7D90EF0-6C17-4A95-8142-BD2C33BED28C}.Debug|x86.ActiveCfg = Debug|Any CPU
		{D7D90EF0-6C17-4A95-8142-BD2C33BED28C}.Debug|x86.Build.0 = Debug|Any CPU
		{D7D90EF0-6C17-4A95-8142-BD2C33BED28C}.Release|Any CPU.ActiveCfg = Release|Any CPU
		{D7D90EF0-6C17-4A95-8142-BD2C33BED28C}.Release|Any CPU.Build.0 = Release|Any CPU
		{D7D90EF0-6C17-4A95-8142-BD2C33BED28C}.Release|x64.ActiveCfg = Release|Any CPU
		{D7D90EF0-6C17-4A95-8142-BD2C33BED28C}.Release|x64.Build.0 = Release|Any CPU
		{D7D90EF0-6C17-4A95-8142-BD2C33BED28C}.Release|x86.ActiveCfg = Release|Any CPU
		{D7D90EF0-6C17-4A95-8142-BD2C33BED28C}.Release|x86.Build.0 = Release|Any CPU
		{0D76DA97-6D7C-4838-B21C-99CDC940E614}.Debug|Any CPU.ActiveCfg = Debug|Any CPU
		{0D76DA97-6D7C-4838-B21C-99CDC940E614}.Debug|Any CPU.Build.0 = Debug|Any CPU
		{0D76DA97-6D7C-4838-B21C-99CDC940E614}.Debug|x64.ActiveCfg = Debug|Any CPU
		{0D76DA97-6D7C-4838-B21C-99CDC940E614}.Debug|x64.Build.0 = Debug|Any CPU
		{0D76DA97-6D7C-4838-B21C-99CDC940E614}.Debug|x86.ActiveCfg = Debug|Any CPU
		{0D76DA97-6D7C-4838-B21C-99CDC940E614}.Debug|x86.Build.0 = Debug|Any CPU
		{0D76DA97-6D7C-4838-B21C-99CDC940E614}.Release|Any CPU.ActiveCfg = Release|Any CPU
		{0D76DA97-6D7C-4838-B21C-99CDC940E614}.Release|Any CPU.Build.0 = Release|Any CPU
		{0D76DA97-6D7C-4838-B21C-99CDC940E614}.Release|x64.ActiveCfg = Release|Any CPU
		{0D76DA97-6D7C-4838-B21C-99CDC940E614}.Release|x64.Build.0 = Release|Any CPU
		{0D76DA97-6D7C-4838-B21C-99CDC940E614}.Release|x86.ActiveCfg = Release|Any CPU
		{0D76DA97-6D7C-4838-B21C-99CDC940E614}.Release|x86.Build.0 = Release|Any CPU
	EndGlobalSection
	GlobalSection(NestedProjects) = preSolution
		{D7D90EF0-6C17-4A95-8142-BD2C33BED28C} = {4F3C591A-1D03-4506-AF24-AF587BD7C652}
		{0D76DA97-6D7C-4838-B21C-99CDC940E614} = {4F3C591A-1D03-4506-AF24-AF587BD7C652}
	EndGlobalSection
EndGlobal
