
Microsoft Visual Studio Solution File, Format Version 12.00
# Visual Studio Version 17
VisualStudioVersion = 17.0.31903.59
MinimumVisualStudioVersion = 10.0.40219.1
Project("{9A19103F-16F7-4668-BE54-9A1E7A4F7556}") = "Website", "src\Website\Website.csproj", "{9DA9789D-C992-4926-98D5-E33DB663F502}"
EndProject
Global
	GlobalSection(SolutionConfigurationPlatforms) = preSolution
		Debug|Any CPU = Debug|Any CPU
		Release|Any CPU = Release|Any CPU
	EndGlobalSection
	GlobalSection(ProjectConfigurationPlatforms) = postSolution
		{9DA9789D-C992-4926-98D5-E33DB663F502}.Debug|Any CPU.ActiveCfg = Debug|Any CPU
		{9DA9789D-C992-4926-98D5-E33DB663F502}.Debug|Any CPU.Build.0 = Debug|Any CPU
		{9DA9789D-C992-4926-98D5-E33DB663F502}.Release|Any CPU.ActiveCfg = Release|Any CPU
		{9DA9789D-C992-4926-98D5-E33DB663F502}.Release|Any CPU.Build.0 = Release|Any CPU
	EndGlobalSection
	GlobalSection(SolutionProperties) = preSolution
		HideSolutionNode = FALSE
	EndGlobalSection
	GlobalSection(ExtensibilityGlobals) = postSolution
		SolutionGuid = {0E4988EB-1CE6-468C-B2FB-F361CC1EA52A}
	EndGlobalSection
EndGlobal
