
Microsoft Visual Studio Solution File, Format Version 12.00
# Visual Studio 15
VisualStudioVersion = 15.0.28307.645
MinimumVisualStudioVersion = 10.0.40219.1
Project("{9A19103F-16F7-4668-BE54-9A1E7A4F7556}") = "ProtectAPIFromUndesirableClients.Api", "src\ProtectAPIFromUndesirableClients.Api\ProtectAPIFromUndesirableClients.Api.csproj", "{5ECDA5FD-D2A3-43DC-A40E-604BC0AABFC6}"
EndProject
Project("{9A19103F-16F7-4668-BE54-9A1E7A4F7556}") = "ProtectAPIFromUndesirableClients.Client", "src\ProtectAPIFromUndesirableClients.Client\ProtectAPIFromUndesirableClients.Client.csproj", "{AAD96AE3-DA06-4C41-A2DC-8ADD9B6059A9}"
EndProject
Project("{9A19103F-16F7-4668-BE54-9A1E7A4F7556}") = "ProtectAPIFromUndesirableClients.OAuth", "src\ProtectAPIFromUndesirableClients.OAuth\ProtectAPIFromUndesirableClients.OAuth.csproj", "{517D5567-1E66-4BC1-8268-8F6ECAB6EEBC}"
EndProject
Global
	GlobalSection(SolutionConfigurationPlatforms) = preSolution
		Debug|Any CPU = Debug|Any CPU
		Release|Any CPU = Release|Any CPU
	EndGlobalSection
	GlobalSection(ProjectConfigurationPlatforms) = postSolution
		{5ECDA5FD-D2A3-43DC-A40E-604BC0AABFC6}.Debug|Any CPU.ActiveCfg = Debug|Any CPU
		{5ECDA5FD-D2A3-43DC-A40E-604BC0AABFC6}.Debug|Any CPU.Build.0 = Debug|Any CPU
		{5ECDA5FD-D2A3-43DC-A40E-604BC0AABFC6}.Release|Any CPU.ActiveCfg = Release|Any CPU
		{5ECDA5FD-D2A3-43DC-A40E-604BC0AABFC6}.Release|Any CPU.Build.0 = Release|Any CPU
		{AAD96AE3-DA06-4C41-A2DC-8ADD9B6059A9}.Debug|Any CPU.ActiveCfg = Debug|Any CPU
		{AAD96AE3-DA06-4C41-A2DC-8ADD9B6059A9}.Debug|Any CPU.Build.0 = Debug|Any CPU
		{AAD96AE3-DA06-4C41-A2DC-8ADD9B6059A9}.Release|Any CPU.ActiveCfg = Release|Any CPU
		{AAD96AE3-DA06-4C41-A2DC-8ADD9B6059A9}.Release|Any CPU.Build.0 = Release|Any CPU
		{517D5567-1E66-4BC1-8268-8F6ECAB6EEBC}.Debug|Any CPU.ActiveCfg = Debug|Any CPU
		{517D5567-1E66-4BC1-8268-8F6ECAB6EEBC}.Debug|Any CPU.Build.0 = Debug|Any CPU
		{517D5567-1E66-4BC1-8268-8F6ECAB6EEBC}.Release|Any CPU.ActiveCfg = Release|Any CPU
		{517D5567-1E66-4BC1-8268-8F6ECAB6EEBC}.Release|Any CPU.Build.0 = Release|Any CPU
	EndGlobalSection
	GlobalSection(SolutionProperties) = preSolution
		HideSolutionNode = FALSE
	EndGlobalSection
	GlobalSection(ExtensibilityGlobals) = postSolution
		SolutionGuid = {FE130619-3D86-48DC-BD71-2858CB7D4749}
	EndGlobalSection
EndGlobal
