
Microsoft Visual Studio Solution File, Format Version 12.00
# Visual Studio 15
VisualStudioVersion = 15.0.28307.645
MinimumVisualStudioVersion = 10.0.40219.1
Project("{9A19103F-16F7-4668-BE54-9A1E7A4F7556}") = "ProtectAPIWithClientCredentialsGrantType.Api", "src\ProtectAPIWithClientCredentialsGrantType.Api\ProtectAPIWithClientCredentialsGrantType.Api.csproj", "{A30DC0F0-F0CF-422D-AE5F-A22004DBE8AF}"
EndProject
Project("{9A19103F-16F7-4668-BE54-9A1E7A4F7556}") = "ProtectAPIWithClientCredentialsGrantType.OAuth", "src\ProtectAPIWithClientCredentialsGrantType.OAuth\ProtectAPIWithClientCredentialsGrantType.OAuth.csproj", "{C9747A14-046A-499D-AC62-CE1132762256}"
EndProject
Project("{FAE04EC0-301F-11D3-BF4B-00C04F79EFBC}") = "ProtectAPIWithClientCredentialsGrantType.Client", "src\ProtectAPIWithClientCredentialsGrantType.Client\ProtectAPIWithClientCredentialsGrantType.Client.csproj", "{86390640-4136-459E-B47B-08857D795217}"
EndProject
Global
	GlobalSection(SolutionConfigurationPlatforms) = preSolution
		Debug|Any CPU = Debug|Any CPU
		Release|Any CPU = Release|Any CPU
	EndGlobalSection
	GlobalSection(ProjectConfigurationPlatforms) = postSolution
		{A30DC0F0-F0CF-422D-AE5F-A22004DBE8AF}.Debug|Any CPU.ActiveCfg = Debug|Any CPU
		{A30DC0F0-F0CF-422D-AE5F-A22004DBE8AF}.Debug|Any CPU.Build.0 = Debug|Any CPU
		{A30DC0F0-F0CF-422D-AE5F-A22004DBE8AF}.Release|Any CPU.ActiveCfg = Release|Any CPU
		{A30DC0F0-F0CF-422D-AE5F-A22004DBE8AF}.Release|Any CPU.Build.0 = Release|Any CPU
		{C9747A14-046A-499D-AC62-CE1132762256}.Debug|Any CPU.ActiveCfg = Debug|Any CPU
		{C9747A14-046A-499D-AC62-CE1132762256}.Debug|Any CPU.Build.0 = Debug|Any CPU
		{C9747A14-046A-499D-AC62-CE1132762256}.Release|Any CPU.ActiveCfg = Release|Any CPU
		{C9747A14-046A-499D-AC62-CE1132762256}.Release|Any CPU.Build.0 = Release|Any CPU
		{86390640-4136-459E-B47B-08857D795217}.Debug|Any CPU.ActiveCfg = Debug|Any CPU
		{86390640-4136-459E-B47B-08857D795217}.Debug|Any CPU.Build.0 = Debug|Any CPU
		{86390640-4136-459E-B47B-08857D795217}.Release|Any CPU.ActiveCfg = Release|Any CPU
		{86390640-4136-459E-B47B-08857D795217}.Release|Any CPU.Build.0 = Release|Any CPU
	EndGlobalSection
	GlobalSection(SolutionProperties) = preSolution
		HideSolutionNode = FALSE
	EndGlobalSection
	GlobalSection(ExtensibilityGlobals) = postSolution
		SolutionGuid = {FE130619-3D86-48DC-BD71-2858CB7D4749}
	EndGlobalSection
EndGlobal
