
Microsoft Visual Studio Solution File, Format Version 12.00
# Visual Studio Version 16
VisualStudioVersion = 16.0.30114.105
MinimumVisualStudioVersion = 10.0.40219.1
Project("{2150E333-8FDC-42A3-9474-1A3956D46DE8}") = "src", "src", "{F41AE4DE-DF0A-4D9B-A5B3-D9B12745A224}"
EndProject
Project("{FAE04EC0-301F-11D3-BF4B-00C04F79EFBC}") = "ScimHost", "src\ScimHost\ScimHost.csproj", "{FB9C3C58-17E7-4586-B0CB-5A0C367B82FA}"
EndProject
Global
	GlobalSection(SolutionConfigurationPlatforms) = preSolution
		Debug|Any CPU = Debug|Any CPU
		Debug|x64 = Debug|x64
		Debug|x86 = Debug|x86
		Release|Any CPU = Release|Any CPU
		Release|x64 = Release|x64
		Release|x86 = Release|x86
	EndGlobalSection
	GlobalSection(SolutionProperties) = preSolution
		HideSolutionNode = FALSE
	EndGlobalSection
	GlobalSection(ProjectConfigurationPlatforms) = postSolution
		{FB9C3C58-17E7-4586-B0CB-5A0C367B82FA}.Debug|Any CPU.ActiveCfg = Debug|Any CPU
		{FB9C3C58-17E7-4586-B0CB-5A0C367B82FA}.Debug|Any CPU.Build.0 = Debug|Any CPU
		{FB9C3C58-17E7-4586-B0CB-5A0C367B82FA}.Debug|x64.ActiveCfg = Debug|Any CPU
		{FB9C3C58-17E7-4586-B0CB-5A0C367B82FA}.Debug|x64.Build.0 = Debug|Any CPU
		{FB9C3C58-17E7-4586-B0CB-5A0C367B82FA}.Debug|x86.ActiveCfg = Debug|Any CPU
		{FB9C3C58-17E7-4586-B0CB-5A0C367B82FA}.Debug|x86.Build.0 = Debug|Any CPU
		{FB9C3C58-17E7-4586-B0CB-5A0C367B82FA}.Release|Any CPU.ActiveCfg = Release|Any CPU
		{FB9C3C58-17E7-4586-B0CB-5A0C367B82FA}.Release|Any CPU.Build.0 = Release|Any CPU
		{FB9C3C58-17E7-4586-B0CB-5A0C367B82FA}.Release|x64.ActiveCfg = Release|Any CPU
		{FB9C3C58-17E7-4586-B0CB-5A0C367B82FA}.Release|x64.Build.0 = Release|Any CPU
		{FB9C3C58-17E7-4586-B0CB-5A0C367B82FA}.Release|x86.ActiveCfg = Release|Any CPU
		{FB9C3C58-17E7-4586-B0CB-5A0C367B82FA}.Release|x86.Build.0 = Release|Any CPU
	EndGlobalSection
	GlobalSection(NestedProjects) = preSolution
		{FB9C3C58-17E7-4586-B0CB-5A0C367B82FA} = {F41AE4DE-DF0A-4D9B-A5B3-D9B12745A224}
	EndGlobalSection
EndGlobal
