C:\Projects\SimpleIdServer\samples\UseUMAToProtectAPI\src\UmaHost\UmaDefaultConfiguration.cs.pp$g5oEsLTXOurkQ/uZ8vsQh28G0TECtf+qCLxEgZpL414=;C:\Projects\SimpleIdServer\samples\UseUMAToProtectAPI\src\UmaHost\UmaStartup.cs.pp$gqgvmupNxkvcADGbgwTmczd+CDo8x5j9DxbadIo/7ak=;C:\Projects\SimpleIdServer\samples\UseUMAToProtectAPI\src\UmaHost\Views\Home\Index.cshtml.pp$ZvYhgwbodAmBgLy1I2cOkj4xC4IgJdE0k8/ClEQvkLg=;C:\Projects\SimpleIdServer\samples\UseUMAToProtectAPI\src\UmaHost\Views\Requests\Index.cshtml.pp$X/str+xYyLVGG48WCr0faBgSohEhQmGKerRC6JtO8Q0=;C:\Projects\SimpleIdServer\samples\UseUMAToProtectAPI\src\UmaHost\Views\Requests\Received.cshtml.pp$ng7LbEMn7WqEzpxhW/JK4P5dv6KPa0U3vdxFLiBhL10=;C:\Projects\SimpleIdServer\samples\UseUMAToProtectAPI\src\UmaHost\Views\Resources\Edit.cshtml.pp$zFtW26RFvJoi2uR0dvSUwfTBe7Wn9fim8BS8pfM5wQk=;C:\Projects\SimpleIdServer\samples\UseUMAToProtectAPI\src\UmaHost\Views\Resources\Index.cshtml.pp$N3Da8LCdOYVYcYjzAD/l+mfkBrw+t61QqYHfK7tOJLw=;C:\Projects\SimpleIdServer\samples\UseUMAToProtectAPI\src\UmaHost\Views\Shared\_Layout.cshtml.pp$QCRaaNHal8sfvPoPIQgYp3zB8xaLed7RCmrw3zy5nZU=