
Microsoft Visual Studio Solution File, Format Version 12.00
# Visual Studio Version 16
VisualStudioVersion = 16.0.30114.105
MinimumVisualStudioVersion = 10.0.40219.1
Project("{2150E333-8FDC-42A3-9474-1A3956D46DE8}") = "src", "src", "{29D78439-8D25-4A32-9805-5F2685A1C4CF}"
EndProject
Project("{FAE04EC0-301F-11D3-BF4B-00C04F79EFBC}") = "OpenId", "src\OpenId\OpenId.csproj", "{3AF7444A-4F9A-43EA-AC4A-1FB6812DEA36}"
EndProject
Project("{FAE04EC0-301F-11D3-BF4B-00C04F79EFBC}") = "AspNetCore", "src\AspNetCore\AspNetCore.csproj", "{BF2220F5-39C2-4491-B273-674C22B1B88C}"
EndProject
Global
	GlobalSection(SolutionConfigurationPlatforms) = preSolution
		Debug|Any CPU = Debug|Any CPU
		Debug|x64 = Debug|x64
		Debug|x86 = Debug|x86
		Release|Any CPU = Release|Any CPU
		Release|x64 = Release|x64
		Release|x86 = Release|x86
	EndGlobalSection
	GlobalSection(SolutionProperties) = preSolution
		HideSolutionNode = FALSE
	EndGlobalSection
	GlobalSection(ProjectConfigurationPlatforms) = postSolution
		{3AF7444A-4F9A-43EA-AC4A-1FB6812DEA36}.Debug|Any CPU.ActiveCfg = Debug|Any CPU
		{3AF7444A-4F9A-43EA-AC4A-1FB6812DEA36}.Debug|Any CPU.Build.0 = Debug|Any CPU
		{3AF7444A-4F9A-43EA-AC4A-1FB6812DEA36}.Debug|x64.ActiveCfg = Debug|Any CPU
		{3AF7444A-4F9A-43EA-AC4A-1FB6812DEA36}.Debug|x64.Build.0 = Debug|Any CPU
		{3AF7444A-4F9A-43EA-AC4A-1FB6812DEA36}.Debug|x86.ActiveCfg = Debug|Any CPU
		{3AF7444A-4F9A-43EA-AC4A-1FB6812DEA36}.Debug|x86.Build.0 = Debug|Any CPU
		{3AF7444A-4F9A-43EA-AC4A-1FB6812DEA36}.Release|Any CPU.ActiveCfg = Release|Any CPU
		{3AF7444A-4F9A-43EA-AC4A-1FB6812DEA36}.Release|Any CPU.Build.0 = Release|Any CPU
		{3AF7444A-4F9A-43EA-AC4A-1FB6812DEA36}.Release|x64.ActiveCfg = Release|Any CPU
		{3AF7444A-4F9A-43EA-AC4A-1FB6812DEA36}.Release|x64.Build.0 = Release|Any CPU
		{3AF7444A-4F9A-43EA-AC4A-1FB6812DEA36}.Release|x86.ActiveCfg = Release|Any CPU
		{3AF7444A-4F9A-43EA-AC4A-1FB6812DEA36}.Release|x86.Build.0 = Release|Any CPU
		{BF2220F5-39C2-4491-B273-674C22B1B88C}.Debug|Any CPU.ActiveCfg = Debug|Any CPU
		{BF2220F5-39C2-4491-B273-674C22B1B88C}.Debug|Any CPU.Build.0 = Debug|Any CPU
		{BF2220F5-39C2-4491-B273-674C22B1B88C}.Debug|x64.ActiveCfg = Debug|Any CPU
		{BF2220F5-39C2-4491-B273-674C22B1B88C}.Debug|x64.Build.0 = Debug|Any CPU
		{BF2220F5-39C2-4491-B273-674C22B1B88C}.Debug|x86.ActiveCfg = Debug|Any CPU
		{BF2220F5-39C2-4491-B273-674C22B1B88C}.Debug|x86.Build.0 = Debug|Any CPU
		{BF2220F5-39C2-4491-B273-674C22B1B88C}.Release|Any CPU.ActiveCfg = Release|Any CPU
		{BF2220F5-39C2-4491-B273-674C22B1B88C}.Release|Any CPU.Build.0 = Release|Any CPU
		{BF2220F5-39C2-4491-B273-674C22B1B88C}.Release|x64.ActiveCfg = Release|Any CPU
		{BF2220F5-39C2-4491-B273-674C22B1B88C}.Release|x64.Build.0 = Release|Any CPU
		{BF2220F5-39C2-4491-B273-674C22B1B88C}.Release|x86.ActiveCfg = Release|Any CPU
		{BF2220F5-39C2-4491-B273-674C22B1B88C}.Release|x86.Build.0 = Release|Any CPU
	EndGlobalSection
	GlobalSection(NestedProjects) = preSolution
		{3AF7444A-4F9A-43EA-AC4A-1FB6812DEA36} = {29D78439-8D25-4A32-9805-5F2685A1C4CF}
		{BF2220F5-39C2-4491-B273-674C22B1B88C} = {29D78439-8D25-4A32-9805-5F2685A1C4CF}
	EndGlobalSection
EndGlobal
