
Microsoft Visual Studio Solution File, Format Version 12.00
# Visual Studio Version 16
VisualStudioVersion = 16.0.30114.105
MinimumVisualStudioVersion = 10.0.40219.1
Project("{2150E333-8FDC-42A3-9474-1A3956D46DE8}") = "src", "src", "{908012B2-C9F7-4237-9286-EC8F4ED8EE16}"
EndProject
Project("{FAE04EC0-301F-11D3-BF4B-00C04F79EFBC}") = "OpenId", "src\OpenId\OpenId.csproj", "{3029205B-E57F-42CB-AD88-5900493FB322}"
EndProject
Project("{FAE04EC0-301F-11D3-BF4B-00C04F79EFBC}") = "WebApi", "src\WebApi\WebApi.csproj", "{E1C6A93D-5808-4866-9A60-447E58C1A071}"
EndProject
Project("{FAE04EC0-301F-11D3-BF4B-00C04F79EFBC}") = "AspNetCore", "src\AspNetCore\AspNetCore.csproj", "{39A6A784-3640-44FD-8F73-890F3AA44530}"
EndProject
Global
	GlobalSection(SolutionConfigurationPlatforms) = preSolution
		Debug|Any CPU = Debug|Any CPU
		Debug|x64 = Debug|x64
		Debug|x86 = Debug|x86
		Release|Any CPU = Release|Any CPU
		Release|x64 = Release|x64
		Release|x86 = Release|x86
	EndGlobalSection
	GlobalSection(SolutionProperties) = preSolution
		HideSolutionNode = FALSE
	EndGlobalSection
	GlobalSection(ProjectConfigurationPlatforms) = postSolution
		{3029205B-E57F-42CB-AD88-5900493FB322}.Debug|Any CPU.ActiveCfg = Debug|Any CPU
		{3029205B-E57F-42CB-AD88-5900493FB322}.Debug|Any CPU.Build.0 = Debug|Any CPU
		{3029205B-E57F-42CB-AD88-5900493FB322}.Debug|x64.ActiveCfg = Debug|Any CPU
		{3029205B-E57F-42CB-AD88-5900493FB322}.Debug|x64.Build.0 = Debug|Any CPU
		{3029205B-E57F-42CB-AD88-5900493FB322}.Debug|x86.ActiveCfg = Debug|Any CPU
		{3029205B-E57F-42CB-AD88-5900493FB322}.Debug|x86.Build.0 = Debug|Any CPU
		{3029205B-E57F-42CB-AD88-5900493FB322}.Release|Any CPU.ActiveCfg = Release|Any CPU
		{3029205B-E57F-42CB-AD88-5900493FB322}.Release|Any CPU.Build.0 = Release|Any CPU
		{3029205B-E57F-42CB-AD88-5900493FB322}.Release|x64.ActiveCfg = Release|Any CPU
		{3029205B-E57F-42CB-AD88-5900493FB322}.Release|x64.Build.0 = Release|Any CPU
		{3029205B-E57F-42CB-AD88-5900493FB322}.Release|x86.ActiveCfg = Release|Any CPU
		{3029205B-E57F-42CB-AD88-5900493FB322}.Release|x86.Build.0 = Release|Any CPU
		{E1C6A93D-5808-4866-9A60-447E58C1A071}.Debug|Any CPU.ActiveCfg = Debug|Any CPU
		{E1C6A93D-5808-4866-9A60-447E58C1A071}.Debug|Any CPU.Build.0 = Debug|Any CPU
		{E1C6A93D-5808-4866-9A60-447E58C1A071}.Debug|x64.ActiveCfg = Debug|Any CPU
		{E1C6A93D-5808-4866-9A60-447E58C1A071}.Debug|x64.Build.0 = Debug|Any CPU
		{E1C6A93D-5808-4866-9A60-447E58C1A071}.Debug|x86.ActiveCfg = Debug|Any CPU
		{E1C6A93D-5808-4866-9A60-447E58C1A071}.Debug|x86.Build.0 = Debug|Any CPU
		{E1C6A93D-5808-4866-9A60-447E58C1A071}.Release|Any CPU.ActiveCfg = Release|Any CPU
		{E1C6A93D-5808-4866-9A60-447E58C1A071}.Release|Any CPU.Build.0 = Release|Any CPU
		{E1C6A93D-5808-4866-9A60-447E58C1A071}.Release|x64.ActiveCfg = Release|Any CPU
		{E1C6A93D-5808-4866-9A60-447E58C1A071}.Release|x64.Build.0 = Release|Any CPU
		{E1C6A93D-5808-4866-9A60-447E58C1A071}.Release|x86.ActiveCfg = Release|Any CPU
		{E1C6A93D-5808-4866-9A60-447E58C1A071}.Release|x86.Build.0 = Release|Any CPU
		{39A6A784-3640-44FD-8F73-890F3AA44530}.Debug|Any CPU.ActiveCfg = Debug|Any CPU
		{39A6A784-3640-44FD-8F73-890F3AA44530}.Debug|Any CPU.Build.0 = Debug|Any CPU
		{39A6A784-3640-44FD-8F73-890F3AA44530}.Debug|x64.ActiveCfg = Debug|Any CPU
		{39A6A784-3640-44FD-8F73-890F3AA44530}.Debug|x64.Build.0 = Debug|Any CPU
		{39A6A784-3640-44FD-8F73-890F3AA44530}.Debug|x86.ActiveCfg = Debug|Any CPU
		{39A6A784-3640-44FD-8F73-890F3AA44530}.Debug|x86.Build.0 = Debug|Any CPU
		{39A6A784-3640-44FD-8F73-890F3AA44530}.Release|Any CPU.ActiveCfg = Release|Any CPU
		{39A6A784-3640-44FD-8F73-890F3AA44530}.Release|Any CPU.Build.0 = Release|Any CPU
		{39A6A784-3640-44FD-8F73-890F3AA44530}.Release|x64.ActiveCfg = Release|Any CPU
		{39A6A784-3640-44FD-8F73-890F3AA44530}.Release|x64.Build.0 = Release|Any CPU
		{39A6A784-3640-44FD-8F73-890F3AA44530}.Release|x86.ActiveCfg = Release|Any CPU
		{39A6A784-3640-44FD-8F73-890F3AA44530}.Release|x86.Build.0 = Release|Any CPU
	EndGlobalSection
	GlobalSection(NestedProjects) = preSolution
		{3029205B-E57F-42CB-AD88-5900493FB322} = {908012B2-C9F7-4237-9286-EC8F4ED8EE16}
		{E1C6A93D-5808-4866-9A60-447E58C1A071} = {908012B2-C9F7-4237-9286-EC8F4ED8EE16}
		{39A6A784-3640-44FD-8F73-890F3AA44530} = {908012B2-C9F7-4237-9286-EC8F4ED8EE16}
	EndGlobalSection
EndGlobal
