C:\Projects\SimpleIdServer\samples\UseUMAToProtectAPI\src\UseUMAToProtectAPI.OpenId\DefaultConfiguration.cs.$PloG0oEbnSJVBdS130ak92ydjTKzS6RESf1xm5thhGk=;C:\Projects\SimpleIdServer\samples\UseUMAToProtectAPI\src\UseUMAToProtectAPI.OpenId\Startup.cs.$4CD7xY7o3ZY0LQbYIENAnzzJRsCAsjWgjl6snG5W84U=;C:\Projects\SimpleIdServer\samples\UseUMAToProtectAPI\src\UseUMAToProtectAPI.OpenId\Areas\pwd\Views\Authenticate\Index.cshtml.$F86mUAL0jfTj78IEq7iWIAc+ksF5GSQy845XYnzJ+JQ=;C:\Projects\SimpleIdServer\samples\UseUMAToProtectAPI\src\UseUMAToProtectAPI.OpenId\Views\Accounts\Index.cshtml.$nJyp+dkcZB7woPSubXYBG7UuNjXnfYists8onU0AqZg=;C:\Projects\SimpleIdServer\samples\UseUMAToProtectAPI\src\UseUMAToProtectAPI.OpenId\Views\CheckSession\EndSession.cshtml.$tQx3fzNa+lJZNB9MzJiakiNT7Utrkirewykbso5QlKo=;C:\Projects\SimpleIdServer\samples\UseUMAToProtectAPI\src\UseUMAToProtectAPI.OpenId\Views\Consents\Index.cshtml.$BDHkeOvs6SZkpfwl9s9GilcTokCzINtE8z52Rr4CWhc=;C:\Projects\SimpleIdServer\samples\UseUMAToProtectAPI\src\UseUMAToProtectAPI.OpenId\Views\Errors\Index.cshtml.$sMnZGCUdNLLKLqWPdjUw48cOwnd+F0y7fF26Fg0CJT0=;C:\Projects\SimpleIdServer\samples\UseUMAToProtectAPI\src\UseUMAToProtectAPI.OpenId\Views\Home\Index.cshtml.$J7NRbXJiyWNHALfmNvAuzSWm8nJcA6cLjD2zFpVjlAA=;C:\Projects\SimpleIdServer\samples\UseUMAToProtectAPI\src\UseUMAToProtectAPI.OpenId\Views\Shared\_Layout.cshtml.$Ue500iBxmxzKjM+AKALrqwZdvANO6gTrQRwC2HYX/ik=