C:\Projects\SimpleIdServer\samples\UseUMAToProtectAPI\src\UseUMAToProtectAPI.OpenId\DefaultConfiguration.cs.pp$yxbM7i5m1SsQCZQYa5OODJxOEdDDMDNvkBTeNJUIPnw=;C:\Projects\SimpleIdServer\samples\UseUMAToProtectAPI\src\UseUMAToProtectAPI.OpenId\Startup.cs.pp$F+lTRNEvuQHVdS96yL+0ZHOXLvfZ1Vq9SVokzecBFas=;C:\Projects\SimpleIdServer\samples\UseUMAToProtectAPI\src\UseUMAToProtectAPI.OpenId\Views\Accounts\Index.cshtml.pp$UXiQy4bDC6hXHu5EZIgemEqShd9Vrs6s1WyCPrH0Zqk=;C:\Projects\SimpleIdServer\samples\UseUMAToProtectAPI\src\UseUMAToProtectAPI.OpenId\Views\CheckSession\EndSession.cshtml.pp$4bbughUPZkig1BRV3+rFIvM7Xtn4yJ4pDEdvdv7XN/k=;C:\Projects\SimpleIdServer\samples\UseUMAToProtectAPI\src\UseUMAToProtectAPI.OpenId\Views\Consents\Index.cshtml.pp$wWncdDc7Ac0eIaeRFpZzE+G9LGP4gKUtTlU71kVJ63w=;C:\Projects\SimpleIdServer\samples\UseUMAToProtectAPI\src\UseUMAToProtectAPI.OpenId\Views\Errors\Index.cshtml.pp$GX+r1N/UxBhSeEnOp40lOE/rq6FDAZN/A0bx2Pk3S8c=;C:\Projects\SimpleIdServer\samples\UseUMAToProtectAPI\src\UseUMAToProtectAPI.OpenId\Views\Home\Index.cshtml.pp$hxKzYjtHESzMV17MZmXsukgvKOGoY0EfX/YlbodTKAM=;C:\Projects\SimpleIdServer\samples\UseUMAToProtectAPI\src\UseUMAToProtectAPI.OpenId\Views\Shared\_Layout.cshtml.pp$SsWABfW0caHhCjnICDk/IQp8M5Dv6StT4bsXuCVOXx8=;C:\Projects\SimpleIdServer\samples\UseUMAToProtectAPI\src\UseUMAToProtectAPI.OpenId\Areas\pwd\Views\Authenticate\Index.cshtml.pp$TDUgYWyE/uuTZqbV8wUfKqZJgajSdcAjHukivAPObYQ=;C:\Projects\SimpleIdServer\samples\UseUMAToProtectAPI\src\UseUMAToProtectAPI.OpenId\DefaultConfiguration.cs.$MWpILMns3bahTSixPNpviCeOjxJa9a5jGSlVA0rmjlo=;C:\Projects\SimpleIdServer\samples\UseUMAToProtectAPI\src\UseUMAToProtectAPI.OpenId\Startup.cs.$WuP8PM0u6xV7nax4+t7RHpsklZjSHRlMFlAWZYWjbfE=;C:\Projects\SimpleIdServer\samples\UseUMAToProtectAPI\src\UseUMAToProtectAPI.OpenId\Areas\pwd\Views\Authenticate\Index.cshtml.$d1CGyCW1Xxwfskyvc2Ko+KiNIv1Nqgyg+oaWuduvV94=;C:\Projects\SimpleIdServer\samples\UseUMAToProtectAPI\src\UseUMAToProtectAPI.OpenId\Views\Accounts\Index.cshtml.$fQU3qMtVDYXe+pwrQBDAH1tlqKFpS/Fo7FtBa8NP3mQ=;C:\Projects\SimpleIdServer\samples\UseUMAToProtectAPI\src\UseUMAToProtectAPI.OpenId\Views\CheckSession\EndSession.cshtml.$zNmp5bWCCimwy11YNswJL+VKNUcVHEVgrllKMlp9FuU=;C:\Projects\SimpleIdServer\samples\UseUMAToProtectAPI\src\UseUMAToProtectAPI.OpenId\Views\Consents\Index.cshtml.$rhJB9FIUenSbJ3DrqSHqzS+CZs4DxbhvxydGcI9ar2A=;C:\Projects\SimpleIdServer\samples\UseUMAToProtectAPI\src\UseUMAToProtectAPI.OpenId\Views\Errors\Index.cshtml.$/sDlMAP6qt5p0AUrYvp0T2FBqNvuWdrRdaCeWWi1H/Y=;C:\Projects\SimpleIdServer\samples\UseUMAToProtectAPI\src\UseUMAToProtectAPI.OpenId\Views\Home\Index.cshtml.$+UhLmL8LugH/GGo37U6Vu84qiHvCtOo4tuDuFfpiM10=;C:\Projects\SimpleIdServer\samples\UseUMAToProtectAPI\src\UseUMAToProtectAPI.OpenId\Views\Shared\_Layout.cshtml.$MUF5OpkKtSZcnJDwygR8DKGuvlwtDCiZgT46ff943/8=