
Microsoft Visual Studio Solution File, Format Version 12.00
# Visual Studio Version 17
VisualStudioVersion = 17.0.31903.59
MinimumVisualStudioVersion = 10.0.40219.1
Project("{2150E333-8FDC-42A3-9474-1A3956D46DE8}") = "src", "src", "{CC5F3F7A-87BD-4FF1-BD52-080DFA585CD9}"
EndProject
Project("{9A19103F-16F7-4668-BE54-9A1E7A4F7556}") = "Website", "src\Website\Website.csproj", "{A028AD48-5131-492F-B49C-5A4AB6B2C46F}"
EndProject
Global
	GlobalSection(SolutionConfigurationPlatforms) = preSolution
		Debug|Any CPU = Debug|Any CPU
		Release|Any CPU = Release|Any CPU
	EndGlobalSection
	GlobalSection(ProjectConfigurationPlatforms) = postSolution
		{A028AD48-5131-492F-B49C-5A4AB6B2C46F}.Debug|Any CPU.ActiveCfg = Debug|Any CPU
		{A028AD48-5131-492F-B49C-5A4AB6B2C46F}.Debug|Any CPU.Build.0 = Debug|Any CPU
		{A028AD48-5131-492F-B49C-5A4AB6B2C46F}.Release|Any CPU.ActiveCfg = Release|Any CPU
		{A028AD48-5131-492F-B49C-5A4AB6B2C46F}.Release|Any CPU.Build.0 = Release|Any CPU
	EndGlobalSection
	GlobalSection(SolutionProperties) = preSolution
		HideSolutionNode = FALSE
	EndGlobalSection
	GlobalSection(NestedProjects) = preSolution
		{A028AD48-5131-492F-B49C-5A4AB6B2C46F} = {CC5F3F7A-87BD-4FF1-BD52-080DFA585CD9}
	EndGlobalSection
	GlobalSection(ExtensibilityGlobals) = postSolution
		SolutionGuid = {8AE43367-0C3E-41C7-847D-C02079428F7A}
	EndGlobalSection
EndGlobal
